// !$*UTF8*$!
{
	archiveVersion = 1;
	classes = {
	};
	objectVersion = 46;
	objects = {

/* Begin PBXBuildFile section */
		4F08148A173DEC90007092C4 /* CameraPicker.m in Sources */ = {isa = PBXBuildFile; fileRef = 4F081489173DEC90007092C4 /* CameraPicker.m */; };
		4F08148B173DEC90007092C4 /* CameraPicker.m in Sources */ = {isa = PBXBuildFile; fileRef = 4F081489173DEC90007092C4 /* CameraPicker.m */; };
		4F0FED0A169B6FA700C04ADC /* SenTestingKit.framework in Frameworks */ = {isa = PBXBuildFile; fileRef = 4F0FED09169B6FA700C04ADC /* SenTestingKit.framework */; };
		4F0FED0B169B6FA700C04ADC /* UIKit.framework in Frameworks */ = {isa = PBXBuildFile; fileRef = 4FD48DA1154AC95D007880C2 /* UIKit.framework */; };
		4F0FED0C169B6FA700C04ADC /* Foundation.framework in Frameworks */ = {isa = PBXBuildFile; fileRef = 4FD48DA3154AC95D007880C2 /* Foundation.framework */; };
		4F0FED12169B6FA700C04ADC /* InfoPlist.strings in Resources */ = {isa = PBXBuildFile; fileRef = 4F0FED10169B6FA700C04ADC /* InfoPlist.strings */; };
		4F0FED15169B6FA700C04ADC /* Lecture_Capture_Test.m in Sources */ = {isa = PBXBuildFile; fileRef = 4F0FED14169B6FA700C04ADC /* Lecture_Capture_Test.m */; };
		4F0FED1B169B6FBC00C04ADC /* RecorderViewController.m in Sources */ = {isa = PBXBuildFile; fileRef = 4F4545511635F14D0091F335 /* RecorderViewController.m */; };
		4F0FED1C169B6FC000C04ADC /* ScreenCaptureView.m in Sources */ = {isa = PBXBuildFile; fileRef = 4F4545531635F14D0091F335 /* ScreenCaptureView.m */; };
		4F0FED1D169B6FC300C04ADC /* ScreenView.m in Sources */ = {isa = PBXBuildFile; fileRef = 4F4545551635F14D0091F335 /* ScreenView.m */; };
		4F0FED1E169B6FC700C04ADC /* PaintView.m in Sources */ = {isa = PBXBuildFile; fileRef = 4F45455A1635F16D0091F335 /* PaintView.m */; };
		4F0FED1F169B700D00C04ADC /* CoreGraphics.framework in Frameworks */ = {isa = PBXBuildFile; fileRef = 4FD48DA5154AC95D007880C2 /* CoreGraphics.framework */; };
		4F0FED20169B701300C04ADC /* MobileCoreServices.framework in Frameworks */ = {isa = PBXBuildFile; fileRef = 4FD48E2A154B2228007880C2 /* MobileCoreServices.framework */; };
		4F0FED21169B701600C04ADC /* AssetsLibrary.framework in Frameworks */ = {isa = PBXBuildFile; fileRef = 4FD48E2C154B22AF007880C2 /* AssetsLibrary.framework */; };
		4F0FED22169B701900C04ADC /* CoreMedia.framework in Frameworks */ = {isa = PBXBuildFile; fileRef = 4FD48E30154B22E3007880C2 /* CoreMedia.framework */; };
		4F0FED23169B701B00C04ADC /* AVFoundation.framework in Frameworks */ = {isa = PBXBuildFile; fileRef = 4FD48E2E154B22B5007880C2 /* AVFoundation.framework */; };
		4F0FED24169B701F00C04ADC /* CoreVideo.framework in Frameworks */ = {isa = PBXBuildFile; fileRef = 4FD48E32154B22EE007880C2 /* CoreVideo.framework */; };
		4F0FED25169B702500C04ADC /* SystemConfiguration.framework in Frameworks */ = {isa = PBXBuildFile; fileRef = 4FA7279C155B0E18002A2F1D /* SystemConfiguration.framework */; };
		4F0FED26169B702700C04ADC /* CFNetwork.framework in Frameworks */ = {isa = PBXBuildFile; fileRef = 4FA7279E155B0E20002A2F1D /* CFNetwork.framework */; };
		4F0FED27169B702A00C04ADC /* MessageUI.framework in Frameworks */ = {isa = PBXBuildFile; fileRef = 82BD7A58155FBB3400C38637 /* MessageUI.framework */; };
		4F0FED28169B702C00C04ADC /* CoreData.framework in Frameworks */ = {isa = PBXBuildFile; fileRef = 4FD48DD5154AF0A8007880C2 /* CoreData.framework */; };
		4F0FED29169B702F00C04ADC /* Security.framework in Frameworks */ = {isa = PBXBuildFile; fileRef = 4FA72769155B02F6002A2F1D /* Security.framework */; };
		4F0FED2A169B703200C04ADC /* iAd.framework in Frameworks */ = {isa = PBXBuildFile; fileRef = 4F1D995315647BBA002D8F6C /* iAd.framework */; };
		4F0FED2B169B70F300C04ADC /* AudioRecorder.m in Sources */ = {isa = PBXBuildFile; fileRef = 4F45455D1635F1790091F335 /* AudioRecorder.m */; };
		4F0FED2C169B70F500C04ADC /* ViewController.m in Sources */ = {isa = PBXBuildFile; fileRef = 4F45454E1635F12B0091F335 /* ViewController.m */; };
		4F0FED2D169B710300C04ADC /* ASIDataCompressor.m in Sources */ = {isa = PBXBuildFile; fileRef = 826B688E1682EB9500C1ADD2 /* ASIDataCompressor.m */; settings = {COMPILER_FLAGS = "-fno-objc-arc"; }; };
		4F0FED2E169B710500C04ADC /* ASIDataDecompressor.m in Sources */ = {isa = PBXBuildFile; fileRef = 826B68901682EB9500C1ADD2 /* ASIDataDecompressor.m */; settings = {COMPILER_FLAGS = "-fno-objc-arc"; }; };
		4F0FED2F169B710900C04ADC /* UIColor+GetHSB.m in Sources */ = {isa = PBXBuildFile; fileRef = 4FDAC3E815A2004D003D1B16 /* UIColor+GetHSB.m */; };
		4F0FED30169B710B00C04ADC /* ILColorPickerDualExampleController.m in Sources */ = {isa = PBXBuildFile; fileRef = 4FDAC3D615A1FFB5003D1B16 /* ILColorPickerDualExampleController.m */; };
		4F0FED31169B711000C04ADC /* CaptureSessionManager.m in Sources */ = {isa = PBXBuildFile; fileRef = 82EE270916421275008F99AE /* CaptureSessionManager.m */; };
		4F0FED32169B711400C04ADC /* AVCaptureHelper.m in Sources */ = {isa = PBXBuildFile; fileRef = 4FC62AA216419A00001C2B39 /* AVCaptureHelper.m */; };
		4F0FED33169B711600C04ADC /* VideoPreview.m in Sources */ = {isa = PBXBuildFile; fileRef = 82EE2720164360F7008F99AE /* VideoPreview.m */; };
		4F0FED34169B711E00C04ADC /* Manager.m in Sources */ = {isa = PBXBuildFile; fileRef = 4FA727D91563EC5C002A2F1D /* Manager.m */; };
		4F0FED35169B712100C04ADC /* LoginRegisterViewController.m in Sources */ = {isa = PBXBuildFile; fileRef = 4F4545601635F1890091F335 /* LoginRegisterViewController.m */; };
		4F0FED36169B712400C04ADC /* InfoViewController.m in Sources */ = {isa = PBXBuildFile; fileRef = 4FA72776155B0834002A2F1D /* InfoViewController.m */; };
		4F0FED37169B712900C04ADC /* Video.m in Sources */ = {isa = PBXBuildFile; fileRef = 4FA727A4155B4FF0002A2F1D /* Video.m */; };
		4F0FED38169B712C00C04ADC /* NSString+MD5Addition.m in Sources */ = {isa = PBXBuildFile; fileRef = 4FA7276C155B04E8002A2F1D /* NSString+MD5Addition.m */; };
		4F0FED39169B712E00C04ADC /* UIDevice+IdentifierAddition.m in Sources */ = {isa = PBXBuildFile; fileRef = 4FA7276E155B04E8002A2F1D /* UIDevice+IdentifierAddition.m */; };
		4F0FED3A169B713500C04ADC /* UIImage+Alpha.m in Sources */ = {isa = PBXBuildFile; fileRef = 4F8ADEBF15D2E84000C1E8B6 /* UIImage+Alpha.m */; };
		4F0FED3B169B713700C04ADC /* UIImage+RoundedCorner.m in Sources */ = {isa = PBXBuildFile; fileRef = 4F8ADEC015D2E84000C1E8B6 /* UIImage+RoundedCorner.m */; };
		4F0FED3C169B713C00C04ADC /* UIImage+Resize.m in Sources */ = {isa = PBXBuildFile; fileRef = 4F8ADEBC15D2CEB100C1E8B6 /* UIImage+Resize.m */; };
		4F0FED3D169B713E00C04ADC /* Utilities.m in Sources */ = {isa = PBXBuildFile; fileRef = 4F8ADEBA15D2A19100C1E8B6 /* Utilities.m */; };
		4F0FED3E169B714900C04ADC /* AppDelegate.m in Sources */ = {isa = PBXBuildFile; fileRef = 4F45454B1635F1040091F335 /* AppDelegate.m */; };
		4F0FED3F169B71A400C04ADC /* libz.1.2.5.dylib in Frameworks */ = {isa = PBXBuildFile; fileRef = 4FA7279A155B0DFB002A2F1D /* libz.1.2.5.dylib */; };
		4F0FED40169B71FF00C04ADC /* ILView.m in Sources */ = {isa = PBXBuildFile; fileRef = 4FDAC3DB15A20020003D1B16 /* ILView.m */; settings = {COMPILER_FLAGS = "-fno-objc-arc"; }; };
		4F0FED41169B720100C04ADC /* ILSaturationBrightnessPickerView.m in Sources */ = {isa = PBXBuildFile; fileRef = 4FDAC3DD15A20020003D1B16 /* ILSaturationBrightnessPickerView.m */; settings = {COMPILER_FLAGS = "-fno-objc-arc"; }; };
		4F0FED42169B720300C04ADC /* ILHuePickerView.m in Sources */ = {isa = PBXBuildFile; fileRef = 4FDAC3DF15A20020003D1B16 /* ILHuePickerView.m */; settings = {COMPILER_FLAGS = "-fno-objc-arc"; }; };
		4F0FED43169B720600C04ADC /* ILColorPickerView.m in Sources */ = {isa = PBXBuildFile; fileRef = 4FDAC3E115A20020003D1B16 /* ILColorPickerView.m */; settings = {COMPILER_FLAGS = "-fno-objc-arc"; }; };
		4F0FED45169B721D00C04ADC /* Reachability.m in Sources */ = {isa = PBXBuildFile; fileRef = 4FA7277E155B0D91002A2F1D /* Reachability.m */; settings = {COMPILER_FLAGS = "-fno-objc-arc"; }; };
		4F0FED46169B722000C04ADC /* ASIAuthenticationDialog.m in Sources */ = {isa = PBXBuildFile; fileRef = 4FA72780155B0D91002A2F1D /* ASIAuthenticationDialog.m */; settings = {COMPILER_FLAGS = "-fno-objc-arc"; }; };
		4F0FED47169B722200C04ADC /* ASIFormDataRequest.m in Sources */ = {isa = PBXBuildFile; fileRef = 4FA72787155B0D91002A2F1D /* ASIFormDataRequest.m */; settings = {COMPILER_FLAGS = "-fno-objc-arc"; }; };
		4F0FED48169B722500C04ADC /* ASIHTTPRequest.m in Sources */ = {isa = PBXBuildFile; fileRef = 4FA72789155B0D91002A2F1D /* ASIHTTPRequest.m */; settings = {COMPILER_FLAGS = "-fno-objc-arc"; }; };
		4F0FED49169B728700C04ADC /* ASIInputStream.m in Sources */ = {isa = PBXBuildFile; fileRef = 4FA7278D155B0D91002A2F1D /* ASIInputStream.m */; settings = {COMPILER_FLAGS = "-fno-objc-arc"; }; };
		4F0FED52169CD2D300C04ADC /* controlsButtonBack.png in Resources */ = {isa = PBXBuildFile; fileRef = 4F0FED51169CD2D300C04ADC /* controlsButtonBack.png */; };
		4F0FED58169CD50500C04ADC /* recordButton.png in Resources */ = {isa = PBXBuildFile; fileRef = 4F0FED57169CD50500C04ADC /* recordButton.png */; };
		4F0FED5A169CD86800C04ADC /* pauseButton.png in Resources */ = {isa = PBXBuildFile; fileRef = 4F0FED59169CD86800C04ADC /* pauseButton.png */; };
		4F0FED5C169CD95200C04ADC /* doneButton.png in Resources */ = {isa = PBXBuildFile; fileRef = 4F0FED5B169CD95200C04ADC /* doneButton.png */; };
		4F0FED66169DB02200C04ADC /* MediaPlayer.framework in Frameworks */ = {isa = PBXBuildFile; fileRef = 4F0FED65169DB02200C04ADC /* MediaPlayer.framework */; };
		4F18C640173C232C009FD464 /* NewModel.xcdatamodeld in Sources */ = {isa = PBXBuildFile; fileRef = 4F18C63D173C232B009FD464 /* NewModel.xcdatamodeld */; };
		4F1D995215640872002D8F6C /* Manager.m in Sources */ = {isa = PBXBuildFile; fileRef = 4FA727D91563EC5C002A2F1D /* Manager.m */; };
		4F1D995415647BBA002D8F6C /* iAd.framework in Frameworks */ = {isa = PBXBuildFile; fileRef = 4F1D995315647BBA002D8F6C /* iAd.framework */; };
		4F2C34E0166FFF1500EC0A88 /* graphpaper.png in Resources */ = {isa = PBXBuildFile; fileRef = 4F2C34DE166FFF1500EC0A88 /* graphpaper.png */; };
		4F2C34E1166FFF1500EC0A88 /* linepaper.png in Resources */ = {isa = PBXBuildFile; fileRef = 4F2C34DF166FFF1500EC0A88 /* linepaper.png */; };
		4F45454C1635F1040091F335 /* AppDelegate.m in Sources */ = {isa = PBXBuildFile; fileRef = 4F45454B1635F1040091F335 /* AppDelegate.m */; };
		4F45454F1635F12B0091F335 /* ViewController.m in Sources */ = {isa = PBXBuildFile; fileRef = 4F45454E1635F12B0091F335 /* ViewController.m */; };
		4F4545561635F14D0091F335 /* RecorderViewController.m in Sources */ = {isa = PBXBuildFile; fileRef = 4F4545511635F14D0091F335 /* RecorderViewController.m */; };
		4F4545571635F14D0091F335 /* ScreenCaptureView.m in Sources */ = {isa = PBXBuildFile; fileRef = 4F4545531635F14D0091F335 /* ScreenCaptureView.m */; };
		4F4545581635F14D0091F335 /* ScreenView.m in Sources */ = {isa = PBXBuildFile; fileRef = 4F4545551635F14D0091F335 /* ScreenView.m */; };
		4F45455B1635F16D0091F335 /* PaintView.m in Sources */ = {isa = PBXBuildFile; fileRef = 4F45455A1635F16D0091F335 /* PaintView.m */; };
		4F45455E1635F1790091F335 /* AudioRecorder.m in Sources */ = {isa = PBXBuildFile; fileRef = 4F45455D1635F1790091F335 /* AudioRecorder.m */; };
		4F4545611635F1890091F335 /* LoginRegisterViewController.m in Sources */ = {isa = PBXBuildFile; fileRef = 4F4545601635F1890091F335 /* LoginRegisterViewController.m */; };
		4F4545641635F23C0091F335 /* InfoPlist.strings in Resources */ = {isa = PBXBuildFile; fileRef = 4F4545621635F23C0091F335 /* InfoPlist.strings */; };
		4F4545671635F2580091F335 /* MainStoryboard.storyboard in Resources */ = {isa = PBXBuildFile; fileRef = 4F4545651635F2580091F335 /* MainStoryboard.storyboard */; };
		4F45456B1635F27C0091F335 /* buttonBack.png in Resources */ = {isa = PBXBuildFile; fileRef = 4F45456A1635F27C0091F335 /* buttonBack.png */; };
		4F6C49D915532B80000A3F03 /* video.png in Resources */ = {isa = PBXBuildFile; fileRef = 4F6C49D815532B80000A3F03 /* video.png */; };
		4F6C49E115583174000A3F03 /* Default-Landscape~ipad.png in Resources */ = {isa = PBXBuildFile; fileRef = 4F6C49E015583174000A3F03 /* Default-Landscape~ipad.png */; };
		4F8ADEBB15D2A19100C1E8B6 /* Utilities.m in Sources */ = {isa = PBXBuildFile; fileRef = 4F8ADEBA15D2A19100C1E8B6 /* Utilities.m */; };
		4F8ADEBE15D2E73D00C1E8B6 /* UIImage+Resize.m in Sources */ = {isa = PBXBuildFile; fileRef = 4F8ADEBC15D2CEB100C1E8B6 /* UIImage+Resize.m */; };
		4F8ADEC315D2E84000C1E8B6 /* UIImage+Alpha.m in Sources */ = {isa = PBXBuildFile; fileRef = 4F8ADEBF15D2E84000C1E8B6 /* UIImage+Alpha.m */; };
		4F8ADEC415D2E84000C1E8B6 /* UIImage+RoundedCorner.m in Sources */ = {isa = PBXBuildFile; fileRef = 4F8ADEC015D2E84000C1E8B6 /* UIImage+RoundedCorner.m */; };
		4FA7276A155B02F6002A2F1D /* Security.framework in Frameworks */ = {isa = PBXBuildFile; fileRef = 4FA72769155B02F6002A2F1D /* Security.framework */; };
		4FA7276F155B04E8002A2F1D /* NSString+MD5Addition.m in Sources */ = {isa = PBXBuildFile; fileRef = 4FA7276C155B04E8002A2F1D /* NSString+MD5Addition.m */; };
		4FA72770155B04E8002A2F1D /* UIDevice+IdentifierAddition.m in Sources */ = {isa = PBXBuildFile; fileRef = 4FA7276E155B04E8002A2F1D /* UIDevice+IdentifierAddition.m */; };
		4FA72777155B0834002A2F1D /* InfoViewController.m in Sources */ = {isa = PBXBuildFile; fileRef = 4FA72776155B0834002A2F1D /* InfoViewController.m */; };
		4FA72791155B0D91002A2F1D /* Reachability.m in Sources */ = {isa = PBXBuildFile; fileRef = 4FA7277E155B0D91002A2F1D /* Reachability.m */; settings = {COMPILER_FLAGS = "-fno-objc-arc"; }; };
		4FA72792155B0D91002A2F1D /* ASIAuthenticationDialog.m in Sources */ = {isa = PBXBuildFile; fileRef = 4FA72780155B0D91002A2F1D /* ASIAuthenticationDialog.m */; settings = {COMPILER_FLAGS = "-fno-objc-arc"; }; };
		4FA72795155B0D91002A2F1D /* ASIFormDataRequest.m in Sources */ = {isa = PBXBuildFile; fileRef = 4FA72787155B0D91002A2F1D /* ASIFormDataRequest.m */; settings = {COMPILER_FLAGS = "-fno-objc-arc"; }; };
		4FA72796155B0D91002A2F1D /* ASIHTTPRequest.m in Sources */ = {isa = PBXBuildFile; fileRef = 4FA72789155B0D91002A2F1D /* ASIHTTPRequest.m */; settings = {COMPILER_FLAGS = "-fno-objc-arc"; }; };
		4FA72797155B0D91002A2F1D /* ASIInputStream.m in Sources */ = {isa = PBXBuildFile; fileRef = 4FA7278D155B0D91002A2F1D /* ASIInputStream.m */; settings = {COMPILER_FLAGS = "-fno-objc-arc"; }; };
		4FA72798155B0D91002A2F1D /* ASINetworkQueue.m in Sources */ = {isa = PBXBuildFile; fileRef = 4FA7278F155B0D91002A2F1D /* ASINetworkQueue.m */; settings = {COMPILER_FLAGS = "-fno-objc-arc"; }; };
		4FA7279B155B0DFB002A2F1D /* libz.1.2.5.dylib in Frameworks */ = {isa = PBXBuildFile; fileRef = 4FA7279A155B0DFB002A2F1D /* libz.1.2.5.dylib */; };
		4FA7279D155B0E18002A2F1D /* SystemConfiguration.framework in Frameworks */ = {isa = PBXBuildFile; fileRef = 4FA7279C155B0E18002A2F1D /* SystemConfiguration.framework */; };
		4FA7279F155B0E20002A2F1D /* CFNetwork.framework in Frameworks */ = {isa = PBXBuildFile; fileRef = 4FA7279E155B0E20002A2F1D /* CFNetwork.framework */; };
		4FA727A5155B4FF0002A2F1D /* Video.m in Sources */ = {isa = PBXBuildFile; fileRef = 4FA727A4155B4FF0002A2F1D /* Video.m */; };
		4FC62AA316419D19001C2B39 /* AVCaptureHelper.m in Sources */ = {isa = PBXBuildFile; fileRef = 4FC62AA216419A00001C2B39 /* AVCaptureHelper.m */; };
		4FD48DA2154AC95D007880C2 /* UIKit.framework in Frameworks */ = {isa = PBXBuildFile; fileRef = 4FD48DA1154AC95D007880C2 /* UIKit.framework */; };
		4FD48DA4154AC95D007880C2 /* Foundation.framework in Frameworks */ = {isa = PBXBuildFile; fileRef = 4FD48DA3154AC95D007880C2 /* Foundation.framework */; };
		4FD48DA6154AC95D007880C2 /* CoreGraphics.framework in Frameworks */ = {isa = PBXBuildFile; fileRef = 4FD48DA5154AC95D007880C2 /* CoreGraphics.framework */; };
		4FD48DAE154AC95D007880C2 /* main.m in Sources */ = {isa = PBXBuildFile; fileRef = 4FD48DAD154AC95D007880C2 /* main.m */; };
		4FD48DD6154AF0A8007880C2 /* CoreData.framework in Frameworks */ = {isa = PBXBuildFile; fileRef = 4FD48DD5154AF0A8007880C2 /* CoreData.framework */; };
		4FD48E2B154B2228007880C2 /* MobileCoreServices.framework in Frameworks */ = {isa = PBXBuildFile; fileRef = 4FD48E2A154B2228007880C2 /* MobileCoreServices.framework */; };
		4FD48E2D154B22AF007880C2 /* AssetsLibrary.framework in Frameworks */ = {isa = PBXBuildFile; fileRef = 4FD48E2C154B22AF007880C2 /* AssetsLibrary.framework */; };
		4FD48E2F154B22B5007880C2 /* AVFoundation.framework in Frameworks */ = {isa = PBXBuildFile; fileRef = 4FD48E2E154B22B5007880C2 /* AVFoundation.framework */; };
		4FD48E31154B22E3007880C2 /* CoreMedia.framework in Frameworks */ = {isa = PBXBuildFile; fileRef = 4FD48E30154B22E3007880C2 /* CoreMedia.framework */; };
		4FD48E33154B22EE007880C2 /* CoreVideo.framework in Frameworks */ = {isa = PBXBuildFile; fileRef = 4FD48E32154B22EE007880C2 /* CoreVideo.framework */; };
		4FDAC3D815A1FFB5003D1B16 /* ILColorPickerDualExampleController.m in Sources */ = {isa = PBXBuildFile; fileRef = 4FDAC3D615A1FFB5003D1B16 /* ILColorPickerDualExampleController.m */; settings = {COMPILER_FLAGS = "-fno-objc-arc"; }; };
		4FDAC3D915A1FFB5003D1B16 /* ILColorPickerDualExampleController.xib in Resources */ = {isa = PBXBuildFile; fileRef = 4FDAC3D715A1FFB5003D1B16 /* ILColorPickerDualExampleController.xib */; };
		4FDAC3E215A20020003D1B16 /* ILView.m in Sources */ = {isa = PBXBuildFile; fileRef = 4FDAC3DB15A20020003D1B16 /* ILView.m */; settings = {COMPILER_FLAGS = "-fno-objc-arc"; }; };
		4FDAC3E315A20020003D1B16 /* ILSaturationBrightnessPickerView.m in Sources */ = {isa = PBXBuildFile; fileRef = 4FDAC3DD15A20020003D1B16 /* ILSaturationBrightnessPickerView.m */; settings = {COMPILER_FLAGS = "-fno-objc-arc"; }; };
		4FDAC3E415A20020003D1B16 /* ILHuePickerView.m in Sources */ = {isa = PBXBuildFile; fileRef = 4FDAC3DF15A20020003D1B16 /* ILHuePickerView.m */; settings = {COMPILER_FLAGS = "-fno-objc-arc"; }; };
		4FDAC3E515A20020003D1B16 /* ILColorPickerView.m in Sources */ = {isa = PBXBuildFile; fileRef = 4FDAC3E115A20020003D1B16 /* ILColorPickerView.m */; settings = {COMPILER_FLAGS = "-fno-objc-arc"; }; };
		4FDAC3E915A2004D003D1B16 /* UIColor+GetHSB.m in Sources */ = {isa = PBXBuildFile; fileRef = 4FDAC3E815A2004D003D1B16 /* UIColor+GetHSB.m */; settings = {COMPILER_FLAGS = "-fno-objc-arc"; }; };
		4FFF477515D553EE0047ED11 /* LectureCapturePDF.pdf in Resources */ = {isa = PBXBuildFile; fileRef = 4FFF477415D553EE0047ED11 /* LectureCapturePDF.pdf */; };
		820FE61B165108A4004B484E /* camera.png in Resources */ = {isa = PBXBuildFile; fileRef = 820FE61A165108A4004B484E /* camera.png */; };
		820FE61E165109A3004B484E /* screen.png in Resources */ = {isa = PBXBuildFile; fileRef = 820FE61D165109A3004B484E /* screen.png */; };
		820FE62016510B4A004B484E /* video_24.png in Resources */ = {isa = PBXBuildFile; fileRef = 820FE61F16510B4A004B484E /* video_24.png */; };
		820FE62216510C9A004B484E /* man_24.png in Resources */ = {isa = PBXBuildFile; fileRef = 820FE62116510C9A004B484E /* man_24.png */; };
		820FE62416510F52004B484E /* cancel_24.png in Resources */ = {isa = PBXBuildFile; fileRef = 820FE62316510F52004B484E /* cancel_24.png */; };
		820FE6261651115B004B484E /* font_24.png in Resources */ = {isa = PBXBuildFile; fileRef = 820FE6251651115B004B484E /* font_24.png */; };
		820FE62816511212004B484E /* illus.png in Resources */ = {isa = PBXBuildFile; fileRef = 820FE62716511212004B484E /* illus.png */; };
		820FE62A165126EA004B484E /* delete_24.png in Resources */ = {isa = PBXBuildFile; fileRef = 820FE629165126EA004B484E /* delete_24.png */; };
		821230FC1561B27400D62E58 /* recorder512.png in Resources */ = {isa = PBXBuildFile; fileRef = 821230FB1561B27400D62E58 /* recorder512.png */; };
		8212310315620E1D00D62E58 /* recorder72.png in Resources */ = {isa = PBXBuildFile; fileRef = 8212310215620E1D00D62E58 /* recorder72.png */; };
		8212310615620EEF00D62E58 /* screencapture 72.png in Resources */ = {isa = PBXBuildFile; fileRef = 8212310415620EEF00D62E58 /* screencapture 72.png */; };
		8212310715620EEF00D62E58 /* screencapture 144.png in Resources */ = {isa = PBXBuildFile; fileRef = 8212310515620EEF00D62E58 /* screencapture 144.png */; };
		821231091562111E00D62E58 /* recorder144.png in Resources */ = {isa = PBXBuildFile; fileRef = 821231081562111E00D62E58 /* recorder144.png */; };
		82498DBA16449E0100265D0E /* Eraser-icon.png in Resources */ = {isa = PBXBuildFile; fileRef = 82498DB916449E0100265D0E /* Eraser-icon.png */; };
		82498DBD16449F8700265D0E /* eraserSelected.png in Resources */ = {isa = PBXBuildFile; fileRef = 82498DBC16449F8700265D0E /* eraserSelected.png */; };
		82498DBF1644A15200265D0E /* buttonBackBlack.png in Resources */ = {isa = PBXBuildFile; fileRef = 82498DBE1644A15200265D0E /* buttonBackBlack.png */; };
		82498DC11644C78A00265D0E /* buttonBackRed.png in Resources */ = {isa = PBXBuildFile; fileRef = 82498DC01644C78A00265D0E /* buttonBackRed.png */; };
		826B68911682EB9500C1ADD2 /* ASIDataCompressor.m in Sources */ = {isa = PBXBuildFile; fileRef = 826B688E1682EB9500C1ADD2 /* ASIDataCompressor.m */; settings = {COMPILER_FLAGS = "-fno-objc-arc"; }; };
		826B68921682EB9500C1ADD2 /* ASIDataDecompressor.m in Sources */ = {isa = PBXBuildFile; fileRef = 826B68901682EB9500C1ADD2 /* ASIDataDecompressor.m */; settings = {COMPILER_FLAGS = "-fno-objc-arc"; }; };
		82BD7A59155FBB3400C38637 /* MessageUI.framework in Frameworks */ = {isa = PBXBuildFile; fileRef = 82BD7A58155FBB3400C38637 /* MessageUI.framework */; };
		82EE270A16421275008F99AE /* CaptureSessionManager.m in Sources */ = {isa = PBXBuildFile; fileRef = 82EE270916421275008F99AE /* CaptureSessionManager.m */; };
		82EE271D16435DF0008F99AE /* resizeBtn.png in Resources */ = {isa = PBXBuildFile; fileRef = 82EE271C16435DF0008F99AE /* resizeBtn.png */; };
		82EE2721164360F7008F99AE /* VideoPreview.m in Sources */ = {isa = PBXBuildFile; fileRef = 82EE2720164360F7008F99AE /* VideoPreview.m */; };
/* End PBXBuildFile section */

/* Begin PBXContainerItemProxy section */
		4F0FED4A169B72F600C04ADC /* PBXContainerItemProxy */ = {
			isa = PBXContainerItemProxy;
			containerPortal = 4FD48D94154AC95D007880C2 /* Project object */;
			proxyType = 1;
			remoteGlobalIDString = 4FD48D9C154AC95D007880C2;
			remoteInfo = "Lecture Capture";
		};
/* End PBXContainerItemProxy section */

/* Begin PBXFileReference section */
		4F081488173DEC90007092C4 /* CameraPicker.h */ = {isa = PBXFileReference; fileEncoding = 4; lastKnownFileType = sourcecode.c.h; path = CameraPicker.h; sourceTree = "<group>"; };
		4F081489173DEC90007092C4 /* CameraPicker.m */ = {isa = PBXFileReference; fileEncoding = 4; lastKnownFileType = sourcecode.c.objc; path = CameraPicker.m; sourceTree = "<group>"; };
		4F0FED08169B6FA700C04ADC /* Lecture Capture Test.octest */ = {isa = PBXFileReference; explicitFileType = wrapper.cfbundle; includeInIndex = 0; path = "Lecture Capture Test.octest"; sourceTree = BUILT_PRODUCTS_DIR; };
		4F0FED09169B6FA700C04ADC /* SenTestingKit.framework */ = {isa = PBXFileReference; lastKnownFileType = wrapper.framework; name = SenTestingKit.framework; path = Library/Frameworks/SenTestingKit.framework; sourceTree = DEVELOPER_DIR; };
		4F0FED0F169B6FA700C04ADC /* Lecture Capture Test-Info.plist */ = {isa = PBXFileReference; lastKnownFileType = text.plist.xml; path = "Lecture Capture Test-Info.plist"; sourceTree = "<group>"; };
		4F0FED11169B6FA700C04ADC /* en */ = {isa = PBXFileReference; lastKnownFileType = text.plist.strings; name = en; path = en.lproj/InfoPlist.strings; sourceTree = "<group>"; };
		4F0FED13169B6FA700C04ADC /* Lecture_Capture_Test.h */ = {isa = PBXFileReference; lastKnownFileType = sourcecode.c.h; path = Lecture_Capture_Test.h; sourceTree = "<group>"; };
		4F0FED14169B6FA700C04ADC /* Lecture_Capture_Test.m */ = {isa = PBXFileReference; lastKnownFileType = sourcecode.c.objc; path = Lecture_Capture_Test.m; sourceTree = "<group>"; };
		4F0FED16169B6FA700C04ADC /* Lecture Capture Test-Prefix.pch */ = {isa = PBXFileReference; lastKnownFileType = sourcecode.c.h; path = "Lecture Capture Test-Prefix.pch"; sourceTree = "<group>"; };
		4F0FED51169CD2D300C04ADC /* controlsButtonBack.png */ = {isa = PBXFileReference; lastKnownFileType = image.png; path = controlsButtonBack.png; sourceTree = "<group>"; };
		4F0FED57169CD50500C04ADC /* recordButton.png */ = {isa = PBXFileReference; lastKnownFileType = image.png; path = recordButton.png; sourceTree = "<group>"; };
		4F0FED59169CD86800C04ADC /* pauseButton.png */ = {isa = PBXFileReference; lastKnownFileType = image.png; path = pauseButton.png; sourceTree = "<group>"; };
		4F0FED5B169CD95200C04ADC /* doneButton.png */ = {isa = PBXFileReference; lastKnownFileType = image.png; path = doneButton.png; sourceTree = "<group>"; };
		4F0FED65169DB02200C04ADC /* MediaPlayer.framework */ = {isa = PBXFileReference; lastKnownFileType = wrapper.framework; name = MediaPlayer.framework; path = System/Library/Frameworks/MediaPlayer.framework; sourceTree = SDKROOT; };
		4F18C63E173C232C009FD464 /* NewModel.xcdatamodel */ = {isa = PBXFileReference; lastKnownFileType = wrapper.xcdatamodel; path = NewModel.xcdatamodel; sourceTree = "<group>"; };
		4F18C63F173C232C009FD464 /* Model.xcdatamodel */ = {isa = PBXFileReference; lastKnownFileType = wrapper.xcdatamodel; path = Model.xcdatamodel; sourceTree = "<group>"; };
		4F1D995315647BBA002D8F6C /* iAd.framework */ = {isa = PBXFileReference; lastKnownFileType = wrapper.framework; name = iAd.framework; path = System/Library/Frameworks/iAd.framework; sourceTree = SDKROOT; };
		4F2C34DE166FFF1500EC0A88 /* graphpaper.png */ = {isa = PBXFileReference; lastKnownFileType = image.png; path = graphpaper.png; sourceTree = "<group>"; };
		4F2C34DF166FFF1500EC0A88 /* linepaper.png */ = {isa = PBXFileReference; lastKnownFileType = image.png; path = linepaper.png; sourceTree = "<group>"; };
		4F4545491635F0EA0091F335 /* AppDelegate.h */ = {isa = PBXFileReference; fileEncoding = 4; lastKnownFileType = sourcecode.c.h; path = AppDelegate.h; sourceTree = "<group>"; };
		4F45454B1635F1040091F335 /* AppDelegate.m */ = {isa = PBXFileReference; fileEncoding = 4; lastKnownFileType = sourcecode.c.objc; path = AppDelegate.m; sourceTree = "<group>"; };
		4F45454D1635F12B0091F335 /* ViewController.h */ = {isa = PBXFileReference; fileEncoding = 4; lastKnownFileType = sourcecode.c.h; path = ViewController.h; sourceTree = "<group>"; };
		4F45454E1635F12B0091F335 /* ViewController.m */ = {isa = PBXFileReference; fileEncoding = 4; lastKnownFileType = sourcecode.c.objc; path = ViewController.m; sourceTree = "<group>"; };
		4F4545501635F14D0091F335 /* RecorderViewController.h */ = {isa = PBXFileReference; fileEncoding = 4; lastKnownFileType = sourcecode.c.h; path = RecorderViewController.h; sourceTree = "<group>"; };
		4F4545511635F14D0091F335 /* RecorderViewController.m */ = {isa = PBXFileReference; fileEncoding = 4; lastKnownFileType = sourcecode.c.objc; path = RecorderViewController.m; sourceTree = "<group>"; };
		4F4545521635F14D0091F335 /* ScreenCaptureView.h */ = {isa = PBXFileReference; fileEncoding = 4; lastKnownFileType = sourcecode.c.h; path = ScreenCaptureView.h; sourceTree = "<group>"; };
		4F4545531635F14D0091F335 /* ScreenCaptureView.m */ = {isa = PBXFileReference; fileEncoding = 4; lastKnownFileType = sourcecode.c.objc; path = ScreenCaptureView.m; sourceTree = "<group>"; };
		4F4545541635F14D0091F335 /* ScreenView.h */ = {isa = PBXFileReference; fileEncoding = 4; lastKnownFileType = sourcecode.c.h; path = ScreenView.h; sourceTree = "<group>"; };
		4F4545551635F14D0091F335 /* ScreenView.m */ = {isa = PBXFileReference; fileEncoding = 4; lastKnownFileType = sourcecode.c.objc; path = ScreenView.m; sourceTree = "<group>"; };
		4F4545591635F16D0091F335 /* PaintView.h */ = {isa = PBXFileReference; fileEncoding = 4; lastKnownFileType = sourcecode.c.h; path = PaintView.h; sourceTree = "<group>"; };
		4F45455A1635F16D0091F335 /* PaintView.m */ = {isa = PBXFileReference; fileEncoding = 4; lastKnownFileType = sourcecode.c.objc; path = PaintView.m; sourceTree = "<group>"; };
		4F45455C1635F1790091F335 /* AudioRecorder.h */ = {isa = PBXFileReference; fileEncoding = 4; lastKnownFileType = sourcecode.c.h; path = AudioRecorder.h; sourceTree = "<group>"; };
		4F45455D1635F1790091F335 /* AudioRecorder.m */ = {isa = PBXFileReference; fileEncoding = 4; lastKnownFileType = sourcecode.c.objc; path = AudioRecorder.m; sourceTree = "<group>"; };
		4F45455F1635F1890091F335 /* LoginRegisterViewController.h */ = {isa = PBXFileReference; fileEncoding = 4; lastKnownFileType = sourcecode.c.h; name = LoginRegisterViewController.h; path = Recorder/LoginRegisterViewController.h; sourceTree = "<group>"; };
		4F4545601635F1890091F335 /* LoginRegisterViewController.m */ = {isa = PBXFileReference; fileEncoding = 4; lastKnownFileType = sourcecode.c.objc; name = LoginRegisterViewController.m; path = Recorder/LoginRegisterViewController.m; sourceTree = "<group>"; };
		4F4545631635F23C0091F335 /* en */ = {isa = PBXFileReference; lastKnownFileType = text.plist.strings; name = en; path = en.lproj/InfoPlist.strings; sourceTree = "<group>"; };
		4F4545661635F2580091F335 /* en */ = {isa = PBXFileReference; lastKnownFileType = file.storyboard; name = en; path = en.lproj/MainStoryboard.storyboard; sourceTree = "<group>"; };
		4F45456A1635F27C0091F335 /* buttonBack.png */ = {isa = PBXFileReference; lastKnownFileType = image.png; name = buttonBack.png; path = Recorder/buttonBack.png; sourceTree = "<group>"; };
		4F6C49D815532B80000A3F03 /* video.png */ = {isa = PBXFileReference; lastKnownFileType = image.png; name = video.png; path = Recorder/video.png; sourceTree = "<group>"; };
		4F6C49E015583174000A3F03 /* Default-Landscape~ipad.png */ = {isa = PBXFileReference; lastKnownFileType = image.png; path = "Default-Landscape~ipad.png"; sourceTree = "<group>"; };
		4F8ADEB915D2A19100C1E8B6 /* Utilities.h */ = {isa = PBXFileReference; fileEncoding = 4; lastKnownFileType = sourcecode.c.h; path = Utilities.h; sourceTree = "<group>"; };
		4F8ADEBA15D2A19100C1E8B6 /* Utilities.m */ = {isa = PBXFileReference; fileEncoding = 4; lastKnownFileType = sourcecode.c.objc; path = Utilities.m; sourceTree = "<group>"; };
		4F8ADEBC15D2CEB100C1E8B6 /* UIImage+Resize.m */ = {isa = PBXFileReference; lastKnownFileType = sourcecode.c.objc; path = "UIImage+Resize.m"; sourceTree = "<group>"; };
		4F8ADEBD15D2CEB100C1E8B6 /* UIImage+Resize.h */ = {isa = PBXFileReference; lastKnownFileType = sourcecode.c.h; path = "UIImage+Resize.h"; sourceTree = "<group>"; };
		4F8ADEBF15D2E84000C1E8B6 /* UIImage+Alpha.m */ = {isa = PBXFileReference; fileEncoding = 4; lastKnownFileType = sourcecode.c.objc; path = "UIImage+Alpha.m"; sourceTree = "<group>"; };
		4F8ADEC015D2E84000C1E8B6 /* UIImage+RoundedCorner.m */ = {isa = PBXFileReference; fileEncoding = 4; lastKnownFileType = sourcecode.c.objc; path = "UIImage+RoundedCorner.m"; sourceTree = "<group>"; };
		4F8ADEC115D2E84000C1E8B6 /* UIImage+RoundedCorner.h */ = {isa = PBXFileReference; fileEncoding = 4; lastKnownFileType = sourcecode.c.h; path = "UIImage+RoundedCorner.h"; sourceTree = "<group>"; };
		4F8ADEC215D2E84000C1E8B6 /* UIImage+Alpha.h */ = {isa = PBXFileReference; fileEncoding = 4; lastKnownFileType = sourcecode.c.h; path = "UIImage+Alpha.h"; sourceTree = "<group>"; };
		4FA72769155B02F6002A2F1D /* Security.framework */ = {isa = PBXFileReference; lastKnownFileType = wrapper.framework; name = Security.framework; path = System/Library/Frameworks/Security.framework; sourceTree = SDKROOT; };
		4FA7276B155B04E8002A2F1D /* NSString+MD5Addition.h */ = {isa = PBXFileReference; fileEncoding = 4; lastKnownFileType = sourcecode.c.h; path = "NSString+MD5Addition.h"; sourceTree = "<group>"; };
		4FA7276C155B04E8002A2F1D /* NSString+MD5Addition.m */ = {isa = PBXFileReference; fileEncoding = 4; lastKnownFileType = sourcecode.c.objc; path = "NSString+MD5Addition.m"; sourceTree = "<group>"; };
		4FA7276D155B04E8002A2F1D /* UIDevice+IdentifierAddition.h */ = {isa = PBXFileReference; fileEncoding = 4; lastKnownFileType = sourcecode.c.h; path = "UIDevice+IdentifierAddition.h"; sourceTree = "<group>"; };
		4FA7276E155B04E8002A2F1D /* UIDevice+IdentifierAddition.m */ = {isa = PBXFileReference; fileEncoding = 4; lastKnownFileType = sourcecode.c.objc; path = "UIDevice+IdentifierAddition.m"; sourceTree = "<group>"; };
		4FA72775155B0834002A2F1D /* InfoViewController.h */ = {isa = PBXFileReference; fileEncoding = 4; lastKnownFileType = sourcecode.c.h; path = InfoViewController.h; sourceTree = "<group>"; };
		4FA72776155B0834002A2F1D /* InfoViewController.m */ = {isa = PBXFileReference; fileEncoding = 4; lastKnownFileType = sourcecode.c.objc; path = InfoViewController.m; sourceTree = "<group>"; };
		4FA7277D155B0D91002A2F1D /* Reachability.h */ = {isa = PBXFileReference; fileEncoding = 4; lastKnownFileType = sourcecode.c.h; path = Reachability.h; sourceTree = "<group>"; };
		4FA7277E155B0D91002A2F1D /* Reachability.m */ = {isa = PBXFileReference; fileEncoding = 4; lastKnownFileType = sourcecode.c.objc; path = Reachability.m; sourceTree = "<group>"; };
		4FA7277F155B0D91002A2F1D /* ASIAuthenticationDialog.h */ = {isa = PBXFileReference; fileEncoding = 4; lastKnownFileType = sourcecode.c.h; path = ASIAuthenticationDialog.h; sourceTree = "<group>"; };
		4FA72780155B0D91002A2F1D /* ASIAuthenticationDialog.m */ = {isa = PBXFileReference; fileEncoding = 4; lastKnownFileType = sourcecode.c.objc; path = ASIAuthenticationDialog.m; sourceTree = "<group>"; };
		4FA72781155B0D91002A2F1D /* ASICacheDelegate.h */ = {isa = PBXFileReference; fileEncoding = 4; lastKnownFileType = sourcecode.c.h; path = ASICacheDelegate.h; sourceTree = "<group>"; };
		4FA72786155B0D91002A2F1D /* ASIFormDataRequest.h */ = {isa = PBXFileReference; fileEncoding = 4; lastKnownFileType = sourcecode.c.h; path = ASIFormDataRequest.h; sourceTree = "<group>"; };
		4FA72787155B0D91002A2F1D /* ASIFormDataRequest.m */ = {isa = PBXFileReference; fileEncoding = 4; lastKnownFileType = sourcecode.c.objc; path = ASIFormDataRequest.m; sourceTree = "<group>"; };
		4FA72788155B0D91002A2F1D /* ASIHTTPRequest.h */ = {isa = PBXFileReference; fileEncoding = 4; lastKnownFileType = sourcecode.c.h; path = ASIHTTPRequest.h; sourceTree = "<group>"; };
		4FA72789155B0D91002A2F1D /* ASIHTTPRequest.m */ = {isa = PBXFileReference; fileEncoding = 4; lastKnownFileType = sourcecode.c.objc; path = ASIHTTPRequest.m; sourceTree = "<group>"; };
		4FA7278A155B0D91002A2F1D /* ASIHTTPRequestConfig.h */ = {isa = PBXFileReference; fileEncoding = 4; lastKnownFileType = sourcecode.c.h; path = ASIHTTPRequestConfig.h; sourceTree = "<group>"; };
		4FA7278B155B0D91002A2F1D /* ASIHTTPRequestDelegate.h */ = {isa = PBXFileReference; fileEncoding = 4; lastKnownFileType = sourcecode.c.h; path = ASIHTTPRequestDelegate.h; sourceTree = "<group>"; };
		4FA7278C155B0D91002A2F1D /* ASIInputStream.h */ = {isa = PBXFileReference; fileEncoding = 4; lastKnownFileType = sourcecode.c.h; path = ASIInputStream.h; sourceTree = "<group>"; };
		4FA7278D155B0D91002A2F1D /* ASIInputStream.m */ = {isa = PBXFileReference; fileEncoding = 4; lastKnownFileType = sourcecode.c.objc; path = ASIInputStream.m; sourceTree = "<group>"; };
		4FA7278E155B0D91002A2F1D /* ASINetworkQueue.h */ = {isa = PBXFileReference; fileEncoding = 4; lastKnownFileType = sourcecode.c.h; path = ASINetworkQueue.h; sourceTree = "<group>"; };
		4FA7278F155B0D91002A2F1D /* ASINetworkQueue.m */ = {isa = PBXFileReference; fileEncoding = 4; lastKnownFileType = sourcecode.c.objc; path = ASINetworkQueue.m; sourceTree = "<group>"; };
		4FA72790155B0D91002A2F1D /* ASIProgressDelegate.h */ = {isa = PBXFileReference; fileEncoding = 4; lastKnownFileType = sourcecode.c.h; path = ASIProgressDelegate.h; sourceTree = "<group>"; };
		4FA7279A155B0DFB002A2F1D /* libz.1.2.5.dylib */ = {isa = PBXFileReference; lastKnownFileType = "compiled.mach-o.dylib"; name = libz.1.2.5.dylib; path = usr/lib/libz.1.2.5.dylib; sourceTree = SDKROOT; };
		4FA7279C155B0E18002A2F1D /* SystemConfiguration.framework */ = {isa = PBXFileReference; lastKnownFileType = wrapper.framework; name = SystemConfiguration.framework; path = System/Library/Frameworks/SystemConfiguration.framework; sourceTree = SDKROOT; };
		4FA7279E155B0E20002A2F1D /* CFNetwork.framework */ = {isa = PBXFileReference; lastKnownFileType = wrapper.framework; name = CFNetwork.framework; path = System/Library/Frameworks/CFNetwork.framework; sourceTree = SDKROOT; };
		4FA727A3155B4FF0002A2F1D /* Video.h */ = {isa = PBXFileReference; fileEncoding = 4; lastKnownFileType = sourcecode.c.h; path = Video.h; sourceTree = "<group>"; };
		4FA727A4155B4FF0002A2F1D /* Video.m */ = {isa = PBXFileReference; fileEncoding = 4; lastKnownFileType = sourcecode.c.objc; path = Video.m; sourceTree = "<group>"; };
		4FA727D81563EC5C002A2F1D /* Manager.h */ = {isa = PBXFileReference; lastKnownFileType = sourcecode.c.h; path = Manager.h; sourceTree = "<group>"; };
		4FA727D91563EC5C002A2F1D /* Manager.m */ = {isa = PBXFileReference; lastKnownFileType = sourcecode.c.objc; path = Manager.m; sourceTree = "<group>"; };
		4FC62AA116419A00001C2B39 /* AVCaptureHelper.h */ = {isa = PBXFileReference; lastKnownFileType = sourcecode.c.h; path = AVCaptureHelper.h; sourceTree = "<group>"; };
		4FC62AA216419A00001C2B39 /* AVCaptureHelper.m */ = {isa = PBXFileReference; lastKnownFileType = sourcecode.c.objc; path = AVCaptureHelper.m; sourceTree = "<group>"; };
		4FD48D9D154AC95D007880C2 /* Lecture Capture.app */ = {isa = PBXFileReference; explicitFileType = wrapper.application; includeInIndex = 0; path = "Lecture Capture.app"; sourceTree = BUILT_PRODUCTS_DIR; };
		4FD48DA1154AC95D007880C2 /* UIKit.framework */ = {isa = PBXFileReference; lastKnownFileType = wrapper.framework; name = UIKit.framework; path = System/Library/Frameworks/UIKit.framework; sourceTree = SDKROOT; };
		4FD48DA3154AC95D007880C2 /* Foundation.framework */ = {isa = PBXFileReference; lastKnownFileType = wrapper.framework; name = Foundation.framework; path = System/Library/Frameworks/Foundation.framework; sourceTree = SDKROOT; };
		4FD48DA5154AC95D007880C2 /* CoreGraphics.framework */ = {isa = PBXFileReference; lastKnownFileType = wrapper.framework; name = CoreGraphics.framework; path = System/Library/Frameworks/CoreGraphics.framework; sourceTree = SDKROOT; };
		4FD48DA9154AC95D007880C2 /* Lecture Capture-Info.plist */ = {isa = PBXFileReference; lastKnownFileType = text.plist.xml; path = "Lecture Capture-Info.plist"; sourceTree = "<group>"; };
		4FD48DAD154AC95D007880C2 /* main.m */ = {isa = PBXFileReference; lastKnownFileType = sourcecode.c.objc; path = main.m; sourceTree = "<group>"; };
		4FD48DAF154AC95D007880C2 /* Lecture Capture-Prefix.pch */ = {isa = PBXFileReference; lastKnownFileType = sourcecode.c.h; path = "Lecture Capture-Prefix.pch"; sourceTree = "<group>"; };
		4FD48DD5154AF0A8007880C2 /* CoreData.framework */ = {isa = PBXFileReference; lastKnownFileType = wrapper.framework; name = CoreData.framework; path = System/Library/Frameworks/CoreData.framework; sourceTree = SDKROOT; };
		4FD48E2A154B2228007880C2 /* MobileCoreServices.framework */ = {isa = PBXFileReference; lastKnownFileType = wrapper.framework; name = MobileCoreServices.framework; path = System/Library/Frameworks/MobileCoreServices.framework; sourceTree = SDKROOT; };
		4FD48E2C154B22AF007880C2 /* AssetsLibrary.framework */ = {isa = PBXFileReference; lastKnownFileType = wrapper.framework; name = AssetsLibrary.framework; path = System/Library/Frameworks/AssetsLibrary.framework; sourceTree = SDKROOT; };
		4FD48E2E154B22B5007880C2 /* AVFoundation.framework */ = {isa = PBXFileReference; lastKnownFileType = wrapper.framework; name = AVFoundation.framework; path = System/Library/Frameworks/AVFoundation.framework; sourceTree = SDKROOT; };
		4FD48E30154B22E3007880C2 /* CoreMedia.framework */ = {isa = PBXFileReference; lastKnownFileType = wrapper.framework; name = CoreMedia.framework; path = System/Library/Frameworks/CoreMedia.framework; sourceTree = SDKROOT; };
		4FD48E32154B22EE007880C2 /* CoreVideo.framework */ = {isa = PBXFileReference; lastKnownFileType = wrapper.framework; name = CoreVideo.framework; path = System/Library/Frameworks/CoreVideo.framework; sourceTree = SDKROOT; };
		4FDAC3D515A1FFB5003D1B16 /* ILColorPickerDualExampleController.h */ = {isa = PBXFileReference; fileEncoding = 4; lastKnownFileType = sourcecode.c.h; path = ILColorPickerDualExampleController.h; sourceTree = "<group>"; };
		4FDAC3D615A1FFB5003D1B16 /* ILColorPickerDualExampleController.m */ = {isa = PBXFileReference; fileEncoding = 4; lastKnownFileType = sourcecode.c.objc; path = ILColorPickerDualExampleController.m; sourceTree = "<group>"; };
		4FDAC3D715A1FFB5003D1B16 /* ILColorPickerDualExampleController.xib */ = {isa = PBXFileReference; fileEncoding = 4; lastKnownFileType = file.xib; path = ILColorPickerDualExampleController.xib; sourceTree = "<group>"; };
		4FDAC3DA15A20020003D1B16 /* ILView.h */ = {isa = PBXFileReference; fileEncoding = 4; lastKnownFileType = sourcecode.c.h; path = ILView.h; sourceTree = "<group>"; };
		4FDAC3DB15A20020003D1B16 /* ILView.m */ = {isa = PBXFileReference; fileEncoding = 4; lastKnownFileType = sourcecode.c.objc; path = ILView.m; sourceTree = "<group>"; };
		4FDAC3DC15A20020003D1B16 /* ILSaturationBrightnessPickerView.h */ = {isa = PBXFileReference; fileEncoding = 4; lastKnownFileType = sourcecode.c.h; path = ILSaturationBrightnessPickerView.h; sourceTree = "<group>"; };
		4FDAC3DD15A20020003D1B16 /* ILSaturationBrightnessPickerView.m */ = {isa = PBXFileReference; fileEncoding = 4; lastKnownFileType = sourcecode.c.objc; path = ILSaturationBrightnessPickerView.m; sourceTree = "<group>"; };
		4FDAC3DE15A20020003D1B16 /* ILHuePickerView.h */ = {isa = PBXFileReference; fileEncoding = 4; lastKnownFileType = sourcecode.c.h; path = ILHuePickerView.h; sourceTree = "<group>"; };
		4FDAC3DF15A20020003D1B16 /* ILHuePickerView.m */ = {isa = PBXFileReference; fileEncoding = 4; lastKnownFileType = sourcecode.c.objc; path = ILHuePickerView.m; sourceTree = "<group>"; };
		4FDAC3E015A20020003D1B16 /* ILColorPickerView.h */ = {isa = PBXFileReference; fileEncoding = 4; lastKnownFileType = sourcecode.c.h; path = ILColorPickerView.h; sourceTree = "<group>"; };
		4FDAC3E115A20020003D1B16 /* ILColorPickerView.m */ = {isa = PBXFileReference; fileEncoding = 4; lastKnownFileType = sourcecode.c.objc; path = ILColorPickerView.m; sourceTree = "<group>"; };
		4FDAC3E715A2004D003D1B16 /* UIColor+GetHSB.h */ = {isa = PBXFileReference; fileEncoding = 4; lastKnownFileType = sourcecode.c.h; path = "UIColor+GetHSB.h"; sourceTree = "<group>"; };
		4FDAC3E815A2004D003D1B16 /* UIColor+GetHSB.m */ = {isa = PBXFileReference; fileEncoding = 4; lastKnownFileType = sourcecode.c.objc; path = "UIColor+GetHSB.m"; sourceTree = "<group>"; };
		4FFF477415D553EE0047ED11 /* LectureCapturePDF.pdf */ = {isa = PBXFileReference; lastKnownFileType = image.pdf; path = LectureCapturePDF.pdf; sourceTree = "<group>"; };
		820FE61A165108A4004B484E /* camera.png */ = {isa = PBXFileReference; lastKnownFileType = image.png; path = camera.png; sourceTree = "<group>"; };
		820FE61D165109A3004B484E /* screen.png */ = {isa = PBXFileReference; lastKnownFileType = image.png; path = screen.png; sourceTree = "<group>"; };
		820FE61F16510B4A004B484E /* video_24.png */ = {isa = PBXFileReference; lastKnownFileType = image.png; path = video_24.png; sourceTree = "<group>"; };
		820FE62116510C9A004B484E /* man_24.png */ = {isa = PBXFileReference; lastKnownFileType = image.png; path = man_24.png; sourceTree = "<group>"; };
		820FE62316510F52004B484E /* cancel_24.png */ = {isa = PBXFileReference; lastKnownFileType = image.png; path = cancel_24.png; sourceTree = "<group>"; };
		820FE6251651115B004B484E /* font_24.png */ = {isa = PBXFileReference; lastKnownFileType = image.png; path = font_24.png; sourceTree = "<group>"; };
		820FE62716511212004B484E /* illus.png */ = {isa = PBXFileReference; lastKnownFileType = image.png; path = illus.png; sourceTree = "<group>"; };
		820FE629165126EA004B484E /* delete_24.png */ = {isa = PBXFileReference; lastKnownFileType = image.png; path = delete_24.png; sourceTree = "<group>"; };
		821230FB1561B27400D62E58 /* recorder512.png */ = {isa = PBXFileReference; lastKnownFileType = image.png; name = recorder512.png; path = Recorder/recorder512.png; sourceTree = "<group>"; };
		8212310215620E1D00D62E58 /* recorder72.png */ = {isa = PBXFileReference; lastKnownFileType = image.png; path = recorder72.png; sourceTree = "<group>"; };
		8212310415620EEF00D62E58 /* screencapture 72.png */ = {isa = PBXFileReference; lastKnownFileType = image.png; path = "screencapture 72.png"; sourceTree = "<group>"; };
		8212310515620EEF00D62E58 /* screencapture 144.png */ = {isa = PBXFileReference; lastKnownFileType = image.png; path = "screencapture 144.png"; sourceTree = "<group>"; };
		821231081562111E00D62E58 /* recorder144.png */ = {isa = PBXFileReference; lastKnownFileType = image.png; path = recorder144.png; sourceTree = "<group>"; };
		82498DB916449E0100265D0E /* Eraser-icon.png */ = {isa = PBXFileReference; lastKnownFileType = image.png; path = "Eraser-icon.png"; sourceTree = "<group>"; };
		82498DBC16449F8700265D0E /* eraserSelected.png */ = {isa = PBXFileReference; lastKnownFileType = image.png; path = eraserSelected.png; sourceTree = "<group>"; };
		82498DBE1644A15200265D0E /* buttonBackBlack.png */ = {isa = PBXFileReference; lastKnownFileType = image.png; path = buttonBackBlack.png; sourceTree = "<group>"; };
		82498DC01644C78A00265D0E /* buttonBackRed.png */ = {isa = PBXFileReference; lastKnownFileType = image.png; name = buttonBackRed.png; path = Recorder/buttonBackRed.png; sourceTree = "<group>"; };
		826B688D1682EB9400C1ADD2 /* ASIDataCompressor.h */ = {isa = PBXFileReference; fileEncoding = 4; lastKnownFileType = sourcecode.c.h; path = ASIDataCompressor.h; sourceTree = "<group>"; };
		826B688E1682EB9500C1ADD2 /* ASIDataCompressor.m */ = {isa = PBXFileReference; fileEncoding = 4; lastKnownFileType = sourcecode.c.objc; path = ASIDataCompressor.m; sourceTree = "<group>"; };
		826B688F1682EB9500C1ADD2 /* ASIDataDecompressor.h */ = {isa = PBXFileReference; fileEncoding = 4; lastKnownFileType = sourcecode.c.h; path = ASIDataDecompressor.h; sourceTree = "<group>"; };
		826B68901682EB9500C1ADD2 /* ASIDataDecompressor.m */ = {isa = PBXFileReference; fileEncoding = 4; lastKnownFileType = sourcecode.c.objc; path = ASIDataDecompressor.m; sourceTree = "<group>"; };
		826B68931682ED6100C1ADD2 /* UIImageAddition.h */ = {isa = PBXFileReference; lastKnownFileType = sourcecode.c.h; path = UIImageAddition.h; sourceTree = "<group>"; };
		826B68941682ED6100C1ADD2 /* UIImageAddition.m */ = {isa = PBXFileReference; lastKnownFileType = sourcecode.c.objc; path = UIImageAddition.m; sourceTree = "<group>"; };
		82BD7A58155FBB3400C38637 /* MessageUI.framework */ = {isa = PBXFileReference; lastKnownFileType = wrapper.framework; name = MessageUI.framework; path = System/Library/Frameworks/MessageUI.framework; sourceTree = SDKROOT; };
		82EE270816421275008F99AE /* CaptureSessionManager.h */ = {isa = PBXFileReference; fileEncoding = 4; lastKnownFileType = sourcecode.c.h; path = CaptureSessionManager.h; sourceTree = "<group>"; };
		82EE270916421275008F99AE /* CaptureSessionManager.m */ = {isa = PBXFileReference; fileEncoding = 4; lastKnownFileType = sourcecode.c.objc; path = CaptureSessionManager.m; sourceTree = "<group>"; };
		82EE271C16435DF0008F99AE /* resizeBtn.png */ = {isa = PBXFileReference; lastKnownFileType = image.png; name = resizeBtn.png; path = Recorder/resizeBtn.png; sourceTree = "<group>"; };
		82EE271F164360F7008F99AE /* VideoPreview.h */ = {isa = PBXFileReference; fileEncoding = 4; lastKnownFileType = sourcecode.c.h; name = VideoPreview.h; path = Recorder/VideoPreview.h; sourceTree = "<group>"; };
		82EE2720164360F7008F99AE /* VideoPreview.m */ = {isa = PBXFileReference; fileEncoding = 4; lastKnownFileType = sourcecode.c.objc; name = VideoPreview.m; path = Recorder/VideoPreview.m; sourceTree = "<group>"; };
/* End PBXFileReference section */

/* Begin PBXFrameworksBuildPhase section */
		4F0FED04169B6FA700C04ADC /* Frameworks */ = {
			isa = PBXFrameworksBuildPhase;
			buildActionMask = 2147483647;
			files = (
				4F0FED0A169B6FA700C04ADC /* SenTestingKit.framework in Frameworks */,
				4F0FED0B169B6FA700C04ADC /* UIKit.framework in Frameworks */,
				4F0FED0C169B6FA700C04ADC /* Foundation.framework in Frameworks */,
				4F0FED1F169B700D00C04ADC /* CoreGraphics.framework in Frameworks */,
				4F0FED20169B701300C04ADC /* MobileCoreServices.framework in Frameworks */,
				4F0FED21169B701600C04ADC /* AssetsLibrary.framework in Frameworks */,
				4F0FED22169B701900C04ADC /* CoreMedia.framework in Frameworks */,
				4F0FED23169B701B00C04ADC /* AVFoundation.framework in Frameworks */,
				4F0FED24169B701F00C04ADC /* CoreVideo.framework in Frameworks */,
				4F0FED25169B702500C04ADC /* SystemConfiguration.framework in Frameworks */,
				4F0FED26169B702700C04ADC /* CFNetwork.framework in Frameworks */,
				4F0FED27169B702A00C04ADC /* MessageUI.framework in Frameworks */,
				4F0FED28169B702C00C04ADC /* CoreData.framework in Frameworks */,
				4F0FED29169B702F00C04ADC /* Security.framework in Frameworks */,
				4F0FED2A169B703200C04ADC /* iAd.framework in Frameworks */,
				4F0FED3F169B71A400C04ADC /* libz.1.2.5.dylib in Frameworks */,
			);
			runOnlyForDeploymentPostprocessing = 0;
		};
		4FD48D9A154AC95D007880C2 /* Frameworks */ = {
			isa = PBXFrameworksBuildPhase;
			buildActionMask = 2147483647;
			files = (
				4F0FED66169DB02200C04ADC /* MediaPlayer.framework in Frameworks */,
				4F1D995415647BBA002D8F6C /* iAd.framework in Frameworks */,
				82BD7A59155FBB3400C38637 /* MessageUI.framework in Frameworks */,
				4FA7279F155B0E20002A2F1D /* CFNetwork.framework in Frameworks */,
				4FA7279D155B0E18002A2F1D /* SystemConfiguration.framework in Frameworks */,
				4FD48E2B154B2228007880C2 /* MobileCoreServices.framework in Frameworks */,
				4FA7279B155B0DFB002A2F1D /* libz.1.2.5.dylib in Frameworks */,
				4FA7276A155B02F6002A2F1D /* Security.framework in Frameworks */,
				4FD48E33154B22EE007880C2 /* CoreVideo.framework in Frameworks */,
				4FD48E31154B22E3007880C2 /* CoreMedia.framework in Frameworks */,
				4FD48E2F154B22B5007880C2 /* AVFoundation.framework in Frameworks */,
				4FD48E2D154B22AF007880C2 /* AssetsLibrary.framework in Frameworks */,
				4FD48DD6154AF0A8007880C2 /* CoreData.framework in Frameworks */,
				4FD48DA2154AC95D007880C2 /* UIKit.framework in Frameworks */,
				4FD48DA4154AC95D007880C2 /* Foundation.framework in Frameworks */,
				4FD48DA6154AC95D007880C2 /* CoreGraphics.framework in Frameworks */,
			);
			runOnlyForDeploymentPostprocessing = 0;
		};
/* End PBXFrameworksBuildPhase section */

/* Begin PBXGroup section */
		4F0FED0D169B6FA700C04ADC /* Lecture Capture Test */ = {
			isa = PBXGroup;
			children = (
				4F0FED13169B6FA700C04ADC /* Lecture_Capture_Test.h */,
				4F0FED14169B6FA700C04ADC /* Lecture_Capture_Test.m */,
				4F0FED0E169B6FA700C04ADC /* Supporting Files */,
			);
			path = "Lecture Capture Test";
			sourceTree = "<group>";
		};
		4F0FED0E169B6FA700C04ADC /* Supporting Files */ = {
			isa = PBXGroup;
			children = (
				4F0FED0F169B6FA700C04ADC /* Lecture Capture Test-Info.plist */,
				4F0FED10169B6FA700C04ADC /* InfoPlist.strings */,
				4F0FED16169B6FA700C04ADC /* Lecture Capture Test-Prefix.pch */,
			);
			name = "Supporting Files";
			sourceTree = "<group>";
		};
		4FA72764155B0273002A2F1D /* KeyChain */ = {
			isa = PBXGroup;
			children = (
				4FA7276B155B04E8002A2F1D /* NSString+MD5Addition.h */,
				4FA7276C155B04E8002A2F1D /* NSString+MD5Addition.m */,
				4FA7276D155B04E8002A2F1D /* UIDevice+IdentifierAddition.h */,
				4FA7276E155B04E8002A2F1D /* UIDevice+IdentifierAddition.m */,
			);
			name = KeyChain;
			sourceTree = "<group>";
		};
		4FA7277C155B0D7A002A2F1D /* ASIHTTPRequest */ = {
			isa = PBXGroup;
			children = (
				826B68931682ED6100C1ADD2 /* UIImageAddition.h */,
				826B68941682ED6100C1ADD2 /* UIImageAddition.m */,
				4FA7277D155B0D91002A2F1D /* Reachability.h */,
				4FA7277E155B0D91002A2F1D /* Reachability.m */,
				4FA7277F155B0D91002A2F1D /* ASIAuthenticationDialog.h */,
				4FA72780155B0D91002A2F1D /* ASIAuthenticationDialog.m */,
				4FA72781155B0D91002A2F1D /* ASICacheDelegate.h */,
				4FA72786155B0D91002A2F1D /* ASIFormDataRequest.h */,
				4FA72787155B0D91002A2F1D /* ASIFormDataRequest.m */,
				4FA72788155B0D91002A2F1D /* ASIHTTPRequest.h */,
				4FA72789155B0D91002A2F1D /* ASIHTTPRequest.m */,
				4FA7278A155B0D91002A2F1D /* ASIHTTPRequestConfig.h */,
				4FA7278B155B0D91002A2F1D /* ASIHTTPRequestDelegate.h */,
				4FA7278C155B0D91002A2F1D /* ASIInputStream.h */,
				4FA7278D155B0D91002A2F1D /* ASIInputStream.m */,
				4FA7278E155B0D91002A2F1D /* ASINetworkQueue.h */,
				4FA7278F155B0D91002A2F1D /* ASINetworkQueue.m */,
				4FA72790155B0D91002A2F1D /* ASIProgressDelegate.h */,
			);
			name = ASIHTTPRequest;
			sourceTree = "<group>";
		};
		4FA727D61563EC4F002A2F1D /* Login Management */ = {
			isa = PBXGroup;
			children = (
				4FA727D81563EC5C002A2F1D /* Manager.h */,
				4FA727D91563EC5C002A2F1D /* Manager.m */,
				4F45455F1635F1890091F335 /* LoginRegisterViewController.h */,
				4F4545601635F1890091F335 /* LoginRegisterViewController.m */,
			);
			name = "Login Management";
			sourceTree = "<group>";
		};
		4FC62A9F164199F0001C2B39 /* VideoPreview */ = {
			isa = PBXGroup;
			children = (
				82EE270816421275008F99AE /* CaptureSessionManager.h */,
				82EE270916421275008F99AE /* CaptureSessionManager.m */,
				4FC62AA116419A00001C2B39 /* AVCaptureHelper.h */,
				4FC62AA216419A00001C2B39 /* AVCaptureHelper.m */,
				82EE271F164360F7008F99AE /* VideoPreview.h */,
				82EE2720164360F7008F99AE /* VideoPreview.m */,
			);
			name = VideoPreview;
			sourceTree = "<group>";
		};
		4FD48D92154AC95D007880C2 = {
			isa = PBXGroup;
			children = (
				4F081488173DEC90007092C4 /* CameraPicker.h */,
				4F081489173DEC90007092C4 /* CameraPicker.m */,
				4F18C63D173C232B009FD464 /* NewModel.xcdatamodeld */,
				826B688D1682EB9400C1ADD2 /* ASIDataCompressor.h */,
				826B688E1682EB9500C1ADD2 /* ASIDataCompressor.m */,
				826B688F1682EB9500C1ADD2 /* ASIDataDecompressor.h */,
				826B68901682EB9500C1ADD2 /* ASIDataDecompressor.m */,
				820FE61A165108A4004B484E /* camera.png */,
				820FE61F16510B4A004B484E /* video_24.png */,
				820FE62116510C9A004B484E /* man_24.png */,
				820FE62316510F52004B484E /* cancel_24.png */,
				4F0FED57169CD50500C04ADC /* recordButton.png */,
				820FE61D165109A3004B484E /* screen.png */,
				820FE62716511212004B484E /* illus.png */,
				820FE629165126EA004B484E /* delete_24.png */,
				4F0FED51169CD2D300C04ADC /* controlsButtonBack.png */,
				820FE6251651115B004B484E /* font_24.png */,
				4F0FED59169CD86800C04ADC /* pauseButton.png */,
				4F0FED5B169CD95200C04ADC /* doneButton.png */,
				4FDAC3D315A1FF96003D1B16 /* Color Picker */,
				4FFF477415D553EE0047ED11 /* LectureCapturePDF.pdf */,
				4FC62A9F164199F0001C2B39 /* VideoPreview */,
				4FA727D61563EC4F002A2F1D /* Login Management */,
				4FA7277C155B0D7A002A2F1D /* ASIHTTPRequest */,
				4FA72775155B0834002A2F1D /* InfoViewController.h */,
				4FA72776155B0834002A2F1D /* InfoViewController.m */,
				4FA72764155B0273002A2F1D /* KeyChain */,
				4FA727A3155B4FF0002A2F1D /* Video.h */,
				4FA727A4155B4FF0002A2F1D /* Video.m */,
				4FD48DC8154ACC7A007880C2 /* Utilities */,
				4FD48DA7154AC95D007880C2 /* Recorder */,
				4F0FED0D169B6FA700C04ADC /* Lecture Capture Test */,
				4FD48DA0154AC95D007880C2 /* Frameworks */,
				4FD48D9E154AC95D007880C2 /* Products */,
			);
			sourceTree = "<group>";
		};
		4FD48D9E154AC95D007880C2 /* Products */ = {
			isa = PBXGroup;
			children = (
				4FD48D9D154AC95D007880C2 /* Lecture Capture.app */,
				4F0FED08169B6FA700C04ADC /* Lecture Capture Test.octest */,
			);
			name = Products;
			sourceTree = "<group>";
		};
		4FD48DA0154AC95D007880C2 /* Frameworks */ = {
			isa = PBXGroup;
			children = (
				4FA7279A155B0DFB002A2F1D /* libz.1.2.5.dylib */,
				4F0FED65169DB02200C04ADC /* MediaPlayer.framework */,
				4F1D995315647BBA002D8F6C /* iAd.framework */,
				4FA72769155B02F6002A2F1D /* Security.framework */,
				4FD48DD5154AF0A8007880C2 /* CoreData.framework */,
				82BD7A58155FBB3400C38637 /* MessageUI.framework */,
				4FA7279E155B0E20002A2F1D /* CFNetwork.framework */,
				4FA7279C155B0E18002A2F1D /* SystemConfiguration.framework */,
				4FD48E32154B22EE007880C2 /* CoreVideo.framework */,
				4FD48E30154B22E3007880C2 /* CoreMedia.framework */,
				4FD48E2E154B22B5007880C2 /* AVFoundation.framework */,
				4FD48E2C154B22AF007880C2 /* AssetsLibrary.framework */,
				4FD48E2A154B2228007880C2 /* MobileCoreServices.framework */,
				4FD48DA1154AC95D007880C2 /* UIKit.framework */,
				4FD48DA3154AC95D007880C2 /* Foundation.framework */,
				4FD48DA5154AC95D007880C2 /* CoreGraphics.framework */,
				4F0FED09169B6FA700C04ADC /* SenTestingKit.framework */,
			);
			name = Frameworks;
			sourceTree = "<group>";
		};
		4FD48DA7154AC95D007880C2 /* Recorder */ = {
			isa = PBXGroup;
			children = (
				4F4545501635F14D0091F335 /* RecorderViewController.h */,
				4F4545511635F14D0091F335 /* RecorderViewController.m */,
				4F4545521635F14D0091F335 /* ScreenCaptureView.h */,
				4F4545531635F14D0091F335 /* ScreenCaptureView.m */,
				4F4545541635F14D0091F335 /* ScreenView.h */,
				4F4545551635F14D0091F335 /* ScreenView.m */,
				4F4545491635F0EA0091F335 /* AppDelegate.h */,
				4F4545621635F23C0091F335 /* InfoPlist.strings */,
				4F45454B1635F1040091F335 /* AppDelegate.m */,
				4F4545591635F16D0091F335 /* PaintView.h */,
				4F45455A1635F16D0091F335 /* PaintView.m */,
				4F4545651635F2580091F335 /* MainStoryboard.storyboard */,
				4FD48DA8154AC95D007880C2 /* Supporting Files */,
				4F45455C1635F1790091F335 /* AudioRecorder.h */,
				4F45455D1635F1790091F335 /* AudioRecorder.m */,
				4F45454D1635F12B0091F335 /* ViewController.h */,
				4F45454E1635F12B0091F335 /* ViewController.m */,
			);
			path = Recorder;
			sourceTree = "<group>";
		};
		4FD48DA8154AC95D007880C2 /* Supporting Files */ = {
			isa = PBXGroup;
			children = (
				4FDAC3EE15A20559003D1B16 /* Images */,
				4FD48DA9154AC95D007880C2 /* Lecture Capture-Info.plist */,
				4FD48DAD154AC95D007880C2 /* main.m */,
				4FD48DAF154AC95D007880C2 /* Lecture Capture-Prefix.pch */,
			);
			name = "Supporting Files";
			sourceTree = "<group>";
		};
		4FD48DC8154ACC7A007880C2 /* Utilities */ = {
			isa = PBXGroup;
			children = (
				4F8ADEBF15D2E84000C1E8B6 /* UIImage+Alpha.m */,
				4F8ADEC015D2E84000C1E8B6 /* UIImage+RoundedCorner.m */,
				4F8ADEC115D2E84000C1E8B6 /* UIImage+RoundedCorner.h */,
				4F8ADEC215D2E84000C1E8B6 /* UIImage+Alpha.h */,
				4F8ADEBC15D2CEB100C1E8B6 /* UIImage+Resize.m */,
				4F8ADEBD15D2CEB100C1E8B6 /* UIImage+Resize.h */,
				4F8ADEB915D2A19100C1E8B6 /* Utilities.h */,
				4F8ADEBA15D2A19100C1E8B6 /* Utilities.m */,
			);
			name = Utilities;
			sourceTree = "<group>";
		};
		4FDAC3D315A1FF96003D1B16 /* Color Picker */ = {
			isa = PBXGroup;
			children = (
				4FDAC3E715A2004D003D1B16 /* UIColor+GetHSB.h */,
				4FDAC3E815A2004D003D1B16 /* UIColor+GetHSB.m */,
				4FDAC3E615A20028003D1B16 /* Views */,
				4FDAC3D515A1FFB5003D1B16 /* ILColorPickerDualExampleController.h */,
				4FDAC3D615A1FFB5003D1B16 /* ILColorPickerDualExampleController.m */,
				4FDAC3D715A1FFB5003D1B16 /* ILColorPickerDualExampleController.xib */,
			);
			name = "Color Picker";
			sourceTree = "<group>";
		};
		4FDAC3E615A20028003D1B16 /* Views */ = {
			isa = PBXGroup;
			children = (
				4FDAC3DA15A20020003D1B16 /* ILView.h */,
				4FDAC3DB15A20020003D1B16 /* ILView.m */,
				4FDAC3DC15A20020003D1B16 /* ILSaturationBrightnessPickerView.h */,
				4FDAC3DD15A20020003D1B16 /* ILSaturationBrightnessPickerView.m */,
				4FDAC3DE15A20020003D1B16 /* ILHuePickerView.h */,
				4FDAC3DF15A20020003D1B16 /* ILHuePickerView.m */,
				4FDAC3E015A20020003D1B16 /* ILColorPickerView.h */,
				4FDAC3E115A20020003D1B16 /* ILColorPickerView.m */,
			);
			name = Views;
			sourceTree = "<group>";
		};
		4FDAC3EE15A20559003D1B16 /* Images */ = {
			isa = PBXGroup;
			children = (
				4F2C34DE166FFF1500EC0A88 /* graphpaper.png */,
				4F2C34DF166FFF1500EC0A88 /* linepaper.png */,
				82498DC01644C78A00265D0E /* buttonBackRed.png */,
				82498DBE1644A15200265D0E /* buttonBackBlack.png */,
				4F45456A1635F27C0091F335 /* buttonBack.png */,
				82EE271C16435DF0008F99AE /* resizeBtn.png */,
				82498DBC16449F8700265D0E /* eraserSelected.png */,
				82498DB916449E0100265D0E /* Eraser-icon.png */,
				4F6C49E015583174000A3F03 /* Default-Landscape~ipad.png */,
				4F6C49D815532B80000A3F03 /* video.png */,
				821230FB1561B27400D62E58 /* recorder512.png */,
				8212310415620EEF00D62E58 /* screencapture 72.png */,
				8212310515620EEF00D62E58 /* screencapture 144.png */,
				821231081562111E00D62E58 /* recorder144.png */,
				8212310215620E1D00D62E58 /* recorder72.png */,
			);
			name = Images;
			path = ..;
			sourceTree = "<group>";
		};
/* End PBXGroup section */

/* Begin PBXNativeTarget section */
		4F0FED07169B6FA700C04ADC /* Lecture Capture Test */ = {
			isa = PBXNativeTarget;
			buildConfigurationList = 4F0FED19169B6FA700C04ADC /* Build configuration list for PBXNativeTarget "Lecture Capture Test" */;
			buildPhases = (
				4F0FED03169B6FA700C04ADC /* Sources */,
				4F0FED04169B6FA700C04ADC /* Frameworks */,
				4F0FED05169B6FA700C04ADC /* Resources */,
				4F0FED06169B6FA700C04ADC /* ShellScript */,
			);
			buildRules = (
			);
			dependencies = (
				4F0FED4B169B72F600C04ADC /* PBXTargetDependency */,
			);
			name = "Lecture Capture Test";
			productName = "Lecture Capture Test";
			productReference = 4F0FED08169B6FA700C04ADC /* Lecture Capture Test.octest */;
			productType = "com.apple.product-type.bundle";
		};
		4FD48D9C154AC95D007880C2 /* Lecture Capture */ = {
			isa = PBXNativeTarget;
			buildConfigurationList = 4FD48DBB154AC95D007880C2 /* Build configuration list for PBXNativeTarget "Lecture Capture" */;
			buildPhases = (
				4FD48D99154AC95D007880C2 /* Sources */,
				4FD48D9A154AC95D007880C2 /* Frameworks */,
				4FD48D9B154AC95D007880C2 /* Resources */,
			);
			buildRules = (
			);
			dependencies = (
			);
			name = "Lecture Capture";
			productName = Recorder;
			productReference = 4FD48D9D154AC95D007880C2 /* Lecture Capture.app */;
			productType = "com.apple.product-type.application";
		};
/* End PBXNativeTarget section */

/* Begin PBXProject section */
		4FD48D94154AC95D007880C2 /* Project object */ = {
			isa = PBXProject;
			attributes = {
				LastUpgradeCheck = 0460;
			};
			buildConfigurationList = 4FD48D97154AC95D007880C2 /* Build configuration list for PBXProject "Lecture Capture" */;
			compatibilityVersion = "Xcode 3.2";
			developmentRegion = English;
			hasScannedForEncodings = 0;
			knownRegions = (
				en,
			);
			mainGroup = 4FD48D92154AC95D007880C2;
			productRefGroup = 4FD48D9E154AC95D007880C2 /* Products */;
			projectDirPath = "";
			projectRoot = "";
			targets = (
				4FD48D9C154AC95D007880C2 /* Lecture Capture */,
				4F0FED07169B6FA700C04ADC /* Lecture Capture Test */,
			);
		};
/* End PBXProject section */

/* Begin PBXResourcesBuildPhase section */
		4F0FED05169B6FA700C04ADC /* Resources */ = {
			isa = PBXResourcesBuildPhase;
			buildActionMask = 2147483647;
			files = (
				4F0FED12169B6FA700C04ADC /* InfoPlist.strings in Resources */,
			);
			runOnlyForDeploymentPostprocessing = 0;
		};
		4FD48D9B154AC95D007880C2 /* Resources */ = {
			isa = PBXResourcesBuildPhase;
			buildActionMask = 2147483647;
			files = (
				4F6C49D915532B80000A3F03 /* video.png in Resources */,
				4F6C49E115583174000A3F03 /* Default-Landscape~ipad.png in Resources */,
				821230FC1561B27400D62E58 /* recorder512.png in Resources */,
				8212310315620E1D00D62E58 /* recorder72.png in Resources */,
				8212310615620EEF00D62E58 /* screencapture 72.png in Resources */,
				8212310715620EEF00D62E58 /* screencapture 144.png in Resources */,
				821231091562111E00D62E58 /* recorder144.png in Resources */,
				4FDAC3D915A1FFB5003D1B16 /* ILColorPickerDualExampleController.xib in Resources */,
				4FFF477515D553EE0047ED11 /* LectureCapturePDF.pdf in Resources */,
				4F4545641635F23C0091F335 /* InfoPlist.strings in Resources */,
				4F4545671635F2580091F335 /* MainStoryboard.storyboard in Resources */,
				4F45456B1635F27C0091F335 /* buttonBack.png in Resources */,
				82EE271D16435DF0008F99AE /* resizeBtn.png in Resources */,
				82498DBA16449E0100265D0E /* Eraser-icon.png in Resources */,
				82498DBD16449F8700265D0E /* eraserSelected.png in Resources */,
				82498DBF1644A15200265D0E /* buttonBackBlack.png in Resources */,
				82498DC11644C78A00265D0E /* buttonBackRed.png in Resources */,
				820FE61B165108A4004B484E /* camera.png in Resources */,
				820FE61E165109A3004B484E /* screen.png in Resources */,
				820FE62016510B4A004B484E /* video_24.png in Resources */,
				820FE62216510C9A004B484E /* man_24.png in Resources */,
				820FE62416510F52004B484E /* cancel_24.png in Resources */,
				820FE6261651115B004B484E /* font_24.png in Resources */,
				820FE62816511212004B484E /* illus.png in Resources */,
				820FE62A165126EA004B484E /* delete_24.png in Resources */,
				4F2C34E0166FFF1500EC0A88 /* graphpaper.png in Resources */,
				4F2C34E1166FFF1500EC0A88 /* linepaper.png in Resources */,
				4F0FED52169CD2D300C04ADC /* controlsButtonBack.png in Resources */,
				4F0FED58169CD50500C04ADC /* recordButton.png in Resources */,
				4F0FED5A169CD86800C04ADC /* pauseButton.png in Resources */,
				4F0FED5C169CD95200C04ADC /* doneButton.png in Resources */,
			);
			runOnlyForDeploymentPostprocessing = 0;
		};
/* End PBXResourcesBuildPhase section */

/* Begin PBXShellScriptBuildPhase section */
		4F0FED06169B6FA700C04ADC /* ShellScript */ = {
			isa = PBXShellScriptBuildPhase;
			buildActionMask = 2147483647;
			files = (
			);
			inputPaths = (
			);
			outputPaths = (
			);
			runOnlyForDeploymentPostprocessing = 0;
			shellPath = /bin/sh;
			shellScript = "# Run the unit tests in this test bundle.\n\"${SYSTEM_DEVELOPER_DIR}/Tools/RunUnitTests\"\n";
		};
/* End PBXShellScriptBuildPhase section */

/* Begin PBXSourcesBuildPhase section */
		4F0FED03169B6FA700C04ADC /* Sources */ = {
			isa = PBXSourcesBuildPhase;
			buildActionMask = 2147483647;
			files = (
				4F0FED15169B6FA700C04ADC /* Lecture_Capture_Test.m in Sources */,
				4F0FED1B169B6FBC00C04ADC /* RecorderViewController.m in Sources */,
				4F0FED1C169B6FC000C04ADC /* ScreenCaptureView.m in Sources */,
				4F0FED1D169B6FC300C04ADC /* ScreenView.m in Sources */,
				4F0FED1E169B6FC700C04ADC /* PaintView.m in Sources */,
				4F0FED2B169B70F300C04ADC /* AudioRecorder.m in Sources */,
				4F0FED2C169B70F500C04ADC /* ViewController.m in Sources */,
				4F0FED2D169B710300C04ADC /* ASIDataCompressor.m in Sources */,
				4F0FED2E169B710500C04ADC /* ASIDataDecompressor.m in Sources */,
				4F0FED2F169B710900C04ADC /* UIColor+GetHSB.m in Sources */,
				4F0FED30169B710B00C04ADC /* ILColorPickerDualExampleController.m in Sources */,
				4F0FED31169B711000C04ADC /* CaptureSessionManager.m in Sources */,
				4F0FED32169B711400C04ADC /* AVCaptureHelper.m in Sources */,
				4F0FED33169B711600C04ADC /* VideoPreview.m in Sources */,
				4F0FED34169B711E00C04ADC /* Manager.m in Sources */,
				4F0FED35169B712100C04ADC /* LoginRegisterViewController.m in Sources */,
				4F0FED36169B712400C04ADC /* InfoViewController.m in Sources */,
				4F0FED37169B712900C04ADC /* Video.m in Sources */,
				4F0FED38169B712C00C04ADC /* NSString+MD5Addition.m in Sources */,
				4F0FED39169B712E00C04ADC /* UIDevice+IdentifierAddition.m in Sources */,
				4F0FED3A169B713500C04ADC /* UIImage+Alpha.m in Sources */,
				4F0FED3B169B713700C04ADC /* UIImage+RoundedCorner.m in Sources */,
				4F0FED3C169B713C00C04ADC /* UIImage+Resize.m in Sources */,
				4F0FED3D169B713E00C04ADC /* Utilities.m in Sources */,
				4F0FED3E169B714900C04ADC /* AppDelegate.m in Sources */,
				4F0FED40169B71FF00C04ADC /* ILView.m in Sources */,
				4F0FED41169B720100C04ADC /* ILSaturationBrightnessPickerView.m in Sources */,
				4F0FED42169B720300C04ADC /* ILHuePickerView.m in Sources */,
				4F0FED43169B720600C04ADC /* ILColorPickerView.m in Sources */,
				4F0FED45169B721D00C04ADC /* Reachability.m in Sources */,
				4F0FED46169B722000C04ADC /* ASIAuthenticationDialog.m in Sources */,
				4F0FED47169B722200C04ADC /* ASIFormDataRequest.m in Sources */,
				4F0FED48169B722500C04ADC /* ASIHTTPRequest.m in Sources */,
				4F0FED49169B728700C04ADC /* ASIInputStream.m in Sources */,
				4F08148B173DEC90007092C4 /* CameraPicker.m in Sources */,
			);
			runOnlyForDeploymentPostprocessing = 0;
		};
		4FD48D99154AC95D007880C2 /* Sources */ = {
			isa = PBXSourcesBuildPhase;
			buildActionMask = 2147483647;
			files = (
				4FC62AA316419D19001C2B39 /* AVCaptureHelper.m in Sources */,
				4F8ADEBE15D2E73D00C1E8B6 /* UIImage+Resize.m in Sources */,
				4F1D995215640872002D8F6C /* Manager.m in Sources */,
				4FD48DAE154AC95D007880C2 /* main.m in Sources */,
				4FA7276F155B04E8002A2F1D /* NSString+MD5Addition.m in Sources */,
				4FA72770155B04E8002A2F1D /* UIDevice+IdentifierAddition.m in Sources */,
				4FA72777155B0834002A2F1D /* InfoViewController.m in Sources */,
				4FA72791155B0D91002A2F1D /* Reachability.m in Sources */,
				4FA72792155B0D91002A2F1D /* ASIAuthenticationDialog.m in Sources */,
				4FA72795155B0D91002A2F1D /* ASIFormDataRequest.m in Sources */,
				4FA72796155B0D91002A2F1D /* ASIHTTPRequest.m in Sources */,
				4FA72797155B0D91002A2F1D /* ASIInputStream.m in Sources */,
				4FA72798155B0D91002A2F1D /* ASINetworkQueue.m in Sources */,
				4FA727A5155B4FF0002A2F1D /* Video.m in Sources */,
				4FDAC3D815A1FFB5003D1B16 /* ILColorPickerDualExampleController.m in Sources */,
				4FDAC3E215A20020003D1B16 /* ILView.m in Sources */,
				4FDAC3E315A20020003D1B16 /* ILSaturationBrightnessPickerView.m in Sources */,
				4FDAC3E415A20020003D1B16 /* ILHuePickerView.m in Sources */,
				4FDAC3E515A20020003D1B16 /* ILColorPickerView.m in Sources */,
				4FDAC3E915A2004D003D1B16 /* UIColor+GetHSB.m in Sources */,
				4F8ADEBB15D2A19100C1E8B6 /* Utilities.m in Sources */,
				4F8ADEC315D2E84000C1E8B6 /* UIImage+Alpha.m in Sources */,
				4F8ADEC415D2E84000C1E8B6 /* UIImage+RoundedCorner.m in Sources */,
				4F45454C1635F1040091F335 /* AppDelegate.m in Sources */,
				4F45454F1635F12B0091F335 /* ViewController.m in Sources */,
				4F4545561635F14D0091F335 /* RecorderViewController.m in Sources */,
				4F4545571635F14D0091F335 /* ScreenCaptureView.m in Sources */,
				4F4545581635F14D0091F335 /* ScreenView.m in Sources */,
				4F45455B1635F16D0091F335 /* PaintView.m in Sources */,
				4F45455E1635F1790091F335 /* AudioRecorder.m in Sources */,
				4F4545611635F1890091F335 /* LoginRegisterViewController.m in Sources */,
				82EE270A16421275008F99AE /* CaptureSessionManager.m in Sources */,
				82EE2721164360F7008F99AE /* VideoPreview.m in Sources */,
				826B68911682EB9500C1ADD2 /* ASIDataCompressor.m in Sources */,
				826B68921682EB9500C1ADD2 /* ASIDataDecompressor.m in Sources */,
				4F18C640173C232C009FD464 /* NewModel.xcdatamodeld in Sources */,
				4F08148A173DEC90007092C4 /* CameraPicker.m in Sources */,
			);
			runOnlyForDeploymentPostprocessing = 0;
		};
/* End PBXSourcesBuildPhase section */

/* Begin PBXTargetDependency section */
		4F0FED4B169B72F600C04ADC /* PBXTargetDependency */ = {
			isa = PBXTargetDependency;
			target = 4FD48D9C154AC95D007880C2 /* Lecture Capture */;
			targetProxy = 4F0FED4A169B72F600C04ADC /* PBXContainerItemProxy */;
		};
/* End PBXTargetDependency section */

/* Begin PBXVariantGroup section */
		4F0FED10169B6FA700C04ADC /* InfoPlist.strings */ = {
			isa = PBXVariantGroup;
			children = (
				4F0FED11169B6FA700C04ADC /* en */,
			);
			name = InfoPlist.strings;
			sourceTree = "<group>";
		};
		4F4545621635F23C0091F335 /* InfoPlist.strings */ = {
			isa = PBXVariantGroup;
			children = (
				4F4545631635F23C0091F335 /* en */,
			);
			name = InfoPlist.strings;
			sourceTree = "<group>";
		};
		4F4545651635F2580091F335 /* MainStoryboard.storyboard */ = {
			isa = PBXVariantGroup;
			children = (
				4F4545661635F2580091F335 /* en */,
			);
			name = MainStoryboard.storyboard;
			sourceTree = "<group>";
		};
/* End PBXVariantGroup section */

/* Begin XCBuildConfiguration section */
		4F0FED17169B6FA700C04ADC /* Debug */ = {
			isa = XCBuildConfiguration;
			buildSettings = {
				BUNDLE_LOADER = "$(BUILT_PRODUCTS_DIR)/Lecture Capture.app/Lecture Capture";
				CLANG_CXX_LANGUAGE_STANDARD = "gnu++0x";
				CLANG_CXX_LIBRARY = "libc++";
				CLANG_WARN_EMPTY_BODY = YES;
				FRAMEWORK_SEARCH_PATHS = (
					"\"$(SDKROOT)/Developer/Library/Frameworks\"",
					"\"$(DEVELOPER_LIBRARY_DIR)/Frameworks\"",
				);
				GCC_PRECOMPILE_PREFIX_HEADER = YES;
				GCC_PREFIX_HEADER = "Lecture Capture Test/Lecture Capture Test-Prefix.pch";
				INFOPLIST_FILE = "Lecture Capture Test/Lecture Capture Test-Info.plist";
				PRODUCT_NAME = "$(TARGET_NAME)";
				TEST_HOST = "$(BUNDLE_LOADER)";
				WRAPPER_EXTENSION = octest;
			};
			name = Debug;
		};
		4F0FED18169B6FA700C04ADC /* Release */ = {
			isa = XCBuildConfiguration;
			buildSettings = {
				BUNDLE_LOADER = "$(BUILT_PRODUCTS_DIR)/Lecture Capture.app/Lecture Capture";
				CLANG_CXX_LANGUAGE_STANDARD = "gnu++0x";
				CLANG_CXX_LIBRARY = "libc++";
				CLANG_WARN_EMPTY_BODY = YES;
				FRAMEWORK_SEARCH_PATHS = (
					"\"$(SDKROOT)/Developer/Library/Frameworks\"",
					"\"$(DEVELOPER_LIBRARY_DIR)/Frameworks\"",
				);
				GCC_PRECOMPILE_PREFIX_HEADER = YES;
				GCC_PREFIX_HEADER = "Lecture Capture Test/Lecture Capture Test-Prefix.pch";
				INFOPLIST_FILE = "Lecture Capture Test/Lecture Capture Test-Info.plist";
				PRODUCT_NAME = "$(TARGET_NAME)";
				TEST_HOST = "$(BUNDLE_LOADER)";
				WRAPPER_EXTENSION = octest;
			};
			name = Release;
		};
		4FD48DB9154AC95D007880C2 /* Debug */ = {
			isa = XCBuildConfiguration;
			buildSettings = {
				ALWAYS_SEARCH_USER_PATHS = NO;
				ARCHS = "$(ARCHS_STANDARD_32_BIT)";
				CLANG_ENABLE_OBJC_ARC = YES;
				CLANG_WARN_CONSTANT_CONVERSION = YES;
				CLANG_WARN_DEPRECATED_OBJC_IMPLEMENTATIONS = YES;
				CLANG_WARN_ENUM_CONVERSION = YES;
				CLANG_WARN_INT_CONVERSION = YES;
				CLANG_WARN__DUPLICATE_METHOD_MATCH = YES;
				"CODE_SIGN_IDENTITY[sdk=iphoneos*]" = "iPhone Developer";
				COPY_PHASE_STRIP = NO;
				GCC_C_LANGUAGE_STANDARD = gnu99;
				GCC_DYNAMIC_NO_PIC = NO;
				GCC_OPTIMIZATION_LEVEL = 0;
				GCC_PREPROCESSOR_DEFINITIONS = (
					"DEBUG=1",
					"$(inherited)",
				);
				GCC_SYMBOLS_PRIVATE_EXTERN = NO;
				GCC_VERSION = com.apple.compilers.llvm.clang.1_0;
				GCC_WARN_ABOUT_RETURN_TYPE = YES;
				GCC_WARN_UNINITIALIZED_AUTOS = YES;
				GCC_WARN_UNUSED_VARIABLE = YES;
				IPHONEOS_DEPLOYMENT_TARGET = 6.0;
				SDKROOT = iphoneos;
				TARGETED_DEVICE_FAMILY = 2;
			};
			name = Debug;
		};
		4FD48DBA154AC95D007880C2 /* Release */ = {
			isa = XCBuildConfiguration;
			buildSettings = {
				ALWAYS_SEARCH_USER_PATHS = NO;
				ARCHS = "$(ARCHS_STANDARD_32_BIT)";
				CLANG_ENABLE_OBJC_ARC = YES;
				CLANG_WARN_CONSTANT_CONVERSION = YES;
				CLANG_WARN_DEPRECATED_OBJC_IMPLEMENTATIONS = YES;
				CLANG_WARN_ENUM_CONVERSION = YES;
				CLANG_WARN_INT_CONVERSION = YES;
				CLANG_WARN__DUPLICATE_METHOD_MATCH = YES;
				"CODE_SIGN_IDENTITY[sdk=iphoneos*]" = "iPhone Developer";
				COPY_PHASE_STRIP = YES;
				GCC_C_LANGUAGE_STANDARD = gnu99;
				GCC_VERSION = com.apple.compilers.llvm.clang.1_0;
				GCC_WARN_ABOUT_RETURN_TYPE = YES;
				GCC_WARN_UNINITIALIZED_AUTOS = YES;
				GCC_WARN_UNUSED_VARIABLE = YES;
				IPHONEOS_DEPLOYMENT_TARGET = 6.0;
				OTHER_CFLAGS = "-DNS_BLOCK_ASSERTIONS=1";
				SDKROOT = iphoneos;
				TARGETED_DEVICE_FAMILY = 2;
				VALIDATE_PRODUCT = YES;
			};
			name = Release;
		};
		4FD48DBC154AC95D007880C2 /* Debug */ = {
			isa = XCBuildConfiguration;
			buildSettings = {
				CODE_SIGN_IDENTITY = "iPhone Developer";
				FRAMEWORK_SEARCH_PATHS = (
					"$(inherited)",
					"\"$(SRCROOT)\"",
				);
				GCC_PRECOMPILE_PREFIX_HEADER = YES;
				GCC_PREFIX_HEADER = "Recorder/Lecture Capture-Prefix.pch";
				GCC_SYMBOLS_PRIVATE_EXTERN = NO;
				INFOPLIST_FILE = "Recorder/Lecture Capture-Info.plist";
				IPHONEOS_DEPLOYMENT_TARGET = 5.1;
				PRODUCT_NAME = "Lecture Capture";
				PROVISIONING_PROFILE = "";
				WRAPPER_EXTENSION = app;
			};
			name = Debug;
		};
		4FD48DBD154AC95D007880C2 /* Release */ = {
			isa = XCBuildConfiguration;
			buildSettings = {
				CODE_SIGN_IDENTITY = "iPhone Distribution";
				"CODE_SIGN_IDENTITY[sdk=iphoneos*]" = "iPhone Distribution";
				FRAMEWORK_SEARCH_PATHS = (
					"$(inherited)",
					"\"$(SRCROOT)\"",
				);
				GCC_PRECOMPILE_PREFIX_HEADER = YES;
				GCC_PREFIX_HEADER = "Recorder/Lecture Capture-Prefix.pch";
				GCC_SYMBOLS_PRIVATE_EXTERN = NO;
				INFOPLIST_FILE = "Recorder/Lecture Capture-Info.plist";
				IPHONEOS_DEPLOYMENT_TARGET = 5.1;
				PRODUCT_NAME = "Lecture Capture";
				PROVISIONING_PROFILE = "";
				"PROVISIONING_PROFILE[sdk=iphoneos*]" = "";
				WRAPPER_EXTENSION = app;
			};
			name = Release;
		};
/* End XCBuildConfiguration section */

/* Begin XCConfigurationList section */
		4F0FED19169B6FA700C04ADC /* Build configuration list for PBXNativeTarget "Lecture Capture Test" */ = {
			isa = XCConfigurationList;
			buildConfigurations = (
				4F0FED17169B6FA700C04ADC /* Debug */,
				4F0FED18169B6FA700C04ADC /* Release */,
			);
			defaultConfigurationIsVisible = 0;
			defaultConfigurationName = Release;
		};
		4FD48D97154AC95D007880C2 /* Build configuration list for PBXProject "Lecture Capture" */ = {
			isa = XCConfigurationList;
			buildConfigurations = (
				4FD48DB9154AC95D007880C2 /* Debug */,
				4FD48DBA154AC95D007880C2 /* Release */,
			);
			defaultConfigurationIsVisible = 0;
			defaultConfigurationName = Release;
		};
		4FD48DBB154AC95D007880C2 /* Build configuration list for PBXNativeTarget "Lecture Capture" */ = {
			isa = XCConfigurationList;
			buildConfigurations = (
				4FD48DBC154AC95D007880C2 /* Debug */,
				4FD48DBD154AC95D007880C2 /* Release */,
			);
			defaultConfigurationIsVisible = 0;
			defaultConfigurationName = Release;
		};
/* End XCConfigurationList section */

/* Begin XCVersionGroup section */
		4F18C63D173C232B009FD464 /* NewModel.xcdatamodeld */ = {
			isa = XCVersionGroup;
			children = (
				4F18C63E173C232C009FD464 /* NewModel.xcdatamodel */,
				4F18C63F173C232C009FD464 /* Model.xcdatamodel */,
			);
			currentVersion = 4F18C63E173C232C009FD464 /* NewModel.xcdatamodel */;
			path = NewModel.xcdatamodeld;
			sourceTree = "<group>";
			versionGroupType = wrapper.xcdatamodel;
		};
/* End XCVersionGroup section */
	};
	rootObject = 4FD48D94154AC95D007880C2 /* Project object */;
}
