// !$*UTF8*$!
{
	archiveVersion = 1;
	classes = {
	};
	objectVersion = 46;
	objects = {

/* Begin PBXBuildFile section */
		4F0FED0A169B6FA700C04ADC /* SenTestingKit.framework in Frameworks */ = {isa = PBXBuildFile; fileRef = 4F0FED09169B6FA700C04ADC /* SenTestingKit.framework */; };
		4F0FED0B169B6FA700C04ADC /* UIKit.framework in Frameworks */ = {isa = PBXBuildFile; fileRef = 4FD48DA1154AC95D007880C2 /* UIKit.framework */; };
		4F0FED0C169B6FA700C04ADC /* Foundation.framework in Frameworks */ = {isa = PBXBuildFile; fileRef = 4FD48DA3154AC95D007880C2 /* Foundation.framework */; };
		4F0FED12169B6FA700C04ADC /* InfoPlist.strings in Resources */ = {isa = PBXBuildFile; fileRef = 4F0FED10169B6FA700C04ADC /* InfoPlist.strings */; };
		4F0FED15169B6FA700C04ADC /* Lecture_Capture_Test.m in Sources */ = {isa = PBXBuildFile; fileRef = 4F0FED14169B6FA700C04ADC /* Lecture_Capture_Test.m */; };
		4F0FED1B169B6FBC00C04ADC /* RecorderViewController.m in Sources */ = {isa = PBXBuildFile; fileRef = 4F4545511635F14D0091F335 /* RecorderViewController.m */; };
		4F0FED1C169B6FC000C04ADC /* ScreenCaptureView.m in Sources */ = {isa = PBXBuildFile; fileRef = 4F4545531635F14D0091F335 /* ScreenCaptureView.m */; };
		4F0FED1D169B6FC300C04ADC /* ScreenView.m in Sources */ = {isa = PBXBuildFile; fileRef = 4F4545551635F14D0091F335 /* ScreenView.m */; };
		4F0FED1E169B6FC700C04ADC /* PaintView.m in Sources */ = {isa = PBXBuildFile; fileRef = 4F45455A1635F16D0091F335 /* PaintView.m */; };
		4F0FED1F169B700D00C04ADC /* CoreGraphics.framework in Frameworks */ = {isa = PBXBuildFile; fileRef = 4FD48DA5154AC95D007880C2 /* CoreGraphics.framework */; };
		4F0FED20169B701300C04ADC /* MobileCoreServices.framework in Frameworks */ = {isa = PBXBuildFile; fileRef = 4FD48E2A154B2228007880C2 /* MobileCoreServices.framework */; };
		4F0FED21169B701600C04ADC /* AssetsLibrary.framework in Frameworks */ = {isa = PBXBuildFile; fileRef = 4FD48E2C154B22AF007880C2 /* AssetsLibrary.framework */; };
		4F0FED22169B701900C04ADC /* CoreMedia.framework in Frameworks */ = {isa = PBXBuildFile; fileRef = 4FD48E30154B22E3007880C2 /* CoreMedia.framework */; };
		4F0FED23169B701B00C04ADC /* AVFoundation.framework in Frameworks */ = {isa = PBXBuildFile; fileRef = 4FD48E2E154B22B5007880C2 /* AVFoundation.framework */; };
		4F0FED24169B701F00C04ADC /* CoreVideo.framework in Frameworks */ = {isa = PBXBuildFile; fileRef = 4FD48E32154B22EE007880C2 /* CoreVideo.framework */; };
		4F0FED25169B702500C04ADC /* SystemConfiguration.framework in Frameworks */ = {isa = PBXBuildFile; fileRef = 4FA7279C155B0E18002A2F1D /* SystemConfiguration.framework */; };
		4F0FED26169B702700C04ADC /* CFNetwork.framework in Frameworks */ = {isa = PBXBuildFile; fileRef = 4FA7279E155B0E20002A2F1D /* CFNetwork.framework */; };
		4F0FED27169B702A00C04ADC /* MessageUI.framework in Frameworks */ = {isa = PBXBuildFile; fileRef = 82BD7A58155FBB3400C38637 /* MessageUI.framework */; };
		4F0FED28169B702C00C04ADC /* CoreData.framework in Frameworks */ = {isa = PBXBuildFile; fileRef = 4FD48DD5154AF0A8007880C2 /* CoreData.framework */; };
		4F0FED29169B702F00C04ADC /* Security.framework in Frameworks */ = {isa = PBXBuildFile; fileRef = 4FA72769155B02F6002A2F1D /* Security.framework */; };
		4F0FED2A169B703200C04ADC /* iAd.framework in Frameworks */ = {isa = PBXBuildFile; fileRef = 4F1D995315647BBA002D8F6C /* iAd.framework */; };
		4F0FED2B169B70F300C04ADC /* AudioRecorder.m in Sources */ = {isa = PBXBuildFile; fileRef = 4F45455D1635F1790091F335 /* AudioRecorder.m */; };
		4F0FED2C169B70F500C04ADC /* ViewController.m in Sources */ = {isa = PBXBuildFile; fileRef = 4F45454E1635F12B0091F335 /* ViewController.m */; };
		4F0FED33169B711600C04ADC /* VideoPreview.m in Sources */ = {isa = PBXBuildFile; fileRef = 82EE2720164360F7008F99AE /* VideoPreview.m */; };
		4F0FED35169B712100C04ADC /* LoginRegisterViewController.m in Sources */ = {isa = PBXBuildFile; fileRef = 4F4545601635F1890091F335 /* LoginRegisterViewController.m */; };
		4F0FED3E169B714900C04ADC /* AppDelegate.m in Sources */ = {isa = PBXBuildFile; fileRef = 4F45454B1635F1040091F335 /* AppDelegate.m */; };
		4F0FED3F169B71A400C04ADC /* libz.1.2.5.dylib in Frameworks */ = {isa = PBXBuildFile; fileRef = 4FA7279A155B0DFB002A2F1D /* libz.1.2.5.dylib */; };
		4F0FED66169DB02200C04ADC /* MediaPlayer.framework in Frameworks */ = {isa = PBXBuildFile; fileRef = 4F0FED65169DB02200C04ADC /* MediaPlayer.framework */; };
		4F45454C1635F1040091F335 /* AppDelegate.m in Sources */ = {isa = PBXBuildFile; fileRef = 4F45454B1635F1040091F335 /* AppDelegate.m */; };
		4F45454F1635F12B0091F335 /* ViewController.m in Sources */ = {isa = PBXBuildFile; fileRef = 4F45454E1635F12B0091F335 /* ViewController.m */; };
		4F4545561635F14D0091F335 /* RecorderViewController.m in Sources */ = {isa = PBXBuildFile; fileRef = 4F4545511635F14D0091F335 /* RecorderViewController.m */; };
		4F4545571635F14D0091F335 /* ScreenCaptureView.m in Sources */ = {isa = PBXBuildFile; fileRef = 4F4545531635F14D0091F335 /* ScreenCaptureView.m */; };
		4F4545581635F14D0091F335 /* ScreenView.m in Sources */ = {isa = PBXBuildFile; fileRef = 4F4545551635F14D0091F335 /* ScreenView.m */; };
		4F45455B1635F16D0091F335 /* PaintView.m in Sources */ = {isa = PBXBuildFile; fileRef = 4F45455A1635F16D0091F335 /* PaintView.m */; };
		4F45455E1635F1790091F335 /* AudioRecorder.m in Sources */ = {isa = PBXBuildFile; fileRef = 4F45455D1635F1790091F335 /* AudioRecorder.m */; };
		4F4545611635F1890091F335 /* LoginRegisterViewController.m in Sources */ = {isa = PBXBuildFile; fileRef = 4F4545601635F1890091F335 /* LoginRegisterViewController.m */; };
		4F4545641635F23C0091F335 /* InfoPlist.strings in Resources */ = {isa = PBXBuildFile; fileRef = 4F4545621635F23C0091F335 /* InfoPlist.strings */; };
		4F4545671635F2580091F335 /* MainStoryboard.storyboard in Resources */ = {isa = PBXBuildFile; fileRef = 4F4545651635F2580091F335 /* MainStoryboard.storyboard */; };
		4F65E1CD183E71AB004C5607 /* TJLFetchedResultsSource.m in Sources */ = {isa = PBXBuildFile; fileRef = 4F65E1CC183E71AB004C5607 /* TJLFetchedResultsSource.m */; };
		4F65E1D6183FB58F004C5607 /* WebVideoView.m in Sources */ = {isa = PBXBuildFile; fileRef = 4F65E1D5183FB58F004C5607 /* WebVideoView.m */; };
		4F65E1D9183FCB60004C5607 /* SlideAPI.m in Sources */ = {isa = PBXBuildFile; fileRef = 4F65E1D8183FCB60004C5607 /* SlideAPI.m */; };
		4F65E1DC18400A1B004C5607 /* Lecture.m in Sources */ = {isa = PBXBuildFile; fileRef = 4F65E1DB18400A1B004C5607 /* Lecture.m */; };
		4F65E1FB18400B22004C5607 /* AudioFile.m in Sources */ = {isa = PBXBuildFile; fileRef = 4F65E1FA18400B22004C5607 /* AudioFile.m */; };
		4F65E20118400B23004C5607 /* VideoFile.m in Sources */ = {isa = PBXBuildFile; fileRef = 4F65E20018400B23004C5607 /* VideoFile.m */; };
		4F864BC7183BFA6200C888B8 /* controlsButtonRight.png in Resources */ = {isa = PBXBuildFile; fileRef = 4F864BC6183BFA6200C888B8 /* controlsButtonRight.png */; };
		4F864BCA183BFC8900C888B8 /* addButton.png in Resources */ = {isa = PBXBuildFile; fileRef = 4F864BC8183BFC8900C888B8 /* addButton.png */; };
		4F864BCB183BFC8900C888B8 /* removeButton.png in Resources */ = {isa = PBXBuildFile; fileRef = 4F864BC9183BFC8900C888B8 /* removeButton.png */; };
		4F864BCE183BFFCA00C888B8 /* LectureAPI.m in Sources */ = {isa = PBXBuildFile; fileRef = 4F864BCD183BFFCA00C888B8 /* LectureAPI.m */; };
		4F864BD8183C08CC00C888B8 /* Lecture+Operations.m in Sources */ = {isa = PBXBuildFile; fileRef = 4F864BD7183C08CC00C888B8 /* Lecture+Operations.m */; };
		4F864BDB183C094500C888B8 /* Slide+Operations.m in Sources */ = {isa = PBXBuildFile; fileRef = 4F864BDA183C094500C888B8 /* Slide+Operations.m */; };
		4F864BE7183C1DFA00C888B8 /* ImagePhotoPicker.m in Sources */ = {isa = PBXBuildFile; fileRef = 4F864BE6183C1DFA00C888B8 /* ImagePhotoPicker.m */; };
		4F864C00183D73C100C888B8 /* SlideCell.m in Sources */ = {isa = PBXBuildFile; fileRef = 4F864BFF183D73C100C888B8 /* SlideCell.m */; };
		4F864C07183E62BB00C888B8 /* NonRotatingImagePicker.m in Sources */ = {isa = PBXBuildFile; fileRef = 4F864C06183E62BB00C888B8 /* NonRotatingImagePicker.m */; };
		4F98B32418368FA1006EBBC1 /* recorde76.png in Resources */ = {isa = PBXBuildFile; fileRef = 4F98B32218368FA1006EBBC1 /* recorde76.png */; };
		4F98B32518368FA1006EBBC1 /* recorder156.png in Resources */ = {isa = PBXBuildFile; fileRef = 4F98B32318368FA1006EBBC1 /* recorder156.png */; };
		4F9D58ED18205A8C000A004F /* InfoViewController.m in Sources */ = {isa = PBXBuildFile; fileRef = 4F9D58EA18205A8C000A004F /* InfoViewController.m */; };
		4F9D58EE18205A8C000A004F /* LectureCapturePDF.pdf in Resources */ = {isa = PBXBuildFile; fileRef = 4F9D58EC18205A8C000A004F /* LectureCapturePDF.pdf */; };
		4F9D590E18205AA8000A004F /* cloud_download.png in Resources */ = {isa = PBXBuildFile; fileRef = 4F9D58EF18205AA8000A004F /* cloud_download.png */; };
		4F9D590F18205AA8000A004F /* cloud_upload.png in Resources */ = {isa = PBXBuildFile; fileRef = 4F9D58F018205AA8000A004F /* cloud_upload.png */; };
		4F9D591018205AA8000A004F /* plus.png in Resources */ = {isa = PBXBuildFile; fileRef = 4F9D58F118205AA8000A004F /* plus.png */; };
		4F9D591118205AA8000A004F /* controlsButtonBack.png in Resources */ = {isa = PBXBuildFile; fileRef = 4F9D58F218205AA8000A004F /* controlsButtonBack.png */; };
		4F9D591218205AA8000A004F /* doneButton.png in Resources */ = {isa = PBXBuildFile; fileRef = 4F9D58F318205AA8000A004F /* doneButton.png */; };
		4F9D591318205AA8000A004F /* pauseButton.png in Resources */ = {isa = PBXBuildFile; fileRef = 4F9D58F418205AA8000A004F /* pauseButton.png */; };
		4F9D591418205AA8000A004F /* recordButton.png in Resources */ = {isa = PBXBuildFile; fileRef = 4F9D58F518205AA8000A004F /* recordButton.png */; };
		4F9D591518205AA8000A004F /* graphpaper.png in Resources */ = {isa = PBXBuildFile; fileRef = 4F9D58F618205AA8000A004F /* graphpaper.png */; };
		4F9D591618205AA8000A004F /* linepaper.png in Resources */ = {isa = PBXBuildFile; fileRef = 4F9D58F718205AA8000A004F /* linepaper.png */; };
		4F9D591718205AA8000A004F /* illus.png in Resources */ = {isa = PBXBuildFile; fileRef = 4F9D58F818205AA8000A004F /* illus.png */; };
		4F9D591818205AA8000A004F /* screen.png in Resources */ = {isa = PBXBuildFile; fileRef = 4F9D58F918205AA8000A004F /* screen.png */; };
		4F9D591918205AA8000A004F /* camera.png in Resources */ = {isa = PBXBuildFile; fileRef = 4F9D58FA18205AA8000A004F /* camera.png */; };
		4F9D591A18205AA8000A004F /* buttonBackRed.png in Resources */ = {isa = PBXBuildFile; fileRef = 4F9D58FB18205AA8000A004F /* buttonBackRed.png */; };
		4F9D591B18205AA8000A004F /* buttonBackBlack.png in Resources */ = {isa = PBXBuildFile; fileRef = 4F9D58FC18205AA8000A004F /* buttonBackBlack.png */; };
		4F9D591C18205AA8000A004F /* eraserSelected.png in Resources */ = {isa = PBXBuildFile; fileRef = 4F9D58FD18205AA8000A004F /* eraserSelected.png */; };
		4F9D591D18205AA8000A004F /* Eraser-icon.png in Resources */ = {isa = PBXBuildFile; fileRef = 4F9D58FE18205AA8000A004F /* Eraser-icon.png */; };
		4F9D591E18205AA8000A004F /* resizeBtn.png in Resources */ = {isa = PBXBuildFile; fileRef = 4F9D58FF18205AA8000A004F /* resizeBtn.png */; };
		4F9D591F18205AA8000A004F /* recorder144.png in Resources */ = {isa = PBXBuildFile; fileRef = 4F9D590018205AA8000A004F /* recorder144.png */; };
		4F9D592218205AA8000A004F /* recorder72.png in Resources */ = {isa = PBXBuildFile; fileRef = 4F9D590318205AA8000A004F /* recorder72.png */; };
		4F9D592318205AA8000A004F /* recorder512.png in Resources */ = {isa = PBXBuildFile; fileRef = 4F9D590418205AA8000A004F /* recorder512.png */; };
		4F9D592418205AA8000A004F /* buttonBack.png in Resources */ = {isa = PBXBuildFile; fileRef = 4F9D590518205AA8000A004F /* buttonBack.png */; };
		4F9D592518205AA8000A004F /* Default-Landscape~ipad.png in Resources */ = {isa = PBXBuildFile; fileRef = 4F9D590618205AA8000A004F /* Default-Landscape~ipad.png */; };
		4F9D592618205AA8000A004F /* Default.psd in Resources */ = {isa = PBXBuildFile; fileRef = 4F9D590718205AA8000A004F /* Default.psd */; };
		4F9D592718205AA8000A004F /* video.png in Resources */ = {isa = PBXBuildFile; fileRef = 4F9D590818205AA8000A004F /* video.png */; };
		4F9D592818205AA8000A004F /* font_24.png in Resources */ = {isa = PBXBuildFile; fileRef = 4F9D590918205AA8000A004F /* font_24.png */; };
		4F9D592918205AA8000A004F /* video_24.png in Resources */ = {isa = PBXBuildFile; fileRef = 4F9D590A18205AA8000A004F /* video_24.png */; };
		4F9D592A18205AA8000A004F /* delete_24.png in Resources */ = {isa = PBXBuildFile; fileRef = 4F9D590B18205AA8000A004F /* delete_24.png */; };
		4F9D592B18205AA8000A004F /* man_24.png in Resources */ = {isa = PBXBuildFile; fileRef = 4F9D590C18205AA8000A004F /* man_24.png */; };
		4F9D592C18205AA8000A004F /* cancel_24.png in Resources */ = {isa = PBXBuildFile; fileRef = 4F9D590D18205AA8000A004F /* cancel_24.png */; };
		4F9D593818205AFB000A004F /* IOHelper.m in Sources */ = {isa = PBXBuildFile; fileRef = 4F9D592D18205AFB000A004F /* IOHelper.m */; };
		4F9D593918205AFB000A004F /* Utilities.m in Sources */ = {isa = PBXBuildFile; fileRef = 4F9D592E18205AFB000A004F /* Utilities.m */; };
		4F9D593A18205AFB000A004F /* Video.m in Sources */ = {isa = PBXBuildFile; fileRef = 4F9D593218205AFB000A004F /* Video.m */; };
		4F9D593B18205AFB000A004F /* Manager.m in Sources */ = {isa = PBXBuildFile; fileRef = 4F9D593418205AFB000A004F /* Manager.m */; };
		4F9D593C18205AFB000A004F /* NewModel.xcdatamodeld in Sources */ = {isa = PBXBuildFile; fileRef = 4F9D593518205AFB000A004F /* NewModel.xcdatamodeld */; };
		4F9D595018205B72000A004F /* AFHTTPClient.m in Sources */ = {isa = PBXBuildFile; fileRef = 4F9D593E18205B72000A004F /* AFHTTPClient.m */; };
		4F9D595118205B72000A004F /* AFHTTPRequestOperation.m in Sources */ = {isa = PBXBuildFile; fileRef = 4F9D594018205B72000A004F /* AFHTTPRequestOperation.m */; };
		4F9D595218205B72000A004F /* AFImageRequestOperation.m in Sources */ = {isa = PBXBuildFile; fileRef = 4F9D594218205B72000A004F /* AFImageRequestOperation.m */; };
		4F9D595318205B72000A004F /* AFJSONRequestOperation.m in Sources */ = {isa = PBXBuildFile; fileRef = 4F9D594418205B72000A004F /* AFJSONRequestOperation.m */; };
		4F9D595418205B72000A004F /* AFNetworkActivityIndicatorManager.m in Sources */ = {isa = PBXBuildFile; fileRef = 4F9D594618205B72000A004F /* AFNetworkActivityIndicatorManager.m */; };
		4F9D595518205B72000A004F /* AFPropertyListRequestOperation.m in Sources */ = {isa = PBXBuildFile; fileRef = 4F9D594918205B72000A004F /* AFPropertyListRequestOperation.m */; };
		4F9D595618205B72000A004F /* AFURLConnectionOperation.m in Sources */ = {isa = PBXBuildFile; fileRef = 4F9D594B18205B72000A004F /* AFURLConnectionOperation.m */; };
		4F9D595718205B72000A004F /* AFXMLRequestOperation.m in Sources */ = {isa = PBXBuildFile; fileRef = 4F9D594D18205B72000A004F /* AFXMLRequestOperation.m */; };
		4F9D595818205B72000A004F /* UIImageView+AFNetworking.m in Sources */ = {isa = PBXBuildFile; fileRef = 4F9D594F18205B72000A004F /* UIImageView+AFNetworking.m */; };
		4F9D596618205B91000A004F /* ILView.m in Sources */ = {isa = PBXBuildFile; fileRef = 4F9D595A18205B91000A004F /* ILView.m */; };
		4F9D596718205B91000A004F /* ILColorPickerDualExampleController.m in Sources */ = {isa = PBXBuildFile; fileRef = 4F9D595B18205B91000A004F /* ILColorPickerDualExampleController.m */; };
		4F9D596818205B91000A004F /* ILColorPickerDualExampleController.xib in Resources */ = {isa = PBXBuildFile; fileRef = 4F9D595C18205B91000A004F /* ILColorPickerDualExampleController.xib */; };
		4F9D596918205B91000A004F /* ILColorPickerView.m in Sources */ = {isa = PBXBuildFile; fileRef = 4F9D595F18205B91000A004F /* ILColorPickerView.m */; };
		4F9D596A18205B91000A004F /* ILHuePickerView.m in Sources */ = {isa = PBXBuildFile; fileRef = 4F9D596118205B91000A004F /* ILHuePickerView.m */; };
		4F9D596B18205B91000A004F /* ILSaturationBrightnessPickerView.m in Sources */ = {isa = PBXBuildFile; fileRef = 4F9D596318205B91000A004F /* ILSaturationBrightnessPickerView.m */; };
		4F9D596C18205B91000A004F /* UIColor+GetHSB.m in Sources */ = {isa = PBXBuildFile; fileRef = 4F9D596518205B91000A004F /* UIColor+GetHSB.m */; };
		4F9D597518205C17000A004F /* UIImageAddition.m in Sources */ = {isa = PBXBuildFile; fileRef = 4F9D596E18205C17000A004F /* UIImageAddition.m */; };
		4F9D597618205C17000A004F /* UIImage+Alpha.m in Sources */ = {isa = PBXBuildFile; fileRef = 4F9D596F18205C17000A004F /* UIImage+Alpha.m */; };
		4F9D597718205C17000A004F /* UIImage+RoundedCorner.m in Sources */ = {isa = PBXBuildFile; fileRef = 4F9D597018205C17000A004F /* UIImage+RoundedCorner.m */; };
		4F9D597818205C17000A004F /* UIImage+Resize.m in Sources */ = {isa = PBXBuildFile; fileRef = 4F9D597118205C17000A004F /* UIImage+Resize.m */; };
		4F9D597F18205C43000A004F /* CameraPicker.m in Sources */ = {isa = PBXBuildFile; fileRef = 4F9D597918205C43000A004F /* CameraPicker.m */; };
		4F9D598018205C43000A004F /* AVCaptureHelper.m in Sources */ = {isa = PBXBuildFile; fileRef = 4F9D597B18205C43000A004F /* AVCaptureHelper.m */; };
		4F9D598118205C43000A004F /* CaptureSessionManager.m in Sources */ = {isa = PBXBuildFile; fileRef = 4F9D597D18205C43000A004F /* CaptureSessionManager.m */; };
		4FA7276A155B02F6002A2F1D /* Security.framework in Frameworks */ = {isa = PBXBuildFile; fileRef = 4FA72769155B02F6002A2F1D /* Security.framework */; };
		4FA7279B155B0DFB002A2F1D /* libz.1.2.5.dylib in Frameworks */ = {isa = PBXBuildFile; fileRef = 4FA7279A155B0DFB002A2F1D /* libz.1.2.5.dylib */; };
		4FA7279D155B0E18002A2F1D /* SystemConfiguration.framework in Frameworks */ = {isa = PBXBuildFile; fileRef = 4FA7279C155B0E18002A2F1D /* SystemConfiguration.framework */; };
		4FA7279F155B0E20002A2F1D /* CFNetwork.framework in Frameworks */ = {isa = PBXBuildFile; fileRef = 4FA7279E155B0E20002A2F1D /* CFNetwork.framework */; };
		4FD48DA2154AC95D007880C2 /* UIKit.framework in Frameworks */ = {isa = PBXBuildFile; fileRef = 4FD48DA1154AC95D007880C2 /* UIKit.framework */; };
		4FD48DA4154AC95D007880C2 /* Foundation.framework in Frameworks */ = {isa = PBXBuildFile; fileRef = 4FD48DA3154AC95D007880C2 /* Foundation.framework */; };
		4FD48DA6154AC95D007880C2 /* CoreGraphics.framework in Frameworks */ = {isa = PBXBuildFile; fileRef = 4FD48DA5154AC95D007880C2 /* CoreGraphics.framework */; };
		4FD48DAE154AC95D007880C2 /* main.m in Sources */ = {isa = PBXBuildFile; fileRef = 4FD48DAD154AC95D007880C2 /* main.m */; };
		4FD48DD6154AF0A8007880C2 /* CoreData.framework in Frameworks */ = {isa = PBXBuildFile; fileRef = 4FD48DD5154AF0A8007880C2 /* CoreData.framework */; };
		4FD48E2B154B2228007880C2 /* MobileCoreServices.framework in Frameworks */ = {isa = PBXBuildFile; fileRef = 4FD48E2A154B2228007880C2 /* MobileCoreServices.framework */; };
		4FD48E2D154B22AF007880C2 /* AssetsLibrary.framework in Frameworks */ = {isa = PBXBuildFile; fileRef = 4FD48E2C154B22AF007880C2 /* AssetsLibrary.framework */; };
		4FD48E2F154B22B5007880C2 /* AVFoundation.framework in Frameworks */ = {isa = PBXBuildFile; fileRef = 4FD48E2E154B22B5007880C2 /* AVFoundation.framework */; };
		4FD48E31154B22E3007880C2 /* CoreMedia.framework in Frameworks */ = {isa = PBXBuildFile; fileRef = 4FD48E30154B22E3007880C2 /* CoreMedia.framework */; };
		4FD48E33154B22EE007880C2 /* CoreVideo.framework in Frameworks */ = {isa = PBXBuildFile; fileRef = 4FD48E32154B22EE007880C2 /* CoreVideo.framework */; };
		4FD724FE174D6E870005D782 /* NetworkHelper.m in Sources */ = {isa = PBXBuildFile; fileRef = 4FD724FD174D6E870005D782 /* NetworkHelper.m */; };
		6AB66A8110B84AF4AD337C54 /* libPods.a in Frameworks */ = {isa = PBXBuildFile; fileRef = D8C37B7E03D6432B8FD7DF0A /* libPods.a */; };
		8282D685176673BB00F82722 /* CustomTableButton.m in Sources */ = {isa = PBXBuildFile; fileRef = 8282D684176673BB00F82722 /* CustomTableButton.m */; };
		82BD7A59155FBB3400C38637 /* MessageUI.framework in Frameworks */ = {isa = PBXBuildFile; fileRef = 82BD7A58155FBB3400C38637 /* MessageUI.framework */; };
		82EA442A185E8BC6007FBC6E /* LSCollectionViewHelper.m in Sources */ = {isa = PBXBuildFile; fileRef = 82EA4420185E8BC6007FBC6E /* LSCollectionViewHelper.m */; };
		82EA442B185E8BC6007FBC6E /* LSCollectionViewLayoutHelper.m in Sources */ = {isa = PBXBuildFile; fileRef = 82EA4422185E8BC6007FBC6E /* LSCollectionViewLayoutHelper.m */; };
		82EA442C185E8BC6007FBC6E /* DraggableCollectionViewFlowLayout.m in Sources */ = {isa = PBXBuildFile; fileRef = 82EA4425185E8BC6007FBC6E /* DraggableCollectionViewFlowLayout.m */; };
		82EA442D185E8BC6007FBC6E /* UICollectionView+Draggable.m in Sources */ = {isa = PBXBuildFile; fileRef = 82EA4427185E8BC6007FBC6E /* UICollectionView+Draggable.m */; };
		82EE2721164360F7008F99AE /* VideoPreview.m in Sources */ = {isa = PBXBuildFile; fileRef = 82EE2720164360F7008F99AE /* VideoPreview.m */; };
		82F215CA184D858100406EDC /* Slide.m in Sources */ = {isa = PBXBuildFile; fileRef = 82F215C9184D858100406EDC /* Slide.m */; };
		B7AC82791835FC9300FAF74F /* QuartzCore.framework in Frameworks */ = {isa = PBXBuildFile; fileRef = B7AC82781835FC9300FAF74F /* QuartzCore.framework */; };
/* End PBXBuildFile section */

/* Begin PBXContainerItemProxy section */
		4F0FED4A169B72F600C04ADC /* PBXContainerItemProxy */ = {
			isa = PBXContainerItemProxy;
			containerPortal = 4FD48D94154AC95D007880C2 /* Project object */;
			proxyType = 1;
			remoteGlobalIDString = 4FD48D9C154AC95D007880C2;
			remoteInfo = "Lecture Capture";
		};
/* End PBXContainerItemProxy section */

/* Begin PBXFileReference section */
		4F0FED08169B6FA700C04ADC /* Lecture Capture Test.octest */ = {isa = PBXFileReference; explicitFileType = wrapper.cfbundle; includeInIndex = 0; path = "Lecture Capture Test.octest"; sourceTree = BUILT_PRODUCTS_DIR; };
		4F0FED09169B6FA700C04ADC /* SenTestingKit.framework */ = {isa = PBXFileReference; lastKnownFileType = wrapper.framework; name = SenTestingKit.framework; path = Library/Frameworks/SenTestingKit.framework; sourceTree = DEVELOPER_DIR; };
		4F0FED0F169B6FA700C04ADC /* Lecture Capture Test-Info.plist */ = {isa = PBXFileReference; lastKnownFileType = text.plist.xml; path = "Lecture Capture Test-Info.plist"; sourceTree = "<group>"; };
		4F0FED11169B6FA700C04ADC /* en */ = {isa = PBXFileReference; lastKnownFileType = text.plist.strings; name = en; path = en.lproj/InfoPlist.strings; sourceTree = "<group>"; };
		4F0FED13169B6FA700C04ADC /* Lecture_Capture_Test.h */ = {isa = PBXFileReference; lastKnownFileType = sourcecode.c.h; path = Lecture_Capture_Test.h; sourceTree = "<group>"; };
		4F0FED14169B6FA700C04ADC /* Lecture_Capture_Test.m */ = {isa = PBXFileReference; lastKnownFileType = sourcecode.c.objc; path = Lecture_Capture_Test.m; sourceTree = "<group>"; };
		4F0FED16169B6FA700C04ADC /* Lecture Capture Test-Prefix.pch */ = {isa = PBXFileReference; lastKnownFileType = sourcecode.c.h; path = "Lecture Capture Test-Prefix.pch"; sourceTree = "<group>"; };
		4F0FED65169DB02200C04ADC /* MediaPlayer.framework */ = {isa = PBXFileReference; lastKnownFileType = wrapper.framework; name = MediaPlayer.framework; path = System/Library/Frameworks/MediaPlayer.framework; sourceTree = SDKROOT; };
		4F1D995315647BBA002D8F6C /* iAd.framework */ = {isa = PBXFileReference; lastKnownFileType = wrapper.framework; name = iAd.framework; path = System/Library/Frameworks/iAd.framework; sourceTree = SDKROOT; };
		4F4545491635F0EA0091F335 /* AppDelegate.h */ = {isa = PBXFileReference; fileEncoding = 4; lastKnownFileType = sourcecode.c.h; path = AppDelegate.h; sourceTree = "<group>"; };
		4F45454B1635F1040091F335 /* AppDelegate.m */ = {isa = PBXFileReference; fileEncoding = 4; lastKnownFileType = sourcecode.c.objc; path = AppDelegate.m; sourceTree = "<group>"; };
		4F45454D1635F12B0091F335 /* ViewController.h */ = {isa = PBXFileReference; fileEncoding = 4; lastKnownFileType = sourcecode.c.h; path = ViewController.h; sourceTree = "<group>"; };
		4F45454E1635F12B0091F335 /* ViewController.m */ = {isa = PBXFileReference; fileEncoding = 4; lastKnownFileType = sourcecode.c.objc; path = ViewController.m; sourceTree = "<group>"; };
		4F4545501635F14D0091F335 /* RecorderViewController.h */ = {isa = PBXFileReference; fileEncoding = 4; lastKnownFileType = sourcecode.c.h; path = RecorderViewController.h; sourceTree = "<group>"; };
		4F4545511635F14D0091F335 /* RecorderViewController.m */ = {isa = PBXFileReference; fileEncoding = 4; lastKnownFileType = sourcecode.c.objc; path = RecorderViewController.m; sourceTree = "<group>"; };
		4F4545521635F14D0091F335 /* ScreenCaptureView.h */ = {isa = PBXFileReference; fileEncoding = 4; lastKnownFileType = sourcecode.c.h; path = ScreenCaptureView.h; sourceTree = "<group>"; };
		4F4545531635F14D0091F335 /* ScreenCaptureView.m */ = {isa = PBXFileReference; fileEncoding = 4; lastKnownFileType = sourcecode.c.objc; path = ScreenCaptureView.m; sourceTree = "<group>"; };
		4F4545541635F14D0091F335 /* ScreenView.h */ = {isa = PBXFileReference; fileEncoding = 4; lastKnownFileType = sourcecode.c.h; path = ScreenView.h; sourceTree = "<group>"; };
		4F4545551635F14D0091F335 /* ScreenView.m */ = {isa = PBXFileReference; fileEncoding = 4; lastKnownFileType = sourcecode.c.objc; path = ScreenView.m; sourceTree = "<group>"; };
		4F4545591635F16D0091F335 /* PaintView.h */ = {isa = PBXFileReference; fileEncoding = 4; lastKnownFileType = sourcecode.c.h; path = PaintView.h; sourceTree = "<group>"; };
		4F45455A1635F16D0091F335 /* PaintView.m */ = {isa = PBXFileReference; fileEncoding = 4; lastKnownFileType = sourcecode.c.objc; path = PaintView.m; sourceTree = "<group>"; };
		4F45455C1635F1790091F335 /* AudioRecorder.h */ = {isa = PBXFileReference; fileEncoding = 4; lastKnownFileType = sourcecode.c.h; path = AudioRecorder.h; sourceTree = "<group>"; };
		4F45455D1635F1790091F335 /* AudioRecorder.m */ = {isa = PBXFileReference; fileEncoding = 4; lastKnownFileType = sourcecode.c.objc; path = AudioRecorder.m; sourceTree = "<group>"; };
		4F45455F1635F1890091F335 /* LoginRegisterViewController.h */ = {isa = PBXFileReference; fileEncoding = 4; lastKnownFileType = sourcecode.c.h; name = LoginRegisterViewController.h; path = Recorder/LoginRegisterViewController.h; sourceTree = "<group>"; };
		4F4545601635F1890091F335 /* LoginRegisterViewController.m */ = {isa = PBXFileReference; fileEncoding = 4; lastKnownFileType = sourcecode.c.objc; name = LoginRegisterViewController.m; path = Recorder/LoginRegisterViewController.m; sourceTree = "<group>"; };
		4F4545631635F23C0091F335 /* en */ = {isa = PBXFileReference; lastKnownFileType = text.plist.strings; name = en; path = en.lproj/InfoPlist.strings; sourceTree = "<group>"; };
		4F4545661635F2580091F335 /* en */ = {isa = PBXFileReference; lastKnownFileType = file.storyboard; name = en; path = en.lproj/MainStoryboard.storyboard; sourceTree = "<group>"; };
		4F65E1CB183E71AB004C5607 /* TJLFetchedResultsSource.h */ = {isa = PBXFileReference; fileEncoding = 4; lastKnownFileType = sourcecode.c.h; path = TJLFetchedResultsSource.h; sourceTree = "<group>"; };
		4F65E1CC183E71AB004C5607 /* TJLFetchedResultsSource.m */ = {isa = PBXFileReference; fileEncoding = 4; lastKnownFileType = sourcecode.c.objc; path = TJLFetchedResultsSource.m; sourceTree = "<group>"; };
		4F65E1D4183FB58F004C5607 /* WebVideoView.h */ = {isa = PBXFileReference; fileEncoding = 4; lastKnownFileType = sourcecode.c.h; name = WebVideoView.h; path = WebVideoView/WebVideoView.h; sourceTree = "<group>"; };
		4F65E1D5183FB58F004C5607 /* WebVideoView.m */ = {isa = PBXFileReference; fileEncoding = 4; lastKnownFileType = sourcecode.c.objc; name = WebVideoView.m; path = WebVideoView/WebVideoView.m; sourceTree = "<group>"; };
		4F65E1D7183FCB60004C5607 /* SlideAPI.h */ = {isa = PBXFileReference; fileEncoding = 4; lastKnownFileType = sourcecode.c.h; path = SlideAPI.h; sourceTree = "<group>"; };
		4F65E1D8183FCB60004C5607 /* SlideAPI.m */ = {isa = PBXFileReference; fileEncoding = 4; lastKnownFileType = sourcecode.c.objc; path = SlideAPI.m; sourceTree = "<group>"; };
		4F65E1DA18400A1B004C5607 /* Lecture.h */ = {isa = PBXFileReference; fileEncoding = 4; lastKnownFileType = sourcecode.c.h; path = Lecture.h; sourceTree = "<group>"; };
		4F65E1DB18400A1B004C5607 /* Lecture.m */ = {isa = PBXFileReference; fileEncoding = 4; lastKnownFileType = sourcecode.c.objc; path = Lecture.m; sourceTree = "<group>"; };
		4F65E1F918400B22004C5607 /* AudioFile.h */ = {isa = PBXFileReference; fileEncoding = 4; lastKnownFileType = sourcecode.c.h; path = AudioFile.h; sourceTree = "<group>"; };
		4F65E1FA18400B22004C5607 /* AudioFile.m */ = {isa = PBXFileReference; fileEncoding = 4; lastKnownFileType = sourcecode.c.objc; path = AudioFile.m; sourceTree = "<group>"; };
		4F65E1FF18400B23004C5607 /* VideoFile.h */ = {isa = PBXFileReference; fileEncoding = 4; lastKnownFileType = sourcecode.c.h; path = VideoFile.h; sourceTree = "<group>"; };
		4F65E20018400B23004C5607 /* VideoFile.m */ = {isa = PBXFileReference; fileEncoding = 4; lastKnownFileType = sourcecode.c.objc; path = VideoFile.m; sourceTree = "<group>"; };
		4F864BC6183BFA6200C888B8 /* controlsButtonRight.png */ = {isa = PBXFileReference; lastKnownFileType = image.png; name = controlsButtonRight.png; path = Images/controlsButtonRight.png; sourceTree = "<group>"; };
		4F864BC8183BFC8900C888B8 /* addButton.png */ = {isa = PBXFileReference; lastKnownFileType = image.png; path = addButton.png; sourceTree = "<group>"; };
		4F864BC9183BFC8900C888B8 /* removeButton.png */ = {isa = PBXFileReference; lastKnownFileType = image.png; path = removeButton.png; sourceTree = "<group>"; };
		4F864BCC183BFFCA00C888B8 /* LectureAPI.h */ = {isa = PBXFileReference; fileEncoding = 4; lastKnownFileType = sourcecode.c.h; name = LectureAPI.h; path = Recorder/LectureAPI.h; sourceTree = "<group>"; };
		4F864BCD183BFFCA00C888B8 /* LectureAPI.m */ = {isa = PBXFileReference; fileEncoding = 4; lastKnownFileType = sourcecode.c.objc; name = LectureAPI.m; path = Recorder/LectureAPI.m; sourceTree = "<group>"; };
		4F864BD6183C08CC00C888B8 /* Lecture+Operations.h */ = {isa = PBXFileReference; fileEncoding = 4; lastKnownFileType = sourcecode.c.h; name = "Lecture+Operations.h"; path = "Recorder/Lecture+Operations.h"; sourceTree = "<group>"; };
		4F864BD7183C08CC00C888B8 /* Lecture+Operations.m */ = {isa = PBXFileReference; fileEncoding = 4; lastKnownFileType = sourcecode.c.objc; name = "Lecture+Operations.m"; path = "Recorder/Lecture+Operations.m"; sourceTree = "<group>"; };
		4F864BD9183C094500C888B8 /* Slide+Operations.h */ = {isa = PBXFileReference; fileEncoding = 4; lastKnownFileType = sourcecode.c.h; name = "Slide+Operations.h"; path = "Recorder/Slide+Operations.h"; sourceTree = "<group>"; };
		4F864BDA183C094500C888B8 /* Slide+Operations.m */ = {isa = PBXFileReference; fileEncoding = 4; lastKnownFileType = sourcecode.c.objc; name = "Slide+Operations.m"; path = "Recorder/Slide+Operations.m"; sourceTree = "<group>"; };
		4F864BE5183C1DFA00C888B8 /* ImagePhotoPicker.h */ = {isa = PBXFileReference; fileEncoding = 4; lastKnownFileType = sourcecode.c.h; path = ImagePhotoPicker.h; sourceTree = "<group>"; };
		4F864BE6183C1DFA00C888B8 /* ImagePhotoPicker.m */ = {isa = PBXFileReference; fileEncoding = 4; lastKnownFileType = sourcecode.c.objc; path = ImagePhotoPicker.m; sourceTree = "<group>"; };
		4F864BFE183D73C100C888B8 /* SlideCell.h */ = {isa = PBXFileReference; fileEncoding = 4; lastKnownFileType = sourcecode.c.h; path = SlideCell.h; sourceTree = "<group>"; };
		4F864BFF183D73C100C888B8 /* SlideCell.m */ = {isa = PBXFileReference; fileEncoding = 4; lastKnownFileType = sourcecode.c.objc; path = SlideCell.m; sourceTree = "<group>"; };
		4F864C05183E62BB00C888B8 /* NonRotatingImagePicker.h */ = {isa = PBXFileReference; fileEncoding = 4; lastKnownFileType = sourcecode.c.h; name = NonRotatingImagePicker.h; path = Recorder/NonRotatingImagePicker.h; sourceTree = "<group>"; };
		4F864C06183E62BB00C888B8 /* NonRotatingImagePicker.m */ = {isa = PBXFileReference; fileEncoding = 4; lastKnownFileType = sourcecode.c.objc; name = NonRotatingImagePicker.m; path = Recorder/NonRotatingImagePicker.m; sourceTree = "<group>"; };
		4F98B32218368FA1006EBBC1 /* recorde76.png */ = {isa = PBXFileReference; lastKnownFileType = image.png; name = recorde76.png; path = Images/recorde76.png; sourceTree = "<group>"; };
		4F98B32318368FA1006EBBC1 /* recorder156.png */ = {isa = PBXFileReference; lastKnownFileType = image.png; name = recorder156.png; path = Images/recorder156.png; sourceTree = "<group>"; };
		4F9D58EA18205A8C000A004F /* InfoViewController.m */ = {isa = PBXFileReference; fileEncoding = 4; lastKnownFileType = sourcecode.c.objc; path = InfoViewController.m; sourceTree = "<group>"; };
		4F9D58EB18205A8C000A004F /* InfoViewController.h */ = {isa = PBXFileReference; fileEncoding = 4; lastKnownFileType = sourcecode.c.h; path = InfoViewController.h; sourceTree = "<group>"; };
		4F9D58EC18205A8C000A004F /* LectureCapturePDF.pdf */ = {isa = PBXFileReference; lastKnownFileType = image.pdf; name = LectureCapturePDF.pdf; path = Recorder/LectureCapturePDF.pdf; sourceTree = "<group>"; };
		4F9D58EF18205AA8000A004F /* cloud_download.png */ = {isa = PBXFileReference; lastKnownFileType = image.png; name = cloud_download.png; path = Images/cloud_download.png; sourceTree = "<group>"; };
		4F9D58F018205AA8000A004F /* cloud_upload.png */ = {isa = PBXFileReference; lastKnownFileType = image.png; name = cloud_upload.png; path = Images/cloud_upload.png; sourceTree = "<group>"; };
		4F9D58F118205AA8000A004F /* plus.png */ = {isa = PBXFileReference; lastKnownFileType = image.png; name = plus.png; path = Images/plus.png; sourceTree = "<group>"; };
		4F9D58F218205AA8000A004F /* controlsButtonBack.png */ = {isa = PBXFileReference; lastKnownFileType = image.png; name = controlsButtonBack.png; path = Images/controlsButtonBack.png; sourceTree = "<group>"; };
		4F9D58F318205AA8000A004F /* doneButton.png */ = {isa = PBXFileReference; lastKnownFileType = image.png; name = doneButton.png; path = Images/doneButton.png; sourceTree = "<group>"; };
		4F9D58F418205AA8000A004F /* pauseButton.png */ = {isa = PBXFileReference; lastKnownFileType = image.png; name = pauseButton.png; path = Images/pauseButton.png; sourceTree = "<group>"; };
		4F9D58F518205AA8000A004F /* recordButton.png */ = {isa = PBXFileReference; lastKnownFileType = image.png; name = recordButton.png; path = Images/recordButton.png; sourceTree = "<group>"; };
		4F9D58F618205AA8000A004F /* graphpaper.png */ = {isa = PBXFileReference; lastKnownFileType = image.png; name = graphpaper.png; path = Images/graphpaper.png; sourceTree = "<group>"; };
		4F9D58F718205AA8000A004F /* linepaper.png */ = {isa = PBXFileReference; lastKnownFileType = image.png; name = linepaper.png; path = Images/linepaper.png; sourceTree = "<group>"; };
		4F9D58F818205AA8000A004F /* illus.png */ = {isa = PBXFileReference; lastKnownFileType = image.png; name = illus.png; path = Images/illus.png; sourceTree = "<group>"; };
		4F9D58F918205AA8000A004F /* screen.png */ = {isa = PBXFileReference; lastKnownFileType = image.png; name = screen.png; path = Images/screen.png; sourceTree = "<group>"; };
		4F9D58FA18205AA8000A004F /* camera.png */ = {isa = PBXFileReference; lastKnownFileType = image.png; name = camera.png; path = Images/camera.png; sourceTree = "<group>"; };
		4F9D58FB18205AA8000A004F /* buttonBackRed.png */ = {isa = PBXFileReference; lastKnownFileType = image.png; name = buttonBackRed.png; path = Images/buttonBackRed.png; sourceTree = "<group>"; };
		4F9D58FC18205AA8000A004F /* buttonBackBlack.png */ = {isa = PBXFileReference; lastKnownFileType = image.png; name = buttonBackBlack.png; path = Images/buttonBackBlack.png; sourceTree = "<group>"; };
		4F9D58FD18205AA8000A004F /* eraserSelected.png */ = {isa = PBXFileReference; lastKnownFileType = image.png; name = eraserSelected.png; path = Images/eraserSelected.png; sourceTree = "<group>"; };
		4F9D58FE18205AA8000A004F /* Eraser-icon.png */ = {isa = PBXFileReference; lastKnownFileType = image.png; name = "Eraser-icon.png"; path = "Images/Eraser-icon.png"; sourceTree = "<group>"; };
		4F9D58FF18205AA8000A004F /* resizeBtn.png */ = {isa = PBXFileReference; lastKnownFileType = image.png; name = resizeBtn.png; path = Images/resizeBtn.png; sourceTree = "<group>"; };
		4F9D590018205AA8000A004F /* recorder144.png */ = {isa = PBXFileReference; lastKnownFileType = image.png; name = recorder144.png; path = Images/recorder144.png; sourceTree = "<group>"; };
		4F9D590318205AA8000A004F /* recorder72.png */ = {isa = PBXFileReference; lastKnownFileType = image.png; name = recorder72.png; path = Images/recorder72.png; sourceTree = "<group>"; };
		4F9D590418205AA8000A004F /* recorder512.png */ = {isa = PBXFileReference; lastKnownFileType = image.png; name = recorder512.png; path = Images/recorder512.png; sourceTree = "<group>"; };
		4F9D590518205AA8000A004F /* buttonBack.png */ = {isa = PBXFileReference; lastKnownFileType = image.png; name = buttonBack.png; path = Images/buttonBack.png; sourceTree = "<group>"; };
		4F9D590618205AA8000A004F /* Default-Landscape~ipad.png */ = {isa = PBXFileReference; lastKnownFileType = image.png; name = "Default-Landscape~ipad.png"; path = "Images/Default-Landscape~ipad.png"; sourceTree = "<group>"; };
		4F9D590718205AA8000A004F /* Default.psd */ = {isa = PBXFileReference; lastKnownFileType = file; name = Default.psd; path = Images/Default.psd; sourceTree = "<group>"; };
		4F9D590818205AA8000A004F /* video.png */ = {isa = PBXFileReference; lastKnownFileType = image.png; name = video.png; path = Images/video.png; sourceTree = "<group>"; };
		4F9D590918205AA8000A004F /* font_24.png */ = {isa = PBXFileReference; lastKnownFileType = image.png; name = font_24.png; path = Images/font_24.png; sourceTree = "<group>"; };
		4F9D590A18205AA8000A004F /* video_24.png */ = {isa = PBXFileReference; lastKnownFileType = image.png; name = video_24.png; path = Images/video_24.png; sourceTree = "<group>"; };
		4F9D590B18205AA8000A004F /* delete_24.png */ = {isa = PBXFileReference; lastKnownFileType = image.png; name = delete_24.png; path = Images/delete_24.png; sourceTree = "<group>"; };
		4F9D590C18205AA8000A004F /* man_24.png */ = {isa = PBXFileReference; lastKnownFileType = image.png; name = man_24.png; path = Images/man_24.png; sourceTree = "<group>"; };
		4F9D590D18205AA8000A004F /* cancel_24.png */ = {isa = PBXFileReference; lastKnownFileType = image.png; name = cancel_24.png; path = Images/cancel_24.png; sourceTree = "<group>"; };
		4F9D592D18205AFB000A004F /* IOHelper.m */ = {isa = PBXFileReference; fileEncoding = 4; lastKnownFileType = sourcecode.c.objc; name = IOHelper.m; path = Model_Utilities/IOHelper.m; sourceTree = "<group>"; };
		4F9D592E18205AFB000A004F /* Utilities.m */ = {isa = PBXFileReference; fileEncoding = 4; lastKnownFileType = sourcecode.c.objc; name = Utilities.m; path = Model_Utilities/Utilities.m; sourceTree = "<group>"; };
		4F9D592F18205AFB000A004F /* IOHelper.h */ = {isa = PBXFileReference; fileEncoding = 4; lastKnownFileType = sourcecode.c.h; name = IOHelper.h; path = Model_Utilities/IOHelper.h; sourceTree = "<group>"; };
		4F9D593018205AFB000A004F /* Manager.h */ = {isa = PBXFileReference; fileEncoding = 4; lastKnownFileType = sourcecode.c.h; name = Manager.h; path = Model_Utilities/Manager.h; sourceTree = "<group>"; };
		4F9D593118205AFB000A004F /* Video.h */ = {isa = PBXFileReference; fileEncoding = 4; lastKnownFileType = sourcecode.c.h; name = Video.h; path = Model_Utilities/Video.h; sourceTree = "<group>"; };
		4F9D593218205AFB000A004F /* Video.m */ = {isa = PBXFileReference; fileEncoding = 4; lastKnownFileType = sourcecode.c.objc; name = Video.m; path = Model_Utilities/Video.m; sourceTree = "<group>"; };
		4F9D593318205AFB000A004F /* Utilities.h */ = {isa = PBXFileReference; fileEncoding = 4; lastKnownFileType = sourcecode.c.h; name = Utilities.h; path = Model_Utilities/Utilities.h; sourceTree = "<group>"; };
		4F9D593418205AFB000A004F /* Manager.m */ = {isa = PBXFileReference; fileEncoding = 4; lastKnownFileType = sourcecode.c.objc; name = Manager.m; path = Model_Utilities/Manager.m; sourceTree = "<group>"; };
		4F9D593618205AFB000A004F /* Model.xcdatamodel */ = {isa = PBXFileReference; lastKnownFileType = wrapper.xcdatamodel; path = Model.xcdatamodel; sourceTree = "<group>"; };
		4F9D593718205AFB000A004F /* NewModel.xcdatamodel */ = {isa = PBXFileReference; lastKnownFileType = wrapper.xcdatamodel; path = NewModel.xcdatamodel; sourceTree = "<group>"; };
		4F9D593D18205B72000A004F /* AFHTTPClient.h */ = {isa = PBXFileReference; fileEncoding = 4; lastKnownFileType = sourcecode.c.h; name = AFHTTPClient.h; path = AFNetworking/AFHTTPClient.h; sourceTree = "<group>"; };
		4F9D593E18205B72000A004F /* AFHTTPClient.m */ = {isa = PBXFileReference; fileEncoding = 4; lastKnownFileType = sourcecode.c.objc; name = AFHTTPClient.m; path = AFNetworking/AFHTTPClient.m; sourceTree = "<group>"; };
		4F9D593F18205B72000A004F /* AFHTTPRequestOperation.h */ = {isa = PBXFileReference; fileEncoding = 4; lastKnownFileType = sourcecode.c.h; name = AFHTTPRequestOperation.h; path = AFNetworking/AFHTTPRequestOperation.h; sourceTree = "<group>"; };
		4F9D594018205B72000A004F /* AFHTTPRequestOperation.m */ = {isa = PBXFileReference; fileEncoding = 4; lastKnownFileType = sourcecode.c.objc; name = AFHTTPRequestOperation.m; path = AFNetworking/AFHTTPRequestOperation.m; sourceTree = "<group>"; };
		4F9D594118205B72000A004F /* AFImageRequestOperation.h */ = {isa = PBXFileReference; fileEncoding = 4; lastKnownFileType = sourcecode.c.h; name = AFImageRequestOperation.h; path = AFNetworking/AFImageRequestOperation.h; sourceTree = "<group>"; };
		4F9D594218205B72000A004F /* AFImageRequestOperation.m */ = {isa = PBXFileReference; fileEncoding = 4; lastKnownFileType = sourcecode.c.objc; name = AFImageRequestOperation.m; path = AFNetworking/AFImageRequestOperation.m; sourceTree = "<group>"; };
		4F9D594318205B72000A004F /* AFJSONRequestOperation.h */ = {isa = PBXFileReference; fileEncoding = 4; lastKnownFileType = sourcecode.c.h; name = AFJSONRequestOperation.h; path = AFNetworking/AFJSONRequestOperation.h; sourceTree = "<group>"; };
		4F9D594418205B72000A004F /* AFJSONRequestOperation.m */ = {isa = PBXFileReference; fileEncoding = 4; lastKnownFileType = sourcecode.c.objc; name = AFJSONRequestOperation.m; path = AFNetworking/AFJSONRequestOperation.m; sourceTree = "<group>"; };
		4F9D594518205B72000A004F /* AFNetworkActivityIndicatorManager.h */ = {isa = PBXFileReference; fileEncoding = 4; lastKnownFileType = sourcecode.c.h; name = AFNetworkActivityIndicatorManager.h; path = AFNetworking/AFNetworkActivityIndicatorManager.h; sourceTree = "<group>"; };
		4F9D594618205B72000A004F /* AFNetworkActivityIndicatorManager.m */ = {isa = PBXFileReference; fileEncoding = 4; lastKnownFileType = sourcecode.c.objc; name = AFNetworkActivityIndicatorManager.m; path = AFNetworking/AFNetworkActivityIndicatorManager.m; sourceTree = "<group>"; };
		4F9D594718205B72000A004F /* AFNetworking.h */ = {isa = PBXFileReference; fileEncoding = 4; lastKnownFileType = sourcecode.c.h; name = AFNetworking.h; path = AFNetworking/AFNetworking.h; sourceTree = "<group>"; };
		4F9D594818205B72000A004F /* AFPropertyListRequestOperation.h */ = {isa = PBXFileReference; fileEncoding = 4; lastKnownFileType = sourcecode.c.h; name = AFPropertyListRequestOperation.h; path = AFNetworking/AFPropertyListRequestOperation.h; sourceTree = "<group>"; };
		4F9D594918205B72000A004F /* AFPropertyListRequestOperation.m */ = {isa = PBXFileReference; fileEncoding = 4; lastKnownFileType = sourcecode.c.objc; name = AFPropertyListRequestOperation.m; path = AFNetworking/AFPropertyListRequestOperation.m; sourceTree = "<group>"; };
		4F9D594A18205B72000A004F /* AFURLConnectionOperation.h */ = {isa = PBXFileReference; fileEncoding = 4; lastKnownFileType = sourcecode.c.h; name = AFURLConnectionOperation.h; path = AFNetworking/AFURLConnectionOperation.h; sourceTree = "<group>"; };
		4F9D594B18205B72000A004F /* AFURLConnectionOperation.m */ = {isa = PBXFileReference; fileEncoding = 4; lastKnownFileType = sourcecode.c.objc; name = AFURLConnectionOperation.m; path = AFNetworking/AFURLConnectionOperation.m; sourceTree = "<group>"; };
		4F9D594C18205B72000A004F /* AFXMLRequestOperation.h */ = {isa = PBXFileReference; fileEncoding = 4; lastKnownFileType = sourcecode.c.h; name = AFXMLRequestOperation.h; path = AFNetworking/AFXMLRequestOperation.h; sourceTree = "<group>"; };
		4F9D594D18205B72000A004F /* AFXMLRequestOperation.m */ = {isa = PBXFileReference; fileEncoding = 4; lastKnownFileType = sourcecode.c.objc; name = AFXMLRequestOperation.m; path = AFNetworking/AFXMLRequestOperation.m; sourceTree = "<group>"; };
		4F9D594E18205B72000A004F /* UIImageView+AFNetworking.h */ = {isa = PBXFileReference; fileEncoding = 4; lastKnownFileType = sourcecode.c.h; name = "UIImageView+AFNetworking.h"; path = "AFNetworking/UIImageView+AFNetworking.h"; sourceTree = "<group>"; };
		4F9D594F18205B72000A004F /* UIImageView+AFNetworking.m */ = {isa = PBXFileReference; fileEncoding = 4; lastKnownFileType = sourcecode.c.objc; name = "UIImageView+AFNetworking.m"; path = "AFNetworking/UIImageView+AFNetworking.m"; sourceTree = "<group>"; };
		4F9D595918205B91000A004F /* ILView.h */ = {isa = PBXFileReference; fileEncoding = 4; lastKnownFileType = sourcecode.c.h; name = ILView.h; path = ColorPicker/ILView.h; sourceTree = "<group>"; };
		4F9D595A18205B91000A004F /* ILView.m */ = {isa = PBXFileReference; fileEncoding = 4; lastKnownFileType = sourcecode.c.objc; name = ILView.m; path = ColorPicker/ILView.m; sourceTree = "<group>"; };
		4F9D595B18205B91000A004F /* ILColorPickerDualExampleController.m */ = {isa = PBXFileReference; fileEncoding = 4; lastKnownFileType = sourcecode.c.objc; name = ILColorPickerDualExampleController.m; path = ColorPicker/ILColorPickerDualExampleController.m; sourceTree = "<group>"; };
		4F9D595C18205B91000A004F /* ILColorPickerDualExampleController.xib */ = {isa = PBXFileReference; fileEncoding = 4; lastKnownFileType = file.xib; name = ILColorPickerDualExampleController.xib; path = ColorPicker/ILColorPickerDualExampleController.xib; sourceTree = "<group>"; };
		4F9D595D18205B91000A004F /* ILColorPickerDualExampleController.h */ = {isa = PBXFileReference; fileEncoding = 4; lastKnownFileType = sourcecode.c.h; name = ILColorPickerDualExampleController.h; path = ColorPicker/ILColorPickerDualExampleController.h; sourceTree = "<group>"; };
		4F9D595E18205B91000A004F /* ILColorPickerView.h */ = {isa = PBXFileReference; fileEncoding = 4; lastKnownFileType = sourcecode.c.h; name = ILColorPickerView.h; path = ColorPicker/ILColorPickerView.h; sourceTree = "<group>"; };
		4F9D595F18205B91000A004F /* ILColorPickerView.m */ = {isa = PBXFileReference; fileEncoding = 4; lastKnownFileType = sourcecode.c.objc; name = ILColorPickerView.m; path = ColorPicker/ILColorPickerView.m; sourceTree = "<group>"; };
		4F9D596018205B91000A004F /* ILHuePickerView.h */ = {isa = PBXFileReference; fileEncoding = 4; lastKnownFileType = sourcecode.c.h; name = ILHuePickerView.h; path = ColorPicker/ILHuePickerView.h; sourceTree = "<group>"; };
		4F9D596118205B91000A004F /* ILHuePickerView.m */ = {isa = PBXFileReference; fileEncoding = 4; lastKnownFileType = sourcecode.c.objc; name = ILHuePickerView.m; path = ColorPicker/ILHuePickerView.m; sourceTree = "<group>"; };
		4F9D596218205B91000A004F /* ILSaturationBrightnessPickerView.h */ = {isa = PBXFileReference; fileEncoding = 4; lastKnownFileType = sourcecode.c.h; name = ILSaturationBrightnessPickerView.h; path = ColorPicker/ILSaturationBrightnessPickerView.h; sourceTree = "<group>"; };
		4F9D596318205B91000A004F /* ILSaturationBrightnessPickerView.m */ = {isa = PBXFileReference; fileEncoding = 4; lastKnownFileType = sourcecode.c.objc; name = ILSaturationBrightnessPickerView.m; path = ColorPicker/ILSaturationBrightnessPickerView.m; sourceTree = "<group>"; };
		4F9D596418205B91000A004F /* UIColor+GetHSB.h */ = {isa = PBXFileReference; fileEncoding = 4; lastKnownFileType = sourcecode.c.h; name = "UIColor+GetHSB.h"; path = "ColorPicker/UIColor+GetHSB.h"; sourceTree = "<group>"; };
		4F9D596518205B91000A004F /* UIColor+GetHSB.m */ = {isa = PBXFileReference; fileEncoding = 4; lastKnownFileType = sourcecode.c.objc; name = "UIColor+GetHSB.m"; path = "ColorPicker/UIColor+GetHSB.m"; sourceTree = "<group>"; };
		4F9D596D18205C17000A004F /* UIImageAddition.h */ = {isa = PBXFileReference; fileEncoding = 4; lastKnownFileType = sourcecode.c.h; name = UIImageAddition.h; path = Recorder/UIImageAddition.h; sourceTree = "<group>"; };
		4F9D596E18205C17000A004F /* UIImageAddition.m */ = {isa = PBXFileReference; fileEncoding = 4; lastKnownFileType = sourcecode.c.objc; name = UIImageAddition.m; path = Recorder/UIImageAddition.m; sourceTree = "<group>"; };
		4F9D596F18205C17000A004F /* UIImage+Alpha.m */ = {isa = PBXFileReference; fileEncoding = 4; lastKnownFileType = sourcecode.c.objc; name = "UIImage+Alpha.m"; path = "Recorder/UIImage+Alpha.m"; sourceTree = "<group>"; };
		4F9D597018205C17000A004F /* UIImage+RoundedCorner.m */ = {isa = PBXFileReference; fileEncoding = 4; lastKnownFileType = sourcecode.c.objc; name = "UIImage+RoundedCorner.m"; path = "Recorder/UIImage+RoundedCorner.m"; sourceTree = "<group>"; };
		4F9D597118205C17000A004F /* UIImage+Resize.m */ = {isa = PBXFileReference; fileEncoding = 4; lastKnownFileType = sourcecode.c.objc; name = "UIImage+Resize.m"; path = "Recorder/UIImage+Resize.m"; sourceTree = "<group>"; };
		4F9D597218205C17000A004F /* UIImage+Resize.h */ = {isa = PBXFileReference; fileEncoding = 4; lastKnownFileType = sourcecode.c.h; name = "UIImage+Resize.h"; path = "Recorder/UIImage+Resize.h"; sourceTree = "<group>"; };
		4F9D597318205C17000A004F /* UIImage+RoundedCorner.h */ = {isa = PBXFileReference; fileEncoding = 4; lastKnownFileType = sourcecode.c.h; name = "UIImage+RoundedCorner.h"; path = "Recorder/UIImage+RoundedCorner.h"; sourceTree = "<group>"; };
		4F9D597418205C17000A004F /* UIImage+Alpha.h */ = {isa = PBXFileReference; fileEncoding = 4; lastKnownFileType = sourcecode.c.h; name = "UIImage+Alpha.h"; path = "Recorder/UIImage+Alpha.h"; sourceTree = "<group>"; };
		4F9D597918205C43000A004F /* CameraPicker.m */ = {isa = PBXFileReference; fileEncoding = 4; lastKnownFileType = sourcecode.c.objc; name = CameraPicker.m; path = ../VideoPreview/CameraPicker.m; sourceTree = "<group>"; };
		4F9D597A18205C43000A004F /* AVCaptureHelper.h */ = {isa = PBXFileReference; fileEncoding = 4; lastKnownFileType = sourcecode.c.h; name = AVCaptureHelper.h; path = VideoPreview/AVCaptureHelper.h; sourceTree = "<group>"; };
		4F9D597B18205C43000A004F /* AVCaptureHelper.m */ = {isa = PBXFileReference; fileEncoding = 4; lastKnownFileType = sourcecode.c.objc; name = AVCaptureHelper.m; path = VideoPreview/AVCaptureHelper.m; sourceTree = "<group>"; };
		4F9D597C18205C43000A004F /* CameraPicker.h */ = {isa = PBXFileReference; fileEncoding = 4; lastKnownFileType = sourcecode.c.h; name = CameraPicker.h; path = ../VideoPreview/CameraPicker.h; sourceTree = "<group>"; };
		4F9D597D18205C43000A004F /* CaptureSessionManager.m */ = {isa = PBXFileReference; fileEncoding = 4; lastKnownFileType = sourcecode.c.objc; name = CaptureSessionManager.m; path = VideoPreview/CaptureSessionManager.m; sourceTree = "<group>"; };
		4F9D597E18205C43000A004F /* CaptureSessionManager.h */ = {isa = PBXFileReference; fileEncoding = 4; lastKnownFileType = sourcecode.c.h; name = CaptureSessionManager.h; path = VideoPreview/CaptureSessionManager.h; sourceTree = "<group>"; };
		4FA72769155B02F6002A2F1D /* Security.framework */ = {isa = PBXFileReference; lastKnownFileType = wrapper.framework; name = Security.framework; path = System/Library/Frameworks/Security.framework; sourceTree = SDKROOT; };
		4FA7279A155B0DFB002A2F1D /* libz.1.2.5.dylib */ = {isa = PBXFileReference; lastKnownFileType = "compiled.mach-o.dylib"; name = libz.1.2.5.dylib; path = usr/lib/libz.1.2.5.dylib; sourceTree = SDKROOT; };
		4FA7279C155B0E18002A2F1D /* SystemConfiguration.framework */ = {isa = PBXFileReference; lastKnownFileType = wrapper.framework; name = SystemConfiguration.framework; path = System/Library/Frameworks/SystemConfiguration.framework; sourceTree = SDKROOT; };
		4FA7279E155B0E20002A2F1D /* CFNetwork.framework */ = {isa = PBXFileReference; lastKnownFileType = wrapper.framework; name = CFNetwork.framework; path = System/Library/Frameworks/CFNetwork.framework; sourceTree = SDKROOT; };
		4FD48D9D154AC95D007880C2 /* Lecture Capture.app */ = {isa = PBXFileReference; explicitFileType = wrapper.application; includeInIndex = 0; path = "Lecture Capture.app"; sourceTree = BUILT_PRODUCTS_DIR; };
		4FD48DA1154AC95D007880C2 /* UIKit.framework */ = {isa = PBXFileReference; lastKnownFileType = wrapper.framework; name = UIKit.framework; path = System/Library/Frameworks/UIKit.framework; sourceTree = SDKROOT; };
		4FD48DA3154AC95D007880C2 /* Foundation.framework */ = {isa = PBXFileReference; lastKnownFileType = wrapper.framework; name = Foundation.framework; path = System/Library/Frameworks/Foundation.framework; sourceTree = SDKROOT; };
		4FD48DA5154AC95D007880C2 /* CoreGraphics.framework */ = {isa = PBXFileReference; lastKnownFileType = wrapper.framework; name = CoreGraphics.framework; path = System/Library/Frameworks/CoreGraphics.framework; sourceTree = SDKROOT; };
		4FD48DA9154AC95D007880C2 /* Lecture Capture-Info.plist */ = {isa = PBXFileReference; lastKnownFileType = text.plist.xml; path = "Lecture Capture-Info.plist"; sourceTree = "<group>"; };
		4FD48DAD154AC95D007880C2 /* main.m */ = {isa = PBXFileReference; lastKnownFileType = sourcecode.c.objc; path = main.m; sourceTree = "<group>"; };
		4FD48DAF154AC95D007880C2 /* Lecture Capture-Prefix.pch */ = {isa = PBXFileReference; lastKnownFileType = sourcecode.c.h; path = "Lecture Capture-Prefix.pch"; sourceTree = "<group>"; };
		4FD48DD5154AF0A8007880C2 /* CoreData.framework */ = {isa = PBXFileReference; lastKnownFileType = wrapper.framework; name = CoreData.framework; path = System/Library/Frameworks/CoreData.framework; sourceTree = SDKROOT; };
		4FD48E2A154B2228007880C2 /* MobileCoreServices.framework */ = {isa = PBXFileReference; lastKnownFileType = wrapper.framework; name = MobileCoreServices.framework; path = System/Library/Frameworks/MobileCoreServices.framework; sourceTree = SDKROOT; };
		4FD48E2C154B22AF007880C2 /* AssetsLibrary.framework */ = {isa = PBXFileReference; lastKnownFileType = wrapper.framework; name = AssetsLibrary.framework; path = System/Library/Frameworks/AssetsLibrary.framework; sourceTree = SDKROOT; };
		4FD48E2E154B22B5007880C2 /* AVFoundation.framework */ = {isa = PBXFileReference; lastKnownFileType = wrapper.framework; name = AVFoundation.framework; path = System/Library/Frameworks/AVFoundation.framework; sourceTree = SDKROOT; };
		4FD48E30154B22E3007880C2 /* CoreMedia.framework */ = {isa = PBXFileReference; lastKnownFileType = wrapper.framework; name = CoreMedia.framework; path = System/Library/Frameworks/CoreMedia.framework; sourceTree = SDKROOT; };
		4FD48E32154B22EE007880C2 /* CoreVideo.framework */ = {isa = PBXFileReference; lastKnownFileType = wrapper.framework; name = CoreVideo.framework; path = System/Library/Frameworks/CoreVideo.framework; sourceTree = SDKROOT; };
		4FD724FC174D6E870005D782 /* NetworkHelper.h */ = {isa = PBXFileReference; fileEncoding = 4; lastKnownFileType = sourcecode.c.h; name = NetworkHelper.h; path = Recorder/NetworkHelper.h; sourceTree = "<group>"; };
		4FD724FD174D6E870005D782 /* NetworkHelper.m */ = {isa = PBXFileReference; fileEncoding = 4; lastKnownFileType = sourcecode.c.objc; name = NetworkHelper.m; path = Recorder/NetworkHelper.m; sourceTree = "<group>"; };
		8282D683176673BB00F82722 /* CustomTableButton.h */ = {isa = PBXFileReference; fileEncoding = 4; lastKnownFileType = sourcecode.c.h; name = CustomTableButton.h; path = Recorder/CustomTableButton.h; sourceTree = "<group>"; };
		8282D684176673BB00F82722 /* CustomTableButton.m */ = {isa = PBXFileReference; fileEncoding = 4; lastKnownFileType = sourcecode.c.objc; name = CustomTableButton.m; path = Recorder/CustomTableButton.m; sourceTree = "<group>"; };
		82BD7A58155FBB3400C38637 /* MessageUI.framework */ = {isa = PBXFileReference; lastKnownFileType = wrapper.framework; name = MessageUI.framework; path = System/Library/Frameworks/MessageUI.framework; sourceTree = SDKROOT; };
		82EA441F185E8BC6007FBC6E /* LSCollectionViewHelper.h */ = {isa = PBXFileReference; fileEncoding = 4; lastKnownFileType = sourcecode.c.h; path = LSCollectionViewHelper.h; sourceTree = "<group>"; };
		82EA4420185E8BC6007FBC6E /* LSCollectionViewHelper.m */ = {isa = PBXFileReference; fileEncoding = 4; lastKnownFileType = sourcecode.c.objc; path = LSCollectionViewHelper.m; sourceTree = "<group>"; };
		82EA4421185E8BC6007FBC6E /* LSCollectionViewLayoutHelper.h */ = {isa = PBXFileReference; fileEncoding = 4; lastKnownFileType = sourcecode.c.h; path = LSCollectionViewLayoutHelper.h; sourceTree = "<group>"; };
		82EA4422185E8BC6007FBC6E /* LSCollectionViewLayoutHelper.m */ = {isa = PBXFileReference; fileEncoding = 4; lastKnownFileType = sourcecode.c.objc; path = LSCollectionViewLayoutHelper.m; sourceTree = "<group>"; };
		82EA4424185E8BC6007FBC6E /* DraggableCollectionViewFlowLayout.h */ = {isa = PBXFileReference; fileEncoding = 4; lastKnownFileType = sourcecode.c.h; path = DraggableCollectionViewFlowLayout.h; sourceTree = "<group>"; };
		82EA4425185E8BC6007FBC6E /* DraggableCollectionViewFlowLayout.m */ = {isa = PBXFileReference; fileEncoding = 4; lastKnownFileType = sourcecode.c.objc; path = DraggableCollectionViewFlowLayout.m; sourceTree = "<group>"; };
		82EA4426185E8BC6007FBC6E /* UICollectionView+Draggable.h */ = {isa = PBXFileReference; fileEncoding = 4; lastKnownFileType = sourcecode.c.h; path = "UICollectionView+Draggable.h"; sourceTree = "<group>"; };
		82EA4427185E8BC6007FBC6E /* UICollectionView+Draggable.m */ = {isa = PBXFileReference; fileEncoding = 4; lastKnownFileType = sourcecode.c.objc; path = "UICollectionView+Draggable.m"; sourceTree = "<group>"; };
		82EA4428185E8BC6007FBC6E /* UICollectionViewDataSource_Draggable.h */ = {isa = PBXFileReference; fileEncoding = 4; lastKnownFileType = sourcecode.c.h; path = UICollectionViewDataSource_Draggable.h; sourceTree = "<group>"; };
		82EA4429185E8BC6007FBC6E /* UICollectionViewLayout_Warpable.h */ = {isa = PBXFileReference; fileEncoding = 4; lastKnownFileType = sourcecode.c.h; path = UICollectionViewLayout_Warpable.h; sourceTree = "<group>"; };
		82EE271F164360F7008F99AE /* VideoPreview.h */ = {isa = PBXFileReference; fileEncoding = 4; lastKnownFileType = sourcecode.c.h; name = VideoPreview.h; path = Recorder/VideoPreview.h; sourceTree = "<group>"; };
		82EE2720164360F7008F99AE /* VideoPreview.m */ = {isa = PBXFileReference; fileEncoding = 4; lastKnownFileType = sourcecode.c.objc; name = VideoPreview.m; path = Recorder/VideoPreview.m; sourceTree = "<group>"; };
		82F215C8184D858100406EDC /* Slide.h */ = {isa = PBXFileReference; fileEncoding = 4; lastKnownFileType = sourcecode.c.h; path = Slide.h; sourceTree = "<group>"; };
		82F215C9184D858100406EDC /* Slide.m */ = {isa = PBXFileReference; fileEncoding = 4; lastKnownFileType = sourcecode.c.objc; path = Slide.m; sourceTree = "<group>"; };
		A562FF8AB3444BAAB852EED7 /* Pods.xcconfig */ = {isa = PBXFileReference; includeInIndex = 1; lastKnownFileType = text.xcconfig; name = Pods.xcconfig; path = Pods/Pods.xcconfig; sourceTree = SOURCE_ROOT; };
		B7AC82781835FC9300FAF74F /* QuartzCore.framework */ = {isa = PBXFileReference; lastKnownFileType = wrapper.framework; name = QuartzCore.framework; path = System/Library/Frameworks/QuartzCore.framework; sourceTree = SDKROOT; };
		D8C37B7E03D6432B8FD7DF0A /* libPods.a */ = {isa = PBXFileReference; explicitFileType = archive.ar; includeInIndex = 0; path = libPods.a; sourceTree = BUILT_PRODUCTS_DIR; };
/* End PBXFileReference section */

/* Begin PBXFrameworksBuildPhase section */
		4F0FED04169B6FA700C04ADC /* Frameworks */ = {
			isa = PBXFrameworksBuildPhase;
			buildActionMask = 2147483647;
			files = (
				4F0FED0A169B6FA700C04ADC /* SenTestingKit.framework in Frameworks */,
				4F0FED0B169B6FA700C04ADC /* UIKit.framework in Frameworks */,
				4F0FED0C169B6FA700C04ADC /* Foundation.framework in Frameworks */,
				4F0FED1F169B700D00C04ADC /* CoreGraphics.framework in Frameworks */,
				4F0FED20169B701300C04ADC /* MobileCoreServices.framework in Frameworks */,
				4F0FED21169B701600C04ADC /* AssetsLibrary.framework in Frameworks */,
				4F0FED22169B701900C04ADC /* CoreMedia.framework in Frameworks */,
				4F0FED23169B701B00C04ADC /* AVFoundation.framework in Frameworks */,
				4F0FED24169B701F00C04ADC /* CoreVideo.framework in Frameworks */,
				4F0FED25169B702500C04ADC /* SystemConfiguration.framework in Frameworks */,
				4F0FED26169B702700C04ADC /* CFNetwork.framework in Frameworks */,
				4F0FED27169B702A00C04ADC /* MessageUI.framework in Frameworks */,
				4F0FED28169B702C00C04ADC /* CoreData.framework in Frameworks */,
				4F0FED29169B702F00C04ADC /* Security.framework in Frameworks */,
				4F0FED2A169B703200C04ADC /* iAd.framework in Frameworks */,
				4F0FED3F169B71A400C04ADC /* libz.1.2.5.dylib in Frameworks */,
			);
			runOnlyForDeploymentPostprocessing = 0;
		};
		4FD48D9A154AC95D007880C2 /* Frameworks */ = {
			isa = PBXFrameworksBuildPhase;
			buildActionMask = 2147483647;
			files = (
				B7AC82791835FC9300FAF74F /* QuartzCore.framework in Frameworks */,
				4F0FED66169DB02200C04ADC /* MediaPlayer.framework in Frameworks */,
				82BD7A59155FBB3400C38637 /* MessageUI.framework in Frameworks */,
				4FA7279F155B0E20002A2F1D /* CFNetwork.framework in Frameworks */,
				4FA7279D155B0E18002A2F1D /* SystemConfiguration.framework in Frameworks */,
				4FD48E2B154B2228007880C2 /* MobileCoreServices.framework in Frameworks */,
				4FA7279B155B0DFB002A2F1D /* libz.1.2.5.dylib in Frameworks */,
				4FA7276A155B02F6002A2F1D /* Security.framework in Frameworks */,
				4FD48E33154B22EE007880C2 /* CoreVideo.framework in Frameworks */,
				4FD48E31154B22E3007880C2 /* CoreMedia.framework in Frameworks */,
				4FD48E2F154B22B5007880C2 /* AVFoundation.framework in Frameworks */,
				4FD48E2D154B22AF007880C2 /* AssetsLibrary.framework in Frameworks */,
				4FD48DD6154AF0A8007880C2 /* CoreData.framework in Frameworks */,
				4FD48DA2154AC95D007880C2 /* UIKit.framework in Frameworks */,
				4FD48DA4154AC95D007880C2 /* Foundation.framework in Frameworks */,
				4FD48DA6154AC95D007880C2 /* CoreGraphics.framework in Frameworks */,
				6AB66A8110B84AF4AD337C54 /* libPods.a in Frameworks */,
			);
			runOnlyForDeploymentPostprocessing = 0;
		};
/* End PBXFrameworksBuildPhase section */

/* Begin PBXGroup section */
		4F0FED0D169B6FA700C04ADC /* Lecture Capture Test */ = {
			isa = PBXGroup;
			children = (
				4F0FED13169B6FA700C04ADC /* Lecture_Capture_Test.h */,
				4F0FED14169B6FA700C04ADC /* Lecture_Capture_Test.m */,
				4F0FED0E169B6FA700C04ADC /* Supporting Files */,
			);
			path = "Lecture Capture Test";
			sourceTree = "<group>";
		};
		4F0FED0E169B6FA700C04ADC /* Supporting Files */ = {
			isa = PBXGroup;
			children = (
				4F0FED0F169B6FA700C04ADC /* Lecture Capture Test-Info.plist */,
				4F0FED10169B6FA700C04ADC /* InfoPlist.strings */,
				4F0FED16169B6FA700C04ADC /* Lecture Capture Test-Prefix.pch */,
			);
			name = "Supporting Files";
			sourceTree = "<group>";
		};
		4F9D58E818203765000A004F /* Recording */ = {
			isa = PBXGroup;
			children = (
				4FC62A9F164199F0001C2B39 /* VideoPreview */,
				4F4545501635F14D0091F335 /* RecorderViewController.h */,
				4F4545511635F14D0091F335 /* RecorderViewController.m */,
				4F4545521635F14D0091F335 /* ScreenCaptureView.h */,
				4F4545531635F14D0091F335 /* ScreenCaptureView.m */,
				4F4545541635F14D0091F335 /* ScreenView.h */,
				4F4545551635F14D0091F335 /* ScreenView.m */,
				4F4545591635F16D0091F335 /* PaintView.h */,
				4F45455A1635F16D0091F335 /* PaintView.m */,
				4F45455C1635F1790091F335 /* AudioRecorder.h */,
				4F45455D1635F1790091F335 /* AudioRecorder.m */,
				4F9D597918205C43000A004F /* CameraPicker.m */,
				4F9D597C18205C43000A004F /* CameraPicker.h */,
			);
			name = Recording;
			path = Recorder;
			sourceTree = "<group>";
		};
		4F9D58E9182037A3000A004F /* CoreData */ = {
			isa = PBXGroup;
			children = (
				4F65E1FF18400B23004C5607 /* VideoFile.h */,
				4F65E20018400B23004C5607 /* VideoFile.m */,
				4F65E1F918400B22004C5607 /* AudioFile.h */,
				4F65E1FA18400B22004C5607 /* AudioFile.m */,
				4F9D593518205AFB000A004F /* NewModel.xcdatamodeld */,
				82F215C8184D858100406EDC /* Slide.h */,
				82F215C9184D858100406EDC /* Slide.m */,
				4F65E1DA18400A1B004C5607 /* Lecture.h */,
				4F65E1DB18400A1B004C5607 /* Lecture.m */,
			);
			name = CoreData;
			sourceTree = "<group>";
		};
		4FA727D61563EC4F002A2F1D /* Login Management */ = {
			isa = PBXGroup;
			children = (
				4F45455F1635F1890091F335 /* LoginRegisterViewController.h */,
				4F4545601635F1890091F335 /* LoginRegisterViewController.m */,
			);
			name = "Login Management";
			sourceTree = "<group>";
		};
		4FC62A9F164199F0001C2B39 /* VideoPreview */ = {
			isa = PBXGroup;
			children = (
				4F9D597A18205C43000A004F /* AVCaptureHelper.h */,
				4F9D597B18205C43000A004F /* AVCaptureHelper.m */,
				4F9D597D18205C43000A004F /* CaptureSessionManager.m */,
				4F9D597E18205C43000A004F /* CaptureSessionManager.h */,
				82EE271F164360F7008F99AE /* VideoPreview.h */,
				82EE2720164360F7008F99AE /* VideoPreview.m */,
			);
			name = VideoPreview;
			path = ..;
			sourceTree = "<group>";
		};
		4FD48D92154AC95D007880C2 = {
			isa = PBXGroup;
			children = (
				4F65E1D4183FB58F004C5607 /* WebVideoView.h */,
				4F65E1D5183FB58F004C5607 /* WebVideoView.m */,
				4F864C05183E62BB00C888B8 /* NonRotatingImagePicker.h */,
				4F864C06183E62BB00C888B8 /* NonRotatingImagePicker.m */,
				4F864BCC183BFFCA00C888B8 /* LectureAPI.h */,
				4F864BCD183BFFCA00C888B8 /* LectureAPI.m */,
				4F864BD6183C08CC00C888B8 /* Lecture+Operations.h */,
				4F864BD7183C08CC00C888B8 /* Lecture+Operations.m */,
				4F864BD9183C094500C888B8 /* Slide+Operations.h */,
				4F864BDA183C094500C888B8 /* Slide+Operations.m */,
				4F65E1D7183FCB60004C5607 /* SlideAPI.h */,
				4F65E1D8183FCB60004C5607 /* SlideAPI.m */,
				82EA441D185E8BC6007FBC6E /* DraggableCollectionView */,
				4F9D58EC18205A8C000A004F /* LectureCapturePDF.pdf */,
				4F9D58E818203765000A004F /* Recording */,
				4F9D58E9182037A3000A004F /* CoreData */,
				82536123176A50E7000D8F92 /* Images */,
				4FA727D61563EC4F002A2F1D /* Login Management */,
				4FD48DC8154ACC7A007880C2 /* Utilities */,
				4FD48DA7154AC95D007880C2 /* Recorder */,
				4F0FED0D169B6FA700C04ADC /* Lecture Capture Test */,
				4FD48DA0154AC95D007880C2 /* Frameworks */,
				4FD48D9E154AC95D007880C2 /* Products */,
				A562FF8AB3444BAAB852EED7 /* Pods.xcconfig */,
			);
			sourceTree = "<group>";
		};
		4FD48D9E154AC95D007880C2 /* Products */ = {
			isa = PBXGroup;
			children = (
				4FD48D9D154AC95D007880C2 /* Lecture Capture.app */,
				4F0FED08169B6FA700C04ADC /* Lecture Capture Test.octest */,
			);
			name = Products;
			sourceTree = "<group>";
		};
		4FD48DA0154AC95D007880C2 /* Frameworks */ = {
			isa = PBXGroup;
			children = (
				B7AC82781835FC9300FAF74F /* QuartzCore.framework */,
				4FA7279A155B0DFB002A2F1D /* libz.1.2.5.dylib */,
				4F0FED65169DB02200C04ADC /* MediaPlayer.framework */,
				4F1D995315647BBA002D8F6C /* iAd.framework */,
				4FA72769155B02F6002A2F1D /* Security.framework */,
				4FD48DD5154AF0A8007880C2 /* CoreData.framework */,
				82BD7A58155FBB3400C38637 /* MessageUI.framework */,
				4FA7279E155B0E20002A2F1D /* CFNetwork.framework */,
				4FA7279C155B0E18002A2F1D /* SystemConfiguration.framework */,
				4FD48E32154B22EE007880C2 /* CoreVideo.framework */,
				4FD48E30154B22E3007880C2 /* CoreMedia.framework */,
				4FD48E2E154B22B5007880C2 /* AVFoundation.framework */,
				4FD48E2C154B22AF007880C2 /* AssetsLibrary.framework */,
				4FD48E2A154B2228007880C2 /* MobileCoreServices.framework */,
				4FD48DA1154AC95D007880C2 /* UIKit.framework */,
				4FD48DA3154AC95D007880C2 /* Foundation.framework */,
				4FD48DA5154AC95D007880C2 /* CoreGraphics.framework */,
				4F0FED09169B6FA700C04ADC /* SenTestingKit.framework */,
				D8C37B7E03D6432B8FD7DF0A /* libPods.a */,
			);
			name = Frameworks;
			sourceTree = "<group>";
		};
		4FD48DA7154AC95D007880C2 /* Recorder */ = {
			isa = PBXGroup;
			children = (
				4F9D58EA18205A8C000A004F /* InfoViewController.m */,
				4F9D58EB18205A8C000A004F /* InfoViewController.h */,
				4F4545491635F0EA0091F335 /* AppDelegate.h */,
				4F45454B1635F1040091F335 /* AppDelegate.m */,
				4F4545651635F2580091F335 /* MainStoryboard.storyboard */,
				4F45454D1635F12B0091F335 /* ViewController.h */,
				4F45454E1635F12B0091F335 /* ViewController.m */,
				4FD48DA8154AC95D007880C2 /* Supporting Files */,
				4F864BFE183D73C100C888B8 /* SlideCell.h */,
				4F864BFF183D73C100C888B8 /* SlideCell.m */,
			);
			path = Recorder;
			sourceTree = "<group>";
		};
		4FD48DA8154AC95D007880C2 /* Supporting Files */ = {
			isa = PBXGroup;
			children = (
				4F4545621635F23C0091F335 /* InfoPlist.strings */,
				4FD48DA9154AC95D007880C2 /* Lecture Capture-Info.plist */,
				4FD48DAD154AC95D007880C2 /* main.m */,
				4FD48DAF154AC95D007880C2 /* Lecture Capture-Prefix.pch */,
			);
			name = "Supporting Files";
			sourceTree = "<group>";
		};
		4FD48DC8154ACC7A007880C2 /* Utilities */ = {
			isa = PBXGroup;
			children = (
				4F65E1CB183E71AB004C5607 /* TJLFetchedResultsSource.h */,
				4F65E1CC183E71AB004C5607 /* TJLFetchedResultsSource.m */,
				4F864BE5183C1DFA00C888B8 /* ImagePhotoPicker.h */,
				4F864BE6183C1DFA00C888B8 /* ImagePhotoPicker.m */,
				4F9D596D18205C17000A004F /* UIImageAddition.h */,
				4F9D596E18205C17000A004F /* UIImageAddition.m */,
				4F9D596F18205C17000A004F /* UIImage+Alpha.m */,
				4F9D597018205C17000A004F /* UIImage+RoundedCorner.m */,
				4F9D597118205C17000A004F /* UIImage+Resize.m */,
				4F9D597218205C17000A004F /* UIImage+Resize.h */,
				4F9D597318205C17000A004F /* UIImage+RoundedCorner.h */,
				4F9D597418205C17000A004F /* UIImage+Alpha.h */,
				4F9D593318205AFB000A004F /* Utilities.h */,
				4F9D592E18205AFB000A004F /* Utilities.m */,
				4F9D592D18205AFB000A004F /* IOHelper.m */,
				4F9D592F18205AFB000A004F /* IOHelper.h */,
				4F9D593118205AFB000A004F /* Video.h */,
				4F9D593218205AFB000A004F /* Video.m */,
				4F9D593018205AFB000A004F /* Manager.h */,
				4F9D593418205AFB000A004F /* Manager.m */,
				8282D683176673BB00F82722 /* CustomTableButton.h */,
				8282D684176673BB00F82722 /* CustomTableButton.m */,
				4FDAC3D315A1FF96003D1B16 /* Color Picker */,
				4FD724FC174D6E870005D782 /* NetworkHelper.h */,
				4FD724FD174D6E870005D782 /* NetworkHelper.m */,
				82BB17D01772AA6F0039F287 /* AFNetworking */,
			);
			name = Utilities;
			sourceTree = "<group>";
		};
		4FDAC3D315A1FF96003D1B16 /* Color Picker */ = {
			isa = PBXGroup;
			children = (
				4F9D595918205B91000A004F /* ILView.h */,
				4F9D595A18205B91000A004F /* ILView.m */,
				4F9D595B18205B91000A004F /* ILColorPickerDualExampleController.m */,
				4F9D595C18205B91000A004F /* ILColorPickerDualExampleController.xib */,
				4F9D595D18205B91000A004F /* ILColorPickerDualExampleController.h */,
				4F9D595E18205B91000A004F /* ILColorPickerView.h */,
				4F9D595F18205B91000A004F /* ILColorPickerView.m */,
				4F9D596018205B91000A004F /* ILHuePickerView.h */,
				4F9D596118205B91000A004F /* ILHuePickerView.m */,
				4F9D596218205B91000A004F /* ILSaturationBrightnessPickerView.h */,
				4F9D596318205B91000A004F /* ILSaturationBrightnessPickerView.m */,
				4F9D596418205B91000A004F /* UIColor+GetHSB.h */,
				4F9D596518205B91000A004F /* UIColor+GetHSB.m */,
			);
			name = "Color Picker";
			sourceTree = "<group>";
		};
		82536123176A50E7000D8F92 /* Images */ = {
			isa = PBXGroup;
			children = (
				4F864BC6183BFA6200C888B8 /* controlsButtonRight.png */,
				4F98B32218368FA1006EBBC1 /* recorde76.png */,
				4F98B32318368FA1006EBBC1 /* recorder156.png */,
				4F9D58EF18205AA8000A004F /* cloud_download.png */,
				4F9D58F018205AA8000A004F /* cloud_upload.png */,
				4F9D58F118205AA8000A004F /* plus.png */,
				4F9D58F218205AA8000A004F /* controlsButtonBack.png */,
				4F9D58F318205AA8000A004F /* doneButton.png */,
				4F9D58F418205AA8000A004F /* pauseButton.png */,
				4F9D58F518205AA8000A004F /* recordButton.png */,
				4F9D58F618205AA8000A004F /* graphpaper.png */,
				4F9D58F718205AA8000A004F /* linepaper.png */,
				4F9D58F818205AA8000A004F /* illus.png */,
				4F9D58F918205AA8000A004F /* screen.png */,
				4F9D58FA18205AA8000A004F /* camera.png */,
				4F9D58FB18205AA8000A004F /* buttonBackRed.png */,
				4F9D58FC18205AA8000A004F /* buttonBackBlack.png */,
				4F9D58FD18205AA8000A004F /* eraserSelected.png */,
				4F9D58FE18205AA8000A004F /* Eraser-icon.png */,
				4F9D58FF18205AA8000A004F /* resizeBtn.png */,
				4F9D590018205AA8000A004F /* recorder144.png */,
				4F9D590318205AA8000A004F /* recorder72.png */,
				4F9D590418205AA8000A004F /* recorder512.png */,
				4F9D590518205AA8000A004F /* buttonBack.png */,
				4F9D590618205AA8000A004F /* Default-Landscape~ipad.png */,
				4F9D590718205AA8000A004F /* Default.psd */,
				4F864BC8183BFC8900C888B8 /* addButton.png */,
				4F864BC9183BFC8900C888B8 /* removeButton.png */,
				4F9D590818205AA8000A004F /* video.png */,
				4F9D590918205AA8000A004F /* font_24.png */,
				4F9D590A18205AA8000A004F /* video_24.png */,
				4F9D590B18205AA8000A004F /* delete_24.png */,
				4F9D590C18205AA8000A004F /* man_24.png */,
				4F9D590D18205AA8000A004F /* cancel_24.png */,
			);
			name = Images;
			sourceTree = "<group>";
		};
		82BB17D01772AA6F0039F287 /* AFNetworking */ = {
			isa = PBXGroup;
			children = (
				4F9D593D18205B72000A004F /* AFHTTPClient.h */,
				4F9D593E18205B72000A004F /* AFHTTPClient.m */,
				4F9D593F18205B72000A004F /* AFHTTPRequestOperation.h */,
				4F9D594018205B72000A004F /* AFHTTPRequestOperation.m */,
				4F9D594118205B72000A004F /* AFImageRequestOperation.h */,
				4F9D594218205B72000A004F /* AFImageRequestOperation.m */,
				4F9D594318205B72000A004F /* AFJSONRequestOperation.h */,
				4F9D594418205B72000A004F /* AFJSONRequestOperation.m */,
				4F9D594518205B72000A004F /* AFNetworkActivityIndicatorManager.h */,
				4F9D594618205B72000A004F /* AFNetworkActivityIndicatorManager.m */,
				4F9D594718205B72000A004F /* AFNetworking.h */,
				4F9D594818205B72000A004F /* AFPropertyListRequestOperation.h */,
				4F9D594918205B72000A004F /* AFPropertyListRequestOperation.m */,
				4F9D594A18205B72000A004F /* AFURLConnectionOperation.h */,
				4F9D594B18205B72000A004F /* AFURLConnectionOperation.m */,
				4F9D594C18205B72000A004F /* AFXMLRequestOperation.h */,
				4F9D594D18205B72000A004F /* AFXMLRequestOperation.m */,
				4F9D594E18205B72000A004F /* UIImageView+AFNetworking.h */,
				4F9D594F18205B72000A004F /* UIImageView+AFNetworking.m */,
			);
			name = AFNetworking;
			sourceTree = "<group>";
		};
		82EA441D185E8BC6007FBC6E /* DraggableCollectionView */ = {
			isa = PBXGroup;
			children = (
				82EA441E185E8BC6007FBC6E /* Helpers */,
				82EA4423185E8BC6007FBC6E /* Layout */,
				82EA4426185E8BC6007FBC6E /* UICollectionView+Draggable.h */,
				82EA4427185E8BC6007FBC6E /* UICollectionView+Draggable.m */,
				82EA4428185E8BC6007FBC6E /* UICollectionViewDataSource_Draggable.h */,
				82EA4429185E8BC6007FBC6E /* UICollectionViewLayout_Warpable.h */,
			);
			path = DraggableCollectionView;
			sourceTree = "<group>";
		};
		82EA441E185E8BC6007FBC6E /* Helpers */ = {
			isa = PBXGroup;
			children = (
				82EA441F185E8BC6007FBC6E /* LSCollectionViewHelper.h */,
				82EA4420185E8BC6007FBC6E /* LSCollectionViewHelper.m */,
				82EA4421185E8BC6007FBC6E /* LSCollectionViewLayoutHelper.h */,
				82EA4422185E8BC6007FBC6E /* LSCollectionViewLayoutHelper.m */,
			);
			path = Helpers;
			sourceTree = "<group>";
		};
		82EA4423185E8BC6007FBC6E /* Layout */ = {
			isa = PBXGroup;
			children = (
				82EA4424185E8BC6007FBC6E /* DraggableCollectionViewFlowLayout.h */,
				82EA4425185E8BC6007FBC6E /* DraggableCollectionViewFlowLayout.m */,
			);
			path = Layout;
			sourceTree = "<group>";
		};
/* End PBXGroup section */

/* Begin PBXNativeTarget section */
		4F0FED07169B6FA700C04ADC /* Lecture Capture Test */ = {
			isa = PBXNativeTarget;
			buildConfigurationList = 4F0FED19169B6FA700C04ADC /* Build configuration list for PBXNativeTarget "Lecture Capture Test" */;
			buildPhases = (
				4F0FED03169B6FA700C04ADC /* Sources */,
				4F0FED04169B6FA700C04ADC /* Frameworks */,
				4F0FED05169B6FA700C04ADC /* Resources */,
				4F0FED06169B6FA700C04ADC /* ShellScript */,
			);
			buildRules = (
			);
			dependencies = (
				4F0FED4B169B72F600C04ADC /* PBXTargetDependency */,
			);
			name = "Lecture Capture Test";
			productName = "Lecture Capture Test";
			productReference = 4F0FED08169B6FA700C04ADC /* Lecture Capture Test.octest */;
			productType = "com.apple.product-type.bundle";
		};
		4FD48D9C154AC95D007880C2 /* Lecture Capture */ = {
			isa = PBXNativeTarget;
			buildConfigurationList = 4FD48DBB154AC95D007880C2 /* Build configuration list for PBXNativeTarget "Lecture Capture" */;
			buildPhases = (
				E427FA389BFF47EFB9096C97 /* Check Pods Manifest.lock */,
				4FD48D99154AC95D007880C2 /* Sources */,
				4FD48D9A154AC95D007880C2 /* Frameworks */,
				4FD48D9B154AC95D007880C2 /* Resources */,
				7FAD85581CF94CA79A410EEB /* Copy Pods Resources */,
			);
			buildRules = (
			);
			dependencies = (
			);
			name = "Lecture Capture";
			productName = Recorder;
			productReference = 4FD48D9D154AC95D007880C2 /* Lecture Capture.app */;
			productType = "com.apple.product-type.application";
		};
/* End PBXNativeTarget section */

/* Begin PBXProject section */
		4FD48D94154AC95D007880C2 /* Project object */ = {
			isa = PBXProject;
			attributes = {
				LastUpgradeCheck = 0500;
				TargetAttributes = {
					4FD48D9C154AC95D007880C2 = {
						DevelopmentTeam = BZUY5AR8YB;
					};
				};
			};
			buildConfigurationList = 4FD48D97154AC95D007880C2 /* Build configuration list for PBXProject "Lecture Capture" */;
			compatibilityVersion = "Xcode 3.2";
			developmentRegion = English;
			hasScannedForEncodings = 0;
			knownRegions = (
				en,
			);
			mainGroup = 4FD48D92154AC95D007880C2;
			productRefGroup = 4FD48D9E154AC95D007880C2 /* Products */;
			projectDirPath = "";
			projectRoot = "";
			targets = (
				4FD48D9C154AC95D007880C2 /* Lecture Capture */,
				4F0FED07169B6FA700C04ADC /* Lecture Capture Test */,
			);
		};
/* End PBXProject section */

/* Begin PBXResourcesBuildPhase section */
		4F0FED05169B6FA700C04ADC /* Resources */ = {
			isa = PBXResourcesBuildPhase;
			buildActionMask = 2147483647;
			files = (
				4F0FED12169B6FA700C04ADC /* InfoPlist.strings in Resources */,
			);
			runOnlyForDeploymentPostprocessing = 0;
		};
		4FD48D9B154AC95D007880C2 /* Resources */ = {
			isa = PBXResourcesBuildPhase;
			buildActionMask = 2147483647;
			files = (
				4F9D591418205AA8000A004F /* recordButton.png in Resources */,
				4F9D591218205AA8000A004F /* doneButton.png in Resources */,
				4F9D591F18205AA8000A004F /* recorder144.png in Resources */,
				4F9D596818205B91000A004F /* ILColorPickerDualExampleController.xib in Resources */,
				4F9D591518205AA8000A004F /* graphpaper.png in Resources */,
				4F98B32418368FA1006EBBC1 /* recorde76.png in Resources */,
				4F9D591918205AA8000A004F /* camera.png in Resources */,
				4F4545641635F23C0091F335 /* InfoPlist.strings in Resources */,
				4F9D592318205AA8000A004F /* recorder512.png in Resources */,
				4F9D592B18205AA8000A004F /* man_24.png in Resources */,
				4F4545671635F2580091F335 /* MainStoryboard.storyboard in Resources */,
				4F9D592518205AA8000A004F /* Default-Landscape~ipad.png in Resources */,
				4F9D591E18205AA8000A004F /* resizeBtn.png in Resources */,
				4F864BCA183BFC8900C888B8 /* addButton.png in Resources */,
				4F9D592818205AA8000A004F /* font_24.png in Resources */,
				4F9D591B18205AA8000A004F /* buttonBackBlack.png in Resources */,
				4F9D58EE18205A8C000A004F /* LectureCapturePDF.pdf in Resources */,
				4F9D591718205AA8000A004F /* illus.png in Resources */,
				4F9D591A18205AA8000A004F /* buttonBackRed.png in Resources */,
				4F9D592C18205AA8000A004F /* cancel_24.png in Resources */,
				4F9D592418205AA8000A004F /* buttonBack.png in Resources */,
				4F864BC7183BFA6200C888B8 /* controlsButtonRight.png in Resources */,
				4F9D591C18205AA8000A004F /* eraserSelected.png in Resources */,
				4F864BCB183BFC8900C888B8 /* removeButton.png in Resources */,
				4F9D592918205AA8000A004F /* video_24.png in Resources */,
				4F9D592618205AA8000A004F /* Default.psd in Resources */,
				4F9D590F18205AA8000A004F /* cloud_upload.png in Resources */,
				4F9D590E18205AA8000A004F /* cloud_download.png in Resources */,
				4F9D592218205AA8000A004F /* recorder72.png in Resources */,
				4F9D591118205AA8000A004F /* controlsButtonBack.png in Resources */,
				4F9D591318205AA8000A004F /* pauseButton.png in Resources */,
				4F9D592718205AA8000A004F /* video.png in Resources */,
				4F9D591618205AA8000A004F /* linepaper.png in Resources */,
				4F9D591018205AA8000A004F /* plus.png in Resources */,
				4F98B32518368FA1006EBBC1 /* recorder156.png in Resources */,
				4F9D591D18205AA8000A004F /* Eraser-icon.png in Resources */,
				4F9D592A18205AA8000A004F /* delete_24.png in Resources */,
				4F9D591818205AA8000A004F /* screen.png in Resources */,
			);
			runOnlyForDeploymentPostprocessing = 0;
		};
/* End PBXResourcesBuildPhase section */

/* Begin PBXShellScriptBuildPhase section */
		4F0FED06169B6FA700C04ADC /* ShellScript */ = {
			isa = PBXShellScriptBuildPhase;
			buildActionMask = 2147483647;
			files = (
			);
			inputPaths = (
			);
			outputPaths = (
			);
			runOnlyForDeploymentPostprocessing = 0;
			shellPath = /bin/sh;
			shellScript = "# Run the unit tests in this test bundle.\n\"${SYSTEM_DEVELOPER_DIR}/Tools/RunUnitTests\"\n";
		};
		7FAD85581CF94CA79A410EEB /* Copy Pods Resources */ = {
			isa = PBXShellScriptBuildPhase;
			buildActionMask = 2147483647;
			files = (
			);
			inputPaths = (
			);
			name = "Copy Pods Resources";
			outputPaths = (
			);
			runOnlyForDeploymentPostprocessing = 0;
			shellPath = /bin/sh;
			shellScript = "\"${SRCROOT}/Pods/Pods-resources.sh\"\n";
			showEnvVarsInLog = 0;
		};
		E427FA389BFF47EFB9096C97 /* Check Pods Manifest.lock */ = {
			isa = PBXShellScriptBuildPhase;
			buildActionMask = 2147483647;
			files = (
			);
			inputPaths = (
			);
			name = "Check Pods Manifest.lock";
			outputPaths = (
			);
			runOnlyForDeploymentPostprocessing = 0;
			shellPath = /bin/sh;
			shellScript = "diff \"${PODS_ROOT}/../Podfile.lock\" \"${PODS_ROOT}/Manifest.lock\" > /dev/null\nif [[ $? != 0 ]] ; then\n    cat << EOM\nerror: The sandbox is not in sync with the Podfile.lock. Run 'pod install' or update your CocoaPods installation.\nEOM\n    exit 1\nfi\n";
			showEnvVarsInLog = 0;
		};
/* End PBXShellScriptBuildPhase section */

/* Begin PBXSourcesBuildPhase section */
		4F0FED03169B6FA700C04ADC /* Sources */ = {
			isa = PBXSourcesBuildPhase;
			buildActionMask = 2147483647;
			files = (
				4F0FED15169B6FA700C04ADC /* Lecture_Capture_Test.m in Sources */,
				4F0FED1B169B6FBC00C04ADC /* RecorderViewController.m in Sources */,
				4F0FED1C169B6FC000C04ADC /* ScreenCaptureView.m in Sources */,
				4F0FED1D169B6FC300C04ADC /* ScreenView.m in Sources */,
				4F0FED1E169B6FC700C04ADC /* PaintView.m in Sources */,
				4F0FED2B169B70F300C04ADC /* AudioRecorder.m in Sources */,
				4F0FED2C169B70F500C04ADC /* ViewController.m in Sources */,
				4F0FED33169B711600C04ADC /* VideoPreview.m in Sources */,
				4F0FED35169B712100C04ADC /* LoginRegisterViewController.m in Sources */,
				4F0FED3E169B714900C04ADC /* AppDelegate.m in Sources */,
			);
			runOnlyForDeploymentPostprocessing = 0;
		};
		4FD48D99154AC95D007880C2 /* Sources */ = {
			isa = PBXSourcesBuildPhase;
			buildActionMask = 2147483647;
			files = (
				4F9D595618205B72000A004F /* AFURLConnectionOperation.m in Sources */,
				4F65E20118400B23004C5607 /* VideoFile.m in Sources */,
				4F9D595718205B72000A004F /* AFXMLRequestOperation.m in Sources */,
				4F9D595118205B72000A004F /* AFHTTPRequestOperation.m in Sources */,
				82EA442C185E8BC6007FBC6E /* DraggableCollectionViewFlowLayout.m in Sources */,
				4F9D593A18205AFB000A004F /* Video.m in Sources */,
				4F65E1DC18400A1B004C5607 /* Lecture.m in Sources */,
				4F9D595818205B72000A004F /* UIImageView+AFNetworking.m in Sources */,
				4FD48DAE154AC95D007880C2 /* main.m in Sources */,
				4F9D596918205B91000A004F /* ILColorPickerView.m in Sources */,
				4F65E1D9183FCB60004C5607 /* SlideAPI.m in Sources */,
				4F864C07183E62BB00C888B8 /* NonRotatingImagePicker.m in Sources */,
				4F9D597818205C17000A004F /* UIImage+Resize.m in Sources */,
				4F9D596A18205B91000A004F /* ILHuePickerView.m in Sources */,
				4F9D58ED18205A8C000A004F /* InfoViewController.m in Sources */,
				4F9D596718205B91000A004F /* ILColorPickerDualExampleController.m in Sources */,
				4F864BDB183C094500C888B8 /* Slide+Operations.m in Sources */,
				4F9D593918205AFB000A004F /* Utilities.m in Sources */,
				4F45454C1635F1040091F335 /* AppDelegate.m in Sources */,
				82EA442D185E8BC6007FBC6E /* UICollectionView+Draggable.m in Sources */,
				4F45454F1635F12B0091F335 /* ViewController.m in Sources */,
				4F9D597F18205C43000A004F /* CameraPicker.m in Sources */,
				4F9D597518205C17000A004F /* UIImageAddition.m in Sources */,
				4F9D595218205B72000A004F /* AFImageRequestOperation.m in Sources */,
				4F4545561635F14D0091F335 /* RecorderViewController.m in Sources */,
				4F9D597618205C17000A004F /* UIImage+Alpha.m in Sources */,
				4F65E1FB18400B22004C5607 /* AudioFile.m in Sources */,
				4F4545571635F14D0091F335 /* ScreenCaptureView.m in Sources */,
				4F65E1D6183FB58F004C5607 /* WebVideoView.m in Sources */,
				4F864BD8183C08CC00C888B8 /* Lecture+Operations.m in Sources */,
				4F4545581635F14D0091F335 /* ScreenView.m in Sources */,
				4F45455B1635F16D0091F335 /* PaintView.m in Sources */,
				4F45455E1635F1790091F335 /* AudioRecorder.m in Sources */,
				4F9D598018205C43000A004F /* AVCaptureHelper.m in Sources */,
				4F864BCE183BFFCA00C888B8 /* LectureAPI.m in Sources */,
				4F4545611635F1890091F335 /* LoginRegisterViewController.m in Sources */,
				82EE2721164360F7008F99AE /* VideoPreview.m in Sources */,
				4F9D598118205C43000A004F /* CaptureSessionManager.m in Sources */,
				4FD724FE174D6E870005D782 /* NetworkHelper.m in Sources */,
				4F9D596B18205B91000A004F /* ILSaturationBrightnessPickerView.m in Sources */,
				4F9D595418205B72000A004F /* AFNetworkActivityIndicatorManager.m in Sources */,
				82EA442B185E8BC6007FBC6E /* LSCollectionViewLayoutHelper.m in Sources */,
				8282D685176673BB00F82722 /* CustomTableButton.m in Sources */,
				4F9D596C18205B91000A004F /* UIColor+GetHSB.m in Sources */,
				82EA442A185E8BC6007FBC6E /* LSCollectionViewHelper.m in Sources */,
				4F9D596618205B91000A004F /* ILView.m in Sources */,
				4F864C00183D73C100C888B8 /* SlideCell.m in Sources */,
				4F864BE7183C1DFA00C888B8 /* ImagePhotoPicker.m in Sources */,
				4F65E1CD183E71AB004C5607 /* TJLFetchedResultsSource.m in Sources */,
				4F9D593B18205AFB000A004F /* Manager.m in Sources */,
				4F9D593C18205AFB000A004F /* NewModel.xcdatamodeld in Sources */,
				4F9D597718205C17000A004F /* UIImage+RoundedCorner.m in Sources */,
				4F9D595318205B72000A004F /* AFJSONRequestOperation.m in Sources */,
				4F9D593818205AFB000A004F /* IOHelper.m in Sources */,
				4F9D595518205B72000A004F /* AFPropertyListRequestOperation.m in Sources */,
				4F9D595018205B72000A004F /* AFHTTPClient.m in Sources */,
				82F215CA184D858100406EDC /* Slide.m in Sources */,
			);
			runOnlyForDeploymentPostprocessing = 0;
		};
/* End PBXSourcesBuildPhase section */

/* Begin PBXTargetDependency section */
		4F0FED4B169B72F600C04ADC /* PBXTargetDependency */ = {
			isa = PBXTargetDependency;
			target = 4FD48D9C154AC95D007880C2 /* Lecture Capture */;
			targetProxy = 4F0FED4A169B72F600C04ADC /* PBXContainerItemProxy */;
		};
/* End PBXTargetDependency section */

/* Begin PBXVariantGroup section */
		4F0FED10169B6FA700C04ADC /* InfoPlist.strings */ = {
			isa = PBXVariantGroup;
			children = (
				4F0FED11169B6FA700C04ADC /* en */,
			);
			name = InfoPlist.strings;
			sourceTree = "<group>";
		};
		4F4545621635F23C0091F335 /* InfoPlist.strings */ = {
			isa = PBXVariantGroup;
			children = (
				4F4545631635F23C0091F335 /* en */,
			);
			name = InfoPlist.strings;
			sourceTree = "<group>";
		};
		4F4545651635F2580091F335 /* MainStoryboard.storyboard */ = {
			isa = PBXVariantGroup;
			children = (
				4F4545661635F2580091F335 /* en */,
			);
			name = MainStoryboard.storyboard;
			sourceTree = "<group>";
		};
/* End PBXVariantGroup section */

/* Begin XCBuildConfiguration section */
		4F0FED17169B6FA700C04ADC /* Debug */ = {
			isa = XCBuildConfiguration;
			buildSettings = {
				BUNDLE_LOADER = "$(BUILT_PRODUCTS_DIR)/Lecture Capture.app/Lecture Capture";
				CLANG_CXX_LANGUAGE_STANDARD = "gnu++0x";
				CLANG_CXX_LIBRARY = "libc++";
				CLANG_WARN_EMPTY_BODY = YES;
				FRAMEWORK_SEARCH_PATHS = (
					"\"$(SDKROOT)/Developer/Library/Frameworks\"",
					"\"$(DEVELOPER_LIBRARY_DIR)/Frameworks\"",
				);
				GCC_PRECOMPILE_PREFIX_HEADER = YES;
				GCC_PREFIX_HEADER = "Lecture Capture Test/Lecture Capture Test-Prefix.pch";
				INFOPLIST_FILE = "Lecture Capture Test/Lecture Capture Test-Info.plist";
				PRODUCT_NAME = "$(TARGET_NAME)";
				TEST_HOST = "$(BUNDLE_LOADER)";
				WRAPPER_EXTENSION = octest;
			};
			name = Debug;
		};
		4F0FED18169B6FA700C04ADC /* Release */ = {
			isa = XCBuildConfiguration;
			buildSettings = {
				BUNDLE_LOADER = "$(BUILT_PRODUCTS_DIR)/Lecture Capture.app/Lecture Capture";
				CLANG_CXX_LANGUAGE_STANDARD = "gnu++0x";
				CLANG_CXX_LIBRARY = "libc++";
				CLANG_WARN_EMPTY_BODY = YES;
				FRAMEWORK_SEARCH_PATHS = (
					"\"$(SDKROOT)/Developer/Library/Frameworks\"",
					"\"$(DEVELOPER_LIBRARY_DIR)/Frameworks\"",
				);
				GCC_PRECOMPILE_PREFIX_HEADER = YES;
				GCC_PREFIX_HEADER = "Lecture Capture Test/Lecture Capture Test-Prefix.pch";
				INFOPLIST_FILE = "Lecture Capture Test/Lecture Capture Test-Info.plist";
				PRODUCT_NAME = "$(TARGET_NAME)";
				TEST_HOST = "$(BUNDLE_LOADER)";
				WRAPPER_EXTENSION = octest;
			};
			name = Release;
		};
		4FD48DB9154AC95D007880C2 /* Debug */ = {
			isa = XCBuildConfiguration;
			buildSettings = {
				ALWAYS_SEARCH_USER_PATHS = NO;
				CLANG_ENABLE_OBJC_ARC = YES;
				CLANG_WARN_BOOL_CONVERSION = YES;
				CLANG_WARN_CONSTANT_CONVERSION = YES;
				CLANG_WARN_DEPRECATED_OBJC_IMPLEMENTATIONS = YES;
				CLANG_WARN_EMPTY_BODY = YES;
				CLANG_WARN_ENUM_CONVERSION = YES;
				CLANG_WARN_INT_CONVERSION = YES;
				CLANG_WARN__DUPLICATE_METHOD_MATCH = YES;
				"CODE_SIGN_IDENTITY[sdk=iphoneos*]" = "iPhone Developer";
				COPY_PHASE_STRIP = NO;
				GCC_C_LANGUAGE_STANDARD = gnu99;
				GCC_DYNAMIC_NO_PIC = NO;
				GCC_OPTIMIZATION_LEVEL = 0;
				GCC_PREPROCESSOR_DEFINITIONS = (
					"DEBUG=1",
					"$(inherited)",
				);
				GCC_SYMBOLS_PRIVATE_EXTERN = NO;
				GCC_VERSION = com.apple.compilers.llvm.clang.1_0;
				GCC_WARN_64_TO_32_BIT_CONVERSION = YES;
				GCC_WARN_ABOUT_RETURN_TYPE = YES;
				GCC_WARN_UNDECLARED_SELECTOR = YES;
				GCC_WARN_UNINITIALIZED_AUTOS = YES;
				GCC_WARN_UNUSED_FUNCTION = YES;
				GCC_WARN_UNUSED_VARIABLE = YES;
				IPHONEOS_DEPLOYMENT_TARGET = 7.0;
				ONLY_ACTIVE_ARCH = YES;
				SDKROOT = iphoneos;
				TARGETED_DEVICE_FAMILY = 2;
			};
			name = Debug;
		};
		4FD48DBA154AC95D007880C2 /* Release */ = {
			isa = XCBuildConfiguration;
			buildSettings = {
				ALWAYS_SEARCH_USER_PATHS = NO;
				CLANG_ENABLE_OBJC_ARC = YES;
				CLANG_WARN_BOOL_CONVERSION = YES;
				CLANG_WARN_CONSTANT_CONVERSION = YES;
				CLANG_WARN_DEPRECATED_OBJC_IMPLEMENTATIONS = YES;
				CLANG_WARN_EMPTY_BODY = YES;
				CLANG_WARN_ENUM_CONVERSION = YES;
				CLANG_WARN_INT_CONVERSION = YES;
				CLANG_WARN__DUPLICATE_METHOD_MATCH = YES;
				CODE_SIGN_IDENTITY = "iPhone Distribution";
				"CODE_SIGN_IDENTITY[sdk=iphoneos*]" = "iPhone Distribution";
				COPY_PHASE_STRIP = YES;
				GCC_C_LANGUAGE_STANDARD = gnu99;
				GCC_VERSION = com.apple.compilers.llvm.clang.1_0;
				GCC_WARN_64_TO_32_BIT_CONVERSION = YES;
				GCC_WARN_ABOUT_RETURN_TYPE = YES;
				GCC_WARN_UNDECLARED_SELECTOR = YES;
				GCC_WARN_UNINITIALIZED_AUTOS = YES;
				GCC_WARN_UNUSED_FUNCTION = YES;
				GCC_WARN_UNUSED_VARIABLE = YES;
				IPHONEOS_DEPLOYMENT_TARGET = 7.0;
				OTHER_CFLAGS = "-DNS_BLOCK_ASSERTIONS=1";
				SDKROOT = iphoneos;
				TARGETED_DEVICE_FAMILY = 2;
				VALIDATE_PRODUCT = YES;
			};
			name = Release;
		};
		4FD48DBC154AC95D007880C2 /* Debug */ = {
			isa = XCBuildConfiguration;
			baseConfigurationReference = A562FF8AB3444BAAB852EED7 /* Pods.xcconfig */;
			buildSettings = {
				CODE_SIGN_IDENTITY = "iPhone Developer";
				"CODE_SIGN_IDENTITY[sdk=iphoneos*]" = "iPhone Developer";
				FRAMEWORK_SEARCH_PATHS = (
					"$(inherited)",
					"\"$(SRCROOT)\"",
				);
				GCC_PRECOMPILE_PREFIX_HEADER = YES;
				GCC_PREFIX_HEADER = "Recorder/Lecture Capture-Prefix.pch";
				GCC_SYMBOLS_PRIVATE_EXTERN = NO;
				INFOPLIST_FILE = "Recorder/Lecture Capture-Info.plist";
				IPHONEOS_DEPLOYMENT_TARGET = 7.0;
				PRODUCT_NAME = "Lecture Capture";
				PROVISIONING_PROFILE = "";
				WRAPPER_EXTENSION = app;
			};
			name = Debug;
		};
		4FD48DBD154AC95D007880C2 /* Release */ = {
			isa = XCBuildConfiguration;
			baseConfigurationReference = A562FF8AB3444BAAB852EED7 /* Pods.xcconfig */;
			buildSettings = {
				CODE_SIGN_IDENTITY = "iPhone Distribution";
				"CODE_SIGN_IDENTITY[sdk=iphoneos*]" = "iPhone Distribution";
				FRAMEWORK_SEARCH_PATHS = (
					"$(inherited)",
					"\"$(SRCROOT)\"",
				);
				GCC_PRECOMPILE_PREFIX_HEADER = YES;
				GCC_PREFIX_HEADER = "Recorder/Lecture Capture-Prefix.pch";
				GCC_SYMBOLS_PRIVATE_EXTERN = NO;
				INFOPLIST_FILE = "Recorder/Lecture Capture-Info.plist";
				IPHONEOS_DEPLOYMENT_TARGET = 7.0;
				PRODUCT_NAME = "Lecture Capture";
				PROVISIONING_PROFILE = "";
				"PROVISIONING_PROFILE[sdk=iphoneos*]" = "";
				WRAPPER_EXTENSION = app;
			};
			name = Release;
		};
/* End XCBuildConfiguration section */

/* Begin XCConfigurationList section */
		4F0FED19169B6FA700C04ADC /* Build configuration list for PBXNativeTarget "Lecture Capture Test" */ = {
			isa = XCConfigurationList;
			buildConfigurations = (
				4F0FED17169B6FA700C04ADC /* Debug */,
				4F0FED18169B6FA700C04ADC /* Release */,
			);
			defaultConfigurationIsVisible = 0;
			defaultConfigurationName = Release;
		};
		4FD48D97154AC95D007880C2 /* Build configuration list for PBXProject "Lecture Capture" */ = {
			isa = XCConfigurationList;
			buildConfigurations = (
				4FD48DB9154AC95D007880C2 /* Debug */,
				4FD48DBA154AC95D007880C2 /* Release */,
			);
			defaultConfigurationIsVisible = 0;
			defaultConfigurationName = Release;
		};
		4FD48DBB154AC95D007880C2 /* Build configuration list for PBXNativeTarget "Lecture Capture" */ = {
			isa = XCConfigurationList;
			buildConfigurations = (
				4FD48DBC154AC95D007880C2 /* Debug */,
				4FD48DBD154AC95D007880C2 /* Release */,
			);
			defaultConfigurationIsVisible = 0;
			defaultConfigurationName = Release;
		};
/* End XCConfigurationList section */

/* Begin XCVersionGroup section */
		4F9D593518205AFB000A004F /* NewModel.xcdatamodeld */ = {
			isa = XCVersionGroup;
			children = (
				4F9D593618205AFB000A004F /* Model.xcdatamodel */,
				4F9D593718205AFB000A004F /* NewModel.xcdatamodel */,
			);
			currentVersion = 4F9D593718205AFB000A004F /* NewModel.xcdatamodel */;
			name = NewModel.xcdatamodeld;
			path = Model_Utilities/NewModel.xcdatamodeld;
			sourceTree = "<group>";
			versionGroupType = wrapper.xcdatamodel;
		};
/* End XCVersionGroup section */
	};
	rootObject = 4FD48D94154AC95D007880C2 /* Project object */;
}
